// !$*UTF8*$!
{
	archiveVersion = 1;
	classes = {
	};
	objectVersion = 46;
	objects = {

/* Begin PBXBuildFile section */
		1DDD58160DA1D0A300B32029 /* MainMenu.xib in Resources */ = {isa = PBXBuildFile; fileRef = 1DDD58140DA1D0A300B32029 /* MainMenu.xib */; };
		256AC3DA0F4B6AC300CF3369 /* NativaAppDelegate.m in Sources */ = {isa = PBXBuildFile; fileRef = 256AC3D90F4B6AC300CF3369 /* NativaAppDelegate.m */; };
		8107590410FFDF30003FF9A6 /* Filterbar.m in Sources */ = {isa = PBXBuildFile; fileRef = 810758FE10FFDF30003FF9A6 /* Filterbar.m */; };
		8107590510FFDF30003FF9A6 /* FilterbarGroup.m in Sources */ = {isa = PBXBuildFile; fileRef = 8107590110FFDF30003FF9A6 /* FilterbarGroup.m */; };
		8107590610FFDF30003FF9A6 /* FilterbarGroupItem.m in Sources */ = {isa = PBXBuildFile; fileRef = 8107590310FFDF30003FF9A6 /* FilterbarGroupItem.m */; };
		8107590B10FFDF4F003FF9A6 /* FilterbarController.m in Sources */ = {isa = PBXBuildFile; fileRef = 8107590A10FFDF4F003FF9A6 /* FilterbarController.m */; };
		810AEEFD11132FE400933772 /* ToolbarRemoveTemplate.png in Resources */ = {isa = PBXBuildFile; fileRef = 810AEEFC11132FE400933772 /* ToolbarRemoveTemplate.png */; };
		810AEF331113353200933772 /* ButtonToolbarItem.m in Sources */ = {isa = PBXBuildFile; fileRef = 810AEF301113353200933772 /* ButtonToolbarItem.m */; };
		810AEF341113353200933772 /* ToolbarControllerAdditions.m in Sources */ = {isa = PBXBuildFile; fileRef = 810AEF321113353200933772 /* ToolbarControllerAdditions.m */; };
		810AEF37111335B000933772 /* ToolbarPauseSelectedTemplate.png in Resources */ = {isa = PBXBuildFile; fileRef = 810AEF35111335B000933772 /* ToolbarPauseSelectedTemplate.png */; };
		810AEF38111335B000933772 /* ToolbarResumeSelectedTemplate.png in Resources */ = {isa = PBXBuildFile; fileRef = 810AEF36111335B000933772 /* ToolbarResumeSelectedTemplate.png */; };
		810AEF3D1113360D00933772 /* GroupToolbarItem.m in Sources */ = {isa = PBXBuildFile; fileRef = 810AEF3C1113360D00933772 /* GroupToolbarItem.m */; };
		810AEF421113365600933772 /* ToolbarSegmentedCell.m in Sources */ = {isa = PBXBuildFile; fileRef = 810AEF411113365600933772 /* ToolbarSegmentedCell.m */; };
		810CD80D10FBCF0600963D10 /* TorrentDropView.m in Sources */ = {isa = PBXBuildFile; fileRef = 810CD80C10FBCF0600963D10 /* TorrentDropView.m */; };
		811B056810F6A030000D1DDC /* SCGI.m in Sources */ = {isa = PBXBuildFile; fileRef = 811B056710F6A030000D1DDC /* SCGI.m */; };
		811B05A210F6A1C7000D1DDC /* Torrent.m in Sources */ = {isa = PBXBuildFile; fileRef = 811B05A110F6A1C7000D1DDC /* Torrent.m */; };
		811EA5601111F5A6001D16D0 /* RTorrentController.m in Sources */ = {isa = PBXBuildFile; fileRef = 811EA55F1111F5A6001D16D0 /* RTorrentController.m */; };
		811EA5D31111FAD1001D16D0 /* TurtleTemplate.png in Resources */ = {isa = PBXBuildFile; fileRef = 811EA5D21111FAD1001D16D0 /* TurtleTemplate.png */; };
		811EA7EE11122806001D16D0 /* PreferenceController.m in Sources */ = {isa = PBXBuildFile; fileRef = 811EA7ED11122806001D16D0 /* PreferenceController.m */; };
		811EA7F0111229AB001D16D0 /* Preferences.xib in Resources */ = {isa = PBXBuildFile; fileRef = 811EA7EF111229AB001D16D0 /* Preferences.xib */; };
		811EA98E11124D93001D16D0 /* SetGlobalDownloadSpeed.m in Sources */ = {isa = PBXBuildFile; fileRef = 811EA98D11124D93001D16D0 /* SetGlobalDownloadSpeed.m */; };
		812A725010FD0A0300795D8B /* RTConnection.m in Sources */ = {isa = PBXBuildFile; fileRef = 812A724F10FD0A0300795D8B /* RTConnection.m */; };
		812A726D10FD0D3D00795D8B /* SCGIOperation.m in Sources */ = {isa = PBXBuildFile; fileRef = 812A726C10FD0D3D00795D8B /* SCGIOperation.m */; };
		812A731010FD1C0A00795D8B /* ListCommand.m in Sources */ = {isa = PBXBuildFile; fileRef = 812A730F10FD1C0A00795D8B /* ListCommand.m */; };
		814FF9761100AB7100335707 /* NSDataAdditions.m in Sources */ = {isa = PBXBuildFile; fileRef = 814FF9691100AB7100335707 /* NSDataAdditions.m */; };
		814FF9771100AB7100335707 /* NSStringAdditions.m in Sources */ = {isa = PBXBuildFile; fileRef = 814FF96B1100AB7100335707 /* NSStringAdditions.m */; };
		814FF9781100AB7100335707 /* XMLRPCEncoder.m in Sources */ = {isa = PBXBuildFile; fileRef = 814FF96D1100AB7100335707 /* XMLRPCEncoder.m */; };
		814FF97C1100AB7100335707 /* XMLRPCTreeBasedParser.m in Sources */ = {isa = PBXBuildFile; fileRef = 814FF9751100AB7100335707 /* XMLRPCTreeBasedParser.m */; };
		819D3BEA1110CD5200F7007C /* DownloadsController.m in Sources */ = {isa = PBXBuildFile; fileRef = 819D3BE91110CD5200F7007C /* DownloadsController.m */; };
		819D3E0C1110EE6E00F7007C /* Controller.m in Sources */ = {isa = PBXBuildFile; fileRef = 819D3E0B1110EE6E00F7007C /* Controller.m */; };
		81B737E411136F6900A11521 /* GetGlobalDownloadSpeed.m in Sources */ = {isa = PBXBuildFile; fileRef = 81B737E311136F6900A11521 /* GetGlobalDownloadSpeed.m */; };
		81DF15D4110FADA100AFCE02 /* TorrentViewController.m in Sources */ = {isa = PBXBuildFile; fileRef = 81DF15C8110FADA100AFCE02 /* TorrentViewController.m */; };
		81DF15D6110FADA100AFCE02 /* TorrentTableView.m in Sources */ = {isa = PBXBuildFile; fileRef = 81DF15CC110FADA100AFCE02 /* TorrentTableView.m */; };
		81DF15D7110FADA100AFCE02 /* TorrentCell.m in Sources */ = {isa = PBXBuildFile; fileRef = 81DF15CE110FADA100AFCE02 /* TorrentCell.m */; };
		81DF15D8110FADA100AFCE02 /* ProgressCell.m in Sources */ = {isa = PBXBuildFile; fileRef = 81DF15D0110FADA100AFCE02 /* ProgressCell.m */; };
		81DF15D9110FADA100AFCE02 /* ProgressGradients.m in Sources */ = {isa = PBXBuildFile; fileRef = 81DF15D2110FADA100AFCE02 /* ProgressGradients.m */; };
		81E6BCB710FE80420083856D /* StartCommand.m in Sources */ = {isa = PBXBuildFile; fileRef = 81E6BCB610FE80420083856D /* StartCommand.m */; };
		81E6BCED10FE84C90083856D /* StopCommand.m in Sources */ = {isa = PBXBuildFile; fileRef = 81E6BCEC10FE84C90083856D /* StopCommand.m */; };
		81E6BD3D10FE87FB0083856D /* AddCommand.m in Sources */ = {isa = PBXBuildFile; fileRef = 81E6BD3C10FE87FB0083856D /* AddCommand.m */; };
		81E6BE2F10FEB47B0083856D /* GlobalTorrentController.m in Sources */ = {isa = PBXBuildFile; fileRef = 81E6BE2E10FEB47B0083856D /* GlobalTorrentController.m */; };
		81E6BED410FF66730083856D /* EraseCommand.m in Sources */ = {isa = PBXBuildFile; fileRef = 81E6BED310FF66730083856D /* EraseCommand.m */; };
		8D11072B0486CEB800E47090 /* InfoPlist.strings in Resources */ = {isa = PBXBuildFile; fileRef = 089C165CFE840E0CC02AAC07 /* InfoPlist.strings */; };
		8D11072D0486CEB800E47090 /* main.m in Sources */ = {isa = PBXBuildFile; fileRef = 29B97316FDCFA39411CA2CEA /* main.m */; settings = {ATTRIBUTES = (); }; };
		8D11072F0486CEB800E47090 /* Cocoa.framework in Frameworks */ = {isa = PBXBuildFile; fileRef = 1058C7A1FEA54F0111CA2CBB /* Cocoa.framework */; };
/* End PBXBuildFile section */

/* Begin PBXFileReference section */
		089C165DFE840E0CC02AAC07 /* English */ = {isa = PBXFileReference; fileEncoding = 4; lastKnownFileType = text.plist.strings; name = English; path = English.lproj/InfoPlist.strings; sourceTree = "<group>"; };
		1058C7A1FEA54F0111CA2CBB /* Cocoa.framework */ = {isa = PBXFileReference; lastKnownFileType = wrapper.framework; name = Cocoa.framework; path = /System/Library/Frameworks/Cocoa.framework; sourceTree = "<absolute>"; };
		13E42FB307B3F0F600E4EEF1 /* CoreData.framework */ = {isa = PBXFileReference; lastKnownFileType = wrapper.framework; name = CoreData.framework; path = /System/Library/Frameworks/CoreData.framework; sourceTree = "<absolute>"; };
		1DDD58150DA1D0A300B32029 /* English */ = {isa = PBXFileReference; lastKnownFileType = file.xib; name = English; path = English.lproj/MainMenu.xib; sourceTree = "<group>"; };
		256AC3D80F4B6AC300CF3369 /* NativaAppDelegate.h */ = {isa = PBXFileReference; fileEncoding = 4; lastKnownFileType = sourcecode.c.h; path = NativaAppDelegate.h; sourceTree = "<group>"; };
		256AC3D90F4B6AC300CF3369 /* NativaAppDelegate.m */ = {isa = PBXFileReference; fileEncoding = 4; lastKnownFileType = sourcecode.c.objc; path = NativaAppDelegate.m; sourceTree = "<group>"; };
		256AC3F00F4B6AF500CF3369 /* Nativa_Prefix.pch */ = {isa = PBXFileReference; fileEncoding = 4; lastKnownFileType = sourcecode.c.h; path = Nativa_Prefix.pch; sourceTree = "<group>"; };
		29B97316FDCFA39411CA2CEA /* main.m */ = {isa = PBXFileReference; fileEncoding = 4; lastKnownFileType = sourcecode.c.objc; path = main.m; sourceTree = "<group>"; };
		29B97324FDCFA39411CA2CEA /* AppKit.framework */ = {isa = PBXFileReference; lastKnownFileType = wrapper.framework; name = AppKit.framework; path = /System/Library/Frameworks/AppKit.framework; sourceTree = "<absolute>"; };
		29B97325FDCFA39411CA2CEA /* Foundation.framework */ = {isa = PBXFileReference; lastKnownFileType = wrapper.framework; name = Foundation.framework; path = /System/Library/Frameworks/Foundation.framework; sourceTree = "<absolute>"; };
		810758FD10FFDF30003FF9A6 /* Filterbar.h */ = {isa = PBXFileReference; fileEncoding = 4; lastKnownFileType = sourcecode.c.h; path = Filterbar.h; sourceTree = "<group>"; };
		810758FE10FFDF30003FF9A6 /* Filterbar.m */ = {isa = PBXFileReference; fileEncoding = 4; lastKnownFileType = sourcecode.c.objc; path = Filterbar.m; sourceTree = "<group>"; };
		810758FF10FFDF30003FF9A6 /* FilterbarDelegate.h */ = {isa = PBXFileReference; fileEncoding = 4; lastKnownFileType = sourcecode.c.h; path = FilterbarDelegate.h; sourceTree = "<group>"; };
		8107590010FFDF30003FF9A6 /* FilterbarGroup.h */ = {isa = PBXFileReference; fileEncoding = 4; lastKnownFileType = sourcecode.c.h; path = FilterbarGroup.h; sourceTree = "<group>"; };
		8107590110FFDF30003FF9A6 /* FilterbarGroup.m */ = {isa = PBXFileReference; fileEncoding = 4; lastKnownFileType = sourcecode.c.objc; path = FilterbarGroup.m; sourceTree = "<group>"; };
		8107590210FFDF30003FF9A6 /* FilterbarGroupItem.h */ = {isa = PBXFileReference; fileEncoding = 4; lastKnownFileType = sourcecode.c.h; path = FilterbarGroupItem.h; sourceTree = "<group>"; };
		8107590310FFDF30003FF9A6 /* FilterbarGroupItem.m */ = {isa = PBXFileReference; fileEncoding = 4; lastKnownFileType = sourcecode.c.objc; path = FilterbarGroupItem.m; sourceTree = "<group>"; };
		8107590910FFDF4F003FF9A6 /* FilterbarController.h */ = {isa = PBXFileReference; fileEncoding = 4; lastKnownFileType = sourcecode.c.h; path = FilterbarController.h; sourceTree = "<group>"; };
		8107590A10FFDF4F003FF9A6 /* FilterbarController.m */ = {isa = PBXFileReference; fileEncoding = 4; lastKnownFileType = sourcecode.c.objc; path = FilterbarController.m; sourceTree = "<group>"; };
		810AEEFC11132FE400933772 /* ToolbarRemoveTemplate.png */ = {isa = PBXFileReference; lastKnownFileType = image.png; path = ToolbarRemoveTemplate.png; sourceTree = "<group>"; };
		810AEF2F1113353200933772 /* ButtonToolbarItem.h */ = {isa = PBXFileReference; fileEncoding = 4; lastKnownFileType = sourcecode.c.h; path = ButtonToolbarItem.h; sourceTree = "<group>"; };
		810AEF301113353200933772 /* ButtonToolbarItem.m */ = {isa = PBXFileReference; fileEncoding = 4; lastKnownFileType = sourcecode.c.objc; path = ButtonToolbarItem.m; sourceTree = "<group>"; };
		810AEF311113353200933772 /* ToolbarControllerAdditions.h */ = {isa = PBXFileReference; fileEncoding = 4; lastKnownFileType = sourcecode.c.h; path = ToolbarControllerAdditions.h; sourceTree = "<group>"; };
		810AEF321113353200933772 /* ToolbarControllerAdditions.m */ = {isa = PBXFileReference; fileEncoding = 4; lastKnownFileType = sourcecode.c.objc; path = ToolbarControllerAdditions.m; sourceTree = "<group>"; };
		810AEF35111335B000933772 /* ToolbarPauseSelectedTemplate.png */ = {isa = PBXFileReference; lastKnownFileType = image.png; path = ToolbarPauseSelectedTemplate.png; sourceTree = "<group>"; };
		810AEF36111335B000933772 /* ToolbarResumeSelectedTemplate.png */ = {isa = PBXFileReference; lastKnownFileType = image.png; path = ToolbarResumeSelectedTemplate.png; sourceTree = "<group>"; };
		810AEF3B1113360D00933772 /* GroupToolbarItem.h */ = {isa = PBXFileReference; fileEncoding = 4; lastKnownFileType = sourcecode.c.h; path = GroupToolbarItem.h; sourceTree = "<group>"; };
		810AEF3C1113360D00933772 /* GroupToolbarItem.m */ = {isa = PBXFileReference; fileEncoding = 4; lastKnownFileType = sourcecode.c.objc; path = GroupToolbarItem.m; sourceTree = "<group>"; };
		810AEF401113365600933772 /* ToolbarSegmentedCell.h */ = {isa = PBXFileReference; fileEncoding = 4; lastKnownFileType = sourcecode.c.h; path = ToolbarSegmentedCell.h; sourceTree = "<group>"; };
		810AEF411113365600933772 /* ToolbarSegmentedCell.m */ = {isa = PBXFileReference; fileEncoding = 4; lastKnownFileType = sourcecode.c.objc; path = ToolbarSegmentedCell.m; sourceTree = "<group>"; };
		810CD80B10FBCF0600963D10 /* TorrentDropView.h */ = {isa = PBXFileReference; fileEncoding = 4; lastKnownFileType = sourcecode.c.h; path = TorrentDropView.h; sourceTree = "<group>"; };
		810CD80C10FBCF0600963D10 /* TorrentDropView.m */ = {isa = PBXFileReference; fileEncoding = 4; lastKnownFileType = sourcecode.c.objc; path = TorrentDropView.m; sourceTree = "<group>"; };
		811B056610F6A030000D1DDC /* SCGI.h */ = {isa = PBXFileReference; fileEncoding = 4; lastKnownFileType = sourcecode.c.h; path = SCGI.h; sourceTree = "<group>"; };
		811B056710F6A030000D1DDC /* SCGI.m */ = {isa = PBXFileReference; fileEncoding = 4; lastKnownFileType = sourcecode.c.objc; path = SCGI.m; sourceTree = "<group>"; };
		811B05A010F6A1C7000D1DDC /* Torrent.h */ = {isa = PBXFileReference; fileEncoding = 4; lastKnownFileType = sourcecode.c.h; path = Torrent.h; sourceTree = "<group>"; };
		811B05A110F6A1C7000D1DDC /* Torrent.m */ = {isa = PBXFileReference; fileEncoding = 4; lastKnownFileType = sourcecode.c.objc; path = Torrent.m; sourceTree = "<group>"; };
		811EA55E1111F5A6001D16D0 /* RTorrentController.h */ = {isa = PBXFileReference; fileEncoding = 4; lastKnownFileType = sourcecode.c.h; path = RTorrentController.h; sourceTree = "<group>"; };
		811EA55F1111F5A6001D16D0 /* RTorrentController.m */ = {isa = PBXFileReference; fileEncoding = 4; lastKnownFileType = sourcecode.c.objc; path = RTorrentController.m; sourceTree = "<group>"; };
		811EA5D21111FAD1001D16D0 /* TurtleTemplate.png */ = {isa = PBXFileReference; lastKnownFileType = image.png; path = TurtleTemplate.png; sourceTree = "<group>"; };
		811EA7EC11122806001D16D0 /* PreferenceController.h */ = {isa = PBXFileReference; fileEncoding = 4; lastKnownFileType = sourcecode.c.h; path = PreferenceController.h; sourceTree = "<group>"; };
		811EA7ED11122806001D16D0 /* PreferenceController.m */ = {isa = PBXFileReference; fileEncoding = 4; lastKnownFileType = sourcecode.c.objc; path = PreferenceController.m; sourceTree = "<group>"; };
		811EA7EF111229AB001D16D0 /* Preferences.xib */ = {isa = PBXFileReference; lastKnownFileType = file.xib; path = Preferences.xib; sourceTree = "<group>"; };
		811EA98C11124D93001D16D0 /* SetGlobalDownloadSpeed.h */ = {isa = PBXFileReference; fileEncoding = 4; lastKnownFileType = sourcecode.c.h; path = SetGlobalDownloadSpeed.h; sourceTree = "<group>"; };
		811EA98D11124D93001D16D0 /* SetGlobalDownloadSpeed.m */ = {isa = PBXFileReference; fileEncoding = 4; lastKnownFileType = sourcecode.c.objc; path = SetGlobalDownloadSpeed.m; sourceTree = "<group>"; };
		812A710710FCFB1600795D8B /* TorrentDelegate.h */ = {isa = PBXFileReference; fileEncoding = 4; lastKnownFileType = sourcecode.c.h; path = TorrentDelegate.h; sourceTree = "<group>"; };
		812A724E10FD0A0300795D8B /* RTConnection.h */ = {isa = PBXFileReference; fileEncoding = 4; lastKnownFileType = sourcecode.c.h; path = RTConnection.h; sourceTree = "<group>"; };
		812A724F10FD0A0300795D8B /* RTConnection.m */ = {isa = PBXFileReference; fileEncoding = 4; lastKnownFileType = sourcecode.c.objc; path = RTConnection.m; sourceTree = "<group>"; };
		812A726B10FD0D3D00795D8B /* SCGIOperation.h */ = {isa = PBXFileReference; fileEncoding = 4; lastKnownFileType = sourcecode.c.h; path = SCGIOperation.h; sourceTree = "<group>"; };
		812A726C10FD0D3D00795D8B /* SCGIOperation.m */ = {isa = PBXFileReference; fileEncoding = 4; lastKnownFileType = sourcecode.c.objc; path = SCGIOperation.m; sourceTree = "<group>"; };
		812A730E10FD1C0A00795D8B /* ListCommand.h */ = {isa = PBXFileReference; fileEncoding = 4; lastKnownFileType = sourcecode.c.h; path = ListCommand.h; sourceTree = "<group>"; };
		812A730F10FD1C0A00795D8B /* ListCommand.m */ = {isa = PBXFileReference; fileEncoding = 4; lastKnownFileType = sourcecode.c.objc; path = ListCommand.m; sourceTree = "<group>"; };
		812A731B10FD1CC500795D8B /* RTorrentCommand.h */ = {isa = PBXFileReference; fileEncoding = 4; lastKnownFileType = sourcecode.c.h; path = RTorrentCommand.h; sourceTree = "<group>"; };
		814FF9681100AB7100335707 /* NSDataAdditions.h */ = {isa = PBXFileReference; fileEncoding = 4; lastKnownFileType = sourcecode.c.h; path = NSDataAdditions.h; sourceTree = "<group>"; };
		814FF9691100AB7100335707 /* NSDataAdditions.m */ = {isa = PBXFileReference; fileEncoding = 4; lastKnownFileType = sourcecode.c.objc; path = NSDataAdditions.m; sourceTree = "<group>"; };
		814FF96A1100AB7100335707 /* NSStringAdditions.h */ = {isa = PBXFileReference; fileEncoding = 4; lastKnownFileType = sourcecode.c.h; path = NSStringAdditions.h; sourceTree = "<group>"; };
		814FF96B1100AB7100335707 /* NSStringAdditions.m */ = {isa = PBXFileReference; fileEncoding = 4; lastKnownFileType = sourcecode.c.objc; path = NSStringAdditions.m; sourceTree = "<group>"; };
		814FF96C1100AB7100335707 /* XMLRPCEncoder.h */ = {isa = PBXFileReference; fileEncoding = 4; lastKnownFileType = sourcecode.c.h; path = XMLRPCEncoder.h; sourceTree = "<group>"; };
		814FF96D1100AB7100335707 /* XMLRPCEncoder.m */ = {isa = PBXFileReference; fileEncoding = 4; lastKnownFileType = sourcecode.c.objc; path = XMLRPCEncoder.m; sourceTree = "<group>"; };
		814FF9741100AB7100335707 /* XMLRPCTreeBasedParser.h */ = {isa = PBXFileReference; fileEncoding = 4; lastKnownFileType = sourcecode.c.h; path = XMLRPCTreeBasedParser.h; sourceTree = "<group>"; };
		814FF9751100AB7100335707 /* XMLRPCTreeBasedParser.m */ = {isa = PBXFileReference; fileEncoding = 4; lastKnownFileType = sourcecode.c.objc; path = XMLRPCTreeBasedParser.m; sourceTree = "<group>"; };
		819D3BE81110CD5200F7007C /* DownloadsController.h */ = {isa = PBXFileReference; fileEncoding = 4; lastKnownFileType = sourcecode.c.h; path = DownloadsController.h; sourceTree = "<group>"; };
		819D3BE91110CD5200F7007C /* DownloadsController.m */ = {isa = PBXFileReference; fileEncoding = 4; lastKnownFileType = sourcecode.c.objc; path = DownloadsController.m; sourceTree = "<group>"; };
		819D3E0A1110EE6E00F7007C /* Controller.h */ = {isa = PBXFileReference; fileEncoding = 4; lastKnownFileType = sourcecode.c.h; path = Controller.h; sourceTree = "<group>"; };
		819D3E0B1110EE6E00F7007C /* Controller.m */ = {isa = PBXFileReference; fileEncoding = 4; lastKnownFileType = sourcecode.c.objc; path = Controller.m; sourceTree = "<group>"; };
		81B737E211136F6900A11521 /* GetGlobalDownloadSpeed.h */ = {isa = PBXFileReference; fileEncoding = 4; lastKnownFileType = sourcecode.c.h; path = GetGlobalDownloadSpeed.h; sourceTree = "<group>"; };
		81B737E311136F6900A11521 /* GetGlobalDownloadSpeed.m */ = {isa = PBXFileReference; fileEncoding = 4; lastKnownFileType = sourcecode.c.objc; path = GetGlobalDownloadSpeed.m; sourceTree = "<group>"; };
		81D1B9051106834700C8A69A /* SynthesizeSingleton.h */ = {isa = PBXFileReference; fileEncoding = 4; lastKnownFileType = sourcecode.c.h; path = SynthesizeSingleton.h; sourceTree = "<group>"; };
		81DF15C7110FADA100AFCE02 /* TorrentViewController.h */ = {isa = PBXFileReference; fileEncoding = 4; lastKnownFileType = sourcecode.c.h; path = TorrentViewController.h; sourceTree = "<group>"; };
		81DF15C8110FADA100AFCE02 /* TorrentViewController.m */ = {isa = PBXFileReference; fileEncoding = 4; lastKnownFileType = sourcecode.c.objc; path = TorrentViewController.m; sourceTree = "<group>"; };
		81DF15CB110FADA100AFCE02 /* TorrentTableView.h */ = {isa = PBXFileReference; fileEncoding = 4; lastKnownFileType = sourcecode.c.h; path = TorrentTableView.h; sourceTree = "<group>"; };
		81DF15CC110FADA100AFCE02 /* TorrentTableView.m */ = {isa = PBXFileReference; fileEncoding = 4; lastKnownFileType = sourcecode.c.objc; path = TorrentTableView.m; sourceTree = "<group>"; };
		81DF15CD110FADA100AFCE02 /* TorrentCell.h */ = {isa = PBXFileReference; fileEncoding = 4; lastKnownFileType = sourcecode.c.h; path = TorrentCell.h; sourceTree = "<group>"; };
		81DF15CE110FADA100AFCE02 /* TorrentCell.m */ = {isa = PBXFileReference; fileEncoding = 4; lastKnownFileType = sourcecode.c.objc; path = TorrentCell.m; sourceTree = "<group>"; };
		81DF15CF110FADA100AFCE02 /* ProgressCell.h */ = {isa = PBXFileReference; fileEncoding = 4; lastKnownFileType = sourcecode.c.h; path = ProgressCell.h; sourceTree = "<group>"; };
		81DF15D0110FADA100AFCE02 /* ProgressCell.m */ = {isa = PBXFileReference; fileEncoding = 4; lastKnownFileType = sourcecode.c.objc; path = ProgressCell.m; sourceTree = "<group>"; };
		81DF15D1110FADA100AFCE02 /* ProgressGradients.h */ = {isa = PBXFileReference; fileEncoding = 4; lastKnownFileType = sourcecode.c.h; path = ProgressGradients.h; sourceTree = "<group>"; };
		81DF15D2110FADA100AFCE02 /* ProgressGradients.m */ = {isa = PBXFileReference; fileEncoding = 4; lastKnownFileType = sourcecode.c.objc; path = ProgressGradients.m; sourceTree = "<group>"; };
		81E6BCB510FE80420083856D /* StartCommand.h */ = {isa = PBXFileReference; fileEncoding = 4; lastKnownFileType = sourcecode.c.h; path = StartCommand.h; sourceTree = "<group>"; };
		81E6BCB610FE80420083856D /* StartCommand.m */ = {isa = PBXFileReference; fileEncoding = 4; lastKnownFileType = sourcecode.c.objc; path = StartCommand.m; sourceTree = "<group>"; };
		81E6BCEB10FE84C90083856D /* StopCommand.h */ = {isa = PBXFileReference; fileEncoding = 4; lastKnownFileType = sourcecode.c.h; path = StopCommand.h; sourceTree = "<group>"; };
		81E6BCEC10FE84C90083856D /* StopCommand.m */ = {isa = PBXFileReference; fileEncoding = 4; lastKnownFileType = sourcecode.c.objc; path = StopCommand.m; sourceTree = "<group>"; };
		81E6BD3B10FE87FB0083856D /* AddCommand.h */ = {isa = PBXFileReference; fileEncoding = 4; lastKnownFileType = sourcecode.c.h; path = AddCommand.h; sourceTree = "<group>"; };
		81E6BD3C10FE87FB0083856D /* AddCommand.m */ = {isa = PBXFileReference; fileEncoding = 4; lastKnownFileType = sourcecode.c.objc; path = AddCommand.m; sourceTree = "<group>"; };
		81E6BE2D10FEB47B0083856D /* GlobalTorrentController.h */ = {isa = PBXFileReference; fileEncoding = 4; lastKnownFileType = sourcecode.c.h; path = GlobalTorrentController.h; sourceTree = "<group>"; };
		81E6BE2E10FEB47B0083856D /* GlobalTorrentController.m */ = {isa = PBXFileReference; fileEncoding = 4; lastKnownFileType = sourcecode.c.objc; path = GlobalTorrentController.m; sourceTree = "<group>"; };
		81E6BED210FF66730083856D /* EraseCommand.h */ = {isa = PBXFileReference; fileEncoding = 4; lastKnownFileType = sourcecode.c.h; path = EraseCommand.h; sourceTree = "<group>"; };
		81E6BED310FF66730083856D /* EraseCommand.m */ = {isa = PBXFileReference; fileEncoding = 4; lastKnownFileType = sourcecode.c.objc; path = EraseCommand.m; sourceTree = "<group>"; };
		8D1107310486CEB800E47090 /* Nativa-Info.plist */ = {isa = PBXFileReference; fileEncoding = 4; lastKnownFileType = text.plist.xml; path = "Nativa-Info.plist"; sourceTree = "<group>"; };
		8D1107320486CEB800E47090 /* Nativa.app */ = {isa = PBXFileReference; explicitFileType = wrapper.application; includeInIndex = 0; path = Nativa.app; sourceTree = BUILT_PRODUCTS_DIR; };
/* End PBXFileReference section */

/* Begin PBXFrameworksBuildPhase section */
		8D11072E0486CEB800E47090 /* Frameworks */ = {
			isa = PBXFrameworksBuildPhase;
			buildActionMask = 2147483647;
			files = (
				8D11072F0486CEB800E47090 /* Cocoa.framework in Frameworks */,
			);
			runOnlyForDeploymentPostprocessing = 0;
		};
/* End PBXFrameworksBuildPhase section */

/* Begin PBXGroup section */
		080E96DDFE201D6D7F000001 /* Classes */ = {
			isa = PBXGroup;
			children = (
				811B059D10F6A1B3000D1DDC /* Torrent */,
				811B056910F6A055000D1DDC /* UI */,
				811B055A10F6A019000D1DDC /* Network */,
				256AC3D80F4B6AC300CF3369 /* NativaAppDelegate.h */,
				256AC3D90F4B6AC300CF3369 /* NativaAppDelegate.m */,
				819D3BE81110CD5200F7007C /* DownloadsController.h */,
				819D3BE91110CD5200F7007C /* DownloadsController.m */,
				819D3E0A1110EE6E00F7007C /* Controller.h */,
				819D3E0B1110EE6E00F7007C /* Controller.m */,
			);
			name = Classes;
			sourceTree = "<group>";
		};
		1058C7A0FEA54F0111CA2CBB /* Linked Frameworks */ = {
			isa = PBXGroup;
			children = (
				1058C7A1FEA54F0111CA2CBB /* Cocoa.framework */,
			);
			name = "Linked Frameworks";
			sourceTree = "<group>";
		};
		1058C7A2FEA54F0111CA2CBB /* Other Frameworks */ = {
			isa = PBXGroup;
			children = (
				29B97324FDCFA39411CA2CEA /* AppKit.framework */,
				13E42FB307B3F0F600E4EEF1 /* CoreData.framework */,
				29B97325FDCFA39411CA2CEA /* Foundation.framework */,
			);
			name = "Other Frameworks";
			sourceTree = "<group>";
		};
		19C28FACFE9D520D11CA2CBB /* Products */ = {
			isa = PBXGroup;
			children = (
				8D1107320486CEB800E47090 /* Nativa.app */,
			);
			name = Products;
			sourceTree = "<group>";
		};
		29B97314FDCFA39411CA2CEA /* Nativa */ = {
			isa = PBXGroup;
			children = (
				080E96DDFE201D6D7F000001 /* Classes */,
				29B97315FDCFA39411CA2CEA /* Other Sources */,
				29B97317FDCFA39411CA2CEA /* Resources */,
				29B97323FDCFA39411CA2CEA /* Frameworks */,
				19C28FACFE9D520D11CA2CBB /* Products */,
			);
			name = Nativa;
			sourceTree = "<group>";
		};
		29B97315FDCFA39411CA2CEA /* Other Sources */ = {
			isa = PBXGroup;
			children = (
				256AC3F00F4B6AF500CF3369 /* Nativa_Prefix.pch */,
				29B97316FDCFA39411CA2CEA /* main.m */,
			);
			name = "Other Sources";
			sourceTree = "<group>";
		};
		29B97317FDCFA39411CA2CEA /* Resources */ = {
			isa = PBXGroup;
			children = (
				811EA5D11111FAD1001D16D0 /* images */,
				8D1107310486CEB800E47090 /* Nativa-Info.plist */,
				089C165CFE840E0CC02AAC07 /* InfoPlist.strings */,
				1DDD58140DA1D0A300B32029 /* MainMenu.xib */,
				811EA7EF111229AB001D16D0 /* Preferences.xib */,
			);
			name = Resources;
			sourceTree = "<group>";
		};
		29B97323FDCFA39411CA2CEA /* Frameworks */ = {
			isa = PBXGroup;
			children = (
				1058C7A0FEA54F0111CA2CBB /* Linked Frameworks */,
				1058C7A2FEA54F0111CA2CBB /* Other Frameworks */,
			);
			name = Frameworks;
			sourceTree = "<group>";
		};
		810758FC10FFDF30003FF9A6 /* Filterbar */ = {
			isa = PBXGroup;
			children = (
				810758FD10FFDF30003FF9A6 /* Filterbar.h */,
				810758FE10FFDF30003FF9A6 /* Filterbar.m */,
				810758FF10FFDF30003FF9A6 /* FilterbarDelegate.h */,
				8107590010FFDF30003FF9A6 /* FilterbarGroup.h */,
				8107590110FFDF30003FF9A6 /* FilterbarGroup.m */,
				8107590210FFDF30003FF9A6 /* FilterbarGroupItem.h */,
				8107590310FFDF30003FF9A6 /* FilterbarGroupItem.m */,
			);
			path = Filterbar;
			sourceTree = "<group>";
		};
		810AEF2E1113353200933772 /* Toolbar */ = {
			isa = PBXGroup;
			children = (
				810AEF401113365600933772 /* ToolbarSegmentedCell.h */,
				810AEF411113365600933772 /* ToolbarSegmentedCell.m */,
				810AEF3B1113360D00933772 /* GroupToolbarItem.h */,
				810AEF3C1113360D00933772 /* GroupToolbarItem.m */,
				810AEF2F1113353200933772 /* ButtonToolbarItem.h */,
				810AEF301113353200933772 /* ButtonToolbarItem.m */,
				810AEF311113353200933772 /* ToolbarControllerAdditions.h */,
				810AEF321113353200933772 /* ToolbarControllerAdditions.m */,
			);
			path = Toolbar;
			sourceTree = "<group>";
		};
		811B055A10F6A019000D1DDC /* Network */ = {
			isa = PBXGroup;
			children = (
				814FF9671100AB7100335707 /* XMLRPC */,
				811B056610F6A030000D1DDC /* SCGI.h */,
				811B056710F6A030000D1DDC /* SCGI.m */,
			);
			name = Network;
			sourceTree = "<group>";
		};
		811B056910F6A055000D1DDC /* UI */ = {
			isa = PBXGroup;
			children = (
				810AEF2E1113353200933772 /* Toolbar */,
				81DF15C4110FADA100AFCE02 /* TableView */,
				8107590910FFDF4F003FF9A6 /* FilterbarController.h */,
				8107590A10FFDF4F003FF9A6 /* FilterbarController.m */,
				810758FC10FFDF30003FF9A6 /* Filterbar */,
				810CD80B10FBCF0600963D10 /* TorrentDropView.h */,
				810CD80C10FBCF0600963D10 /* TorrentDropView.m */,
				811EA7EC11122806001D16D0 /* PreferenceController.h */,
				811EA7ED11122806001D16D0 /* PreferenceController.m */,
			);
			name = UI;
			sourceTree = "<group>";
		};
		811B059D10F6A1B3000D1DDC /* Torrent */ = {
			isa = PBXGroup;
			children = (
				811EA55E1111F5A6001D16D0 /* RTorrentController.h */,
				811EA55F1111F5A6001D16D0 /* RTorrentController.m */,
				81D1B9051106834700C8A69A /* SynthesizeSingleton.h */,
				812A724410FD099800795D8B /* RTorrent */,
				811B05A010F6A1C7000D1DDC /* Torrent.h */,
				811B05A110F6A1C7000D1DDC /* Torrent.m */,
				812A710710FCFB1600795D8B /* TorrentDelegate.h */,
				81E6BE2D10FEB47B0083856D /* GlobalTorrentController.h */,
				81E6BE2E10FEB47B0083856D /* GlobalTorrentController.m */,
			);
			name = Torrent;
			sourceTree = "<group>";
		};
		811EA5D11111FAD1001D16D0 /* images */ = {
			isa = PBXGroup;
			children = (
				810AEF35111335B000933772 /* ToolbarPauseSelectedTemplate.png */,
				810AEF36111335B000933772 /* ToolbarResumeSelectedTemplate.png */,
				810AEEFC11132FE400933772 /* ToolbarRemoveTemplate.png */,
				811EA5D21111FAD1001D16D0 /* TurtleTemplate.png */,
			);
			path = images;
			sourceTree = "<group>";
		};
		812A724410FD099800795D8B /* RTorrent */ = {
			isa = PBXGroup;
			children = (
				81E6BCEB10FE84C90083856D /* StopCommand.h */,
				81E6BCEC10FE84C90083856D /* StopCommand.m */,
				812A724E10FD0A0300795D8B /* RTConnection.h */,
				812A724F10FD0A0300795D8B /* RTConnection.m */,
				812A726B10FD0D3D00795D8B /* SCGIOperation.h */,
				812A726C10FD0D3D00795D8B /* SCGIOperation.m */,
				812A730E10FD1C0A00795D8B /* ListCommand.h */,
				812A730F10FD1C0A00795D8B /* ListCommand.m */,
				812A731B10FD1CC500795D8B /* RTorrentCommand.h */,
				81E6BCB510FE80420083856D /* StartCommand.h */,
				81E6BCB610FE80420083856D /* StartCommand.m */,
				81E6BD3B10FE87FB0083856D /* AddCommand.h */,
				81E6BD3C10FE87FB0083856D /* AddCommand.m */,
				81E6BED210FF66730083856D /* EraseCommand.h */,
				81E6BED310FF66730083856D /* EraseCommand.m */,
				811EA98C11124D93001D16D0 /* SetGlobalDownloadSpeed.h */,
				811EA98D11124D93001D16D0 /* SetGlobalDownloadSpeed.m */,
				81B737E211136F6900A11521 /* GetGlobalDownloadSpeed.h */,
				81B737E311136F6900A11521 /* GetGlobalDownloadSpeed.m */,
			);
			name = RTorrent;
			sourceTree = "<group>";
		};
		814FF9671100AB7100335707 /* XMLRPC */ = {
			isa = PBXGroup;
			children = (
				814FF9681100AB7100335707 /* NSDataAdditions.h */,
				814FF9691100AB7100335707 /* NSDataAdditions.m */,
				814FF96A1100AB7100335707 /* NSStringAdditions.h */,
				814FF96B1100AB7100335707 /* NSStringAdditions.m */,
				814FF96C1100AB7100335707 /* XMLRPCEncoder.h */,
				814FF96D1100AB7100335707 /* XMLRPCEncoder.m */,
				814FF9741100AB7100335707 /* XMLRPCTreeBasedParser.h */,
				814FF9751100AB7100335707 /* XMLRPCTreeBasedParser.m */,
			);
			path = XMLRPC;
			sourceTree = "<group>";
		};
		81DF15C4110FADA100AFCE02 /* TableView */ = {
			isa = PBXGroup;
			children = (
				81DF15C7110FADA100AFCE02 /* TorrentViewController.h */,
				81DF15C8110FADA100AFCE02 /* TorrentViewController.m */,
				81DF15CB110FADA100AFCE02 /* TorrentTableView.h */,
				81DF15CC110FADA100AFCE02 /* TorrentTableView.m */,
				81DF15CD110FADA100AFCE02 /* TorrentCell.h */,
				81DF15CE110FADA100AFCE02 /* TorrentCell.m */,
				81DF15CF110FADA100AFCE02 /* ProgressCell.h */,
				81DF15D0110FADA100AFCE02 /* ProgressCell.m */,
				81DF15D1110FADA100AFCE02 /* ProgressGradients.h */,
				81DF15D2110FADA100AFCE02 /* ProgressGradients.m */,
			);
			path = TableView;
			sourceTree = "<group>";
		};
/* End PBXGroup section */

/* Begin PBXNativeTarget section */
		8D1107260486CEB800E47090 /* Nativa */ = {
			isa = PBXNativeTarget;
			buildConfigurationList = C01FCF4A08A954540054247B /* Build configuration list for PBXNativeTarget "Nativa" */;
			buildPhases = (
				8D1107290486CEB800E47090 /* Resources */,
				8D11072C0486CEB800E47090 /* Sources */,
				8D11072E0486CEB800E47090 /* Frameworks */,
			);
			buildRules = (
			);
			dependencies = (
			);
			name = Nativa;
			productInstallPath = "$(HOME)/Applications";
			productName = Nativa;
			productReference = 8D1107320486CEB800E47090 /* Nativa.app */;
			productType = "com.apple.product-type.application";
		};
/* End PBXNativeTarget section */

/* Begin PBXProject section */
		29B97313FDCFA39411CA2CEA /* Project object */ = {
			isa = PBXProject;
			attributes = {
				ORGANIZATIONNAME = aramzamzam.net;
			};
			buildConfigurationList = C01FCF4E08A954540054247B /* Build configuration list for PBXProject "Nativa" */;
			compatibilityVersion = "Xcode 3.2";
			hasScannedForEncodings = 1;
			mainGroup = 29B97314FDCFA39411CA2CEA /* Nativa */;
			projectDirPath = "";
			projectRoot = "";
			targets = (
				8D1107260486CEB800E47090 /* Nativa */,
			);
		};
/* End PBXProject section */

/* Begin PBXResourcesBuildPhase section */
		8D1107290486CEB800E47090 /* Resources */ = {
			isa = PBXResourcesBuildPhase;
			buildActionMask = 2147483647;
			files = (
				8D11072B0486CEB800E47090 /* InfoPlist.strings in Resources */,
				1DDD58160DA1D0A300B32029 /* MainMenu.xib in Resources */,
				811EA5D31111FAD1001D16D0 /* TurtleTemplate.png in Resources */,
				811EA7F0111229AB001D16D0 /* Preferences.xib in Resources */,
				810AEEFD11132FE400933772 /* ToolbarRemoveTemplate.png in Resources */,
				810AEF37111335B000933772 /* ToolbarPauseSelectedTemplate.png in Resources */,
				810AEF38111335B000933772 /* ToolbarResumeSelectedTemplate.png in Resources */,
			);
			runOnlyForDeploymentPostprocessing = 0;
		};
/* End PBXResourcesBuildPhase section */

/* Begin PBXSourcesBuildPhase section */
		8D11072C0486CEB800E47090 /* Sources */ = {
			isa = PBXSourcesBuildPhase;
			buildActionMask = 2147483647;
			files = (
				8D11072D0486CEB800E47090 /* main.m in Sources */,
				256AC3DA0F4B6AC300CF3369 /* NativaAppDelegate.m in Sources */,
				811B056810F6A030000D1DDC /* SCGI.m in Sources */,
				811B05A210F6A1C7000D1DDC /* Torrent.m in Sources */,
				810CD80D10FBCF0600963D10 /* TorrentDropView.m in Sources */,
				812A725010FD0A0300795D8B /* RTConnection.m in Sources */,
				812A726D10FD0D3D00795D8B /* SCGIOperation.m in Sources */,
				812A731010FD1C0A00795D8B /* ListCommand.m in Sources */,
				81E6BCB710FE80420083856D /* StartCommand.m in Sources */,
				81E6BCED10FE84C90083856D /* StopCommand.m in Sources */,
				81E6BD3D10FE87FB0083856D /* AddCommand.m in Sources */,
				81E6BE2F10FEB47B0083856D /* GlobalTorrentController.m in Sources */,
				81E6BED410FF66730083856D /* EraseCommand.m in Sources */,
				8107590410FFDF30003FF9A6 /* Filterbar.m in Sources */,
				8107590510FFDF30003FF9A6 /* FilterbarGroup.m in Sources */,
				8107590610FFDF30003FF9A6 /* FilterbarGroupItem.m in Sources */,
				8107590B10FFDF4F003FF9A6 /* FilterbarController.m in Sources */,
				814FF9761100AB7100335707 /* NSDataAdditions.m in Sources */,
				814FF9771100AB7100335707 /* NSStringAdditions.m in Sources */,
				814FF9781100AB7100335707 /* XMLRPCEncoder.m in Sources */,
				814FF97C1100AB7100335707 /* XMLRPCTreeBasedParser.m in Sources */,
				81DF15D4110FADA100AFCE02 /* TorrentViewController.m in Sources */,
				81DF15D6110FADA100AFCE02 /* TorrentTableView.m in Sources */,
				81DF15D7110FADA100AFCE02 /* TorrentCell.m in Sources */,
				81DF15D8110FADA100AFCE02 /* ProgressCell.m in Sources */,
				81DF15D9110FADA100AFCE02 /* ProgressGradients.m in Sources */,
				819D3BEA1110CD5200F7007C /* DownloadsController.m in Sources */,
				819D3E0C1110EE6E00F7007C /* Controller.m in Sources */,
				811EA5601111F5A6001D16D0 /* RTorrentController.m in Sources */,
				811EA7EE11122806001D16D0 /* PreferenceController.m in Sources */,
				811EA98E11124D93001D16D0 /* SetGlobalDownloadSpeed.m in Sources */,
				810AEF331113353200933772 /* ButtonToolbarItem.m in Sources */,
				810AEF341113353200933772 /* ToolbarControllerAdditions.m in Sources */,
				810AEF3D1113360D00933772 /* GroupToolbarItem.m in Sources */,
				810AEF421113365600933772 /* ToolbarSegmentedCell.m in Sources */,
				81B737E411136F6900A11521 /* GetGlobalDownloadSpeed.m in Sources */,
			);
			runOnlyForDeploymentPostprocessing = 0;
		};
/* End PBXSourcesBuildPhase section */

/* Begin PBXVariantGroup section */
		089C165CFE840E0CC02AAC07 /* InfoPlist.strings */ = {
			isa = PBXVariantGroup;
			children = (
				089C165DFE840E0CC02AAC07 /* English */,
			);
			name = InfoPlist.strings;
			sourceTree = "<group>";
		};
		1DDD58140DA1D0A300B32029 /* MainMenu.xib */ = {
			isa = PBXVariantGroup;
			children = (
				1DDD58150DA1D0A300B32029 /* English */,
			);
			name = MainMenu.xib;
			sourceTree = "<group>";
		};
/* End PBXVariantGroup section */

/* Begin XCBuildConfiguration section */
		C01FCF4B08A954540054247B /* Debug */ = {
			isa = XCBuildConfiguration;
			buildSettings = {
				ALWAYS_SEARCH_USER_PATHS = NO;
				COPY_PHASE_STRIP = NO;
				GCC_DYNAMIC_NO_PIC = NO;
				GCC_ENABLE_FIX_AND_CONTINUE = YES;
				GCC_MODEL_TUNING = G5;
				GCC_OPTIMIZATION_LEVEL = 0;
				GCC_PRECOMPILE_PREFIX_HEADER = YES;
				GCC_PREFIX_HEADER = Nativa_Prefix.pch;
				INFOPLIST_FILE = "Nativa-Info.plist";
				INSTALL_PATH = "$(HOME)/Applications";
				PRODUCT_NAME = Nativa;
			};
			name = Debug;
		};
		C01FCF4C08A954540054247B /* Release */ = {
			isa = XCBuildConfiguration;
			buildSettings = {
				ALWAYS_SEARCH_USER_PATHS = NO;
				DEBUG_INFORMATION_FORMAT = "dwarf-with-dsym";
				GCC_MODEL_TUNING = G5;
				GCC_PRECOMPILE_PREFIX_HEADER = YES;
				GCC_PREFIX_HEADER = Nativa_Prefix.pch;
				INFOPLIST_FILE = "Nativa-Info.plist";
				INSTALL_PATH = "$(HOME)/Applications";
				PRODUCT_NAME = Nativa;
			};
			name = Release;
		};
		C01FCF4F08A954540054247B /* Debug */ = {
			isa = XCBuildConfiguration;
			buildSettings = {
				ARCHS = "$(ARCHS_STANDARD_32_64_BIT)";
				GCC_C_LANGUAGE_STANDARD = gnu99;
				GCC_OPTIMIZATION_LEVEL = 0;
				GCC_WARN_ABOUT_RETURN_TYPE = YES;
				GCC_WARN_UNUSED_VARIABLE = YES;
				ONLY_ACTIVE_ARCH = YES;
				PREBINDING = NO;
				SDKROOT = macosx10.6;
			};
			name = Debug;
		};
		C01FCF5008A954540054247B /* Release */ = {
			isa = XCBuildConfiguration;
			buildSettings = {
				ARCHS = "$(ARCHS_STANDARD_32_64_BIT)";
				GCC_C_LANGUAGE_STANDARD = gnu99;
				GCC_WARN_ABOUT_RETURN_TYPE = YES;
				GCC_WARN_UNUSED_VARIABLE = YES;
				PREBINDING = NO;
				SDKROOT = macosx10.6;
			};
			name = Release;
		};
/* End XCBuildConfiguration section */

/* Begin XCConfigurationList section */
		C01FCF4A08A954540054247B /* Build configuration list for PBXNativeTarget "Nativa" */ = {
			isa = XCConfigurationList;
			buildConfigurations = (
				C01FCF4B08A954540054247B /* Debug */,
				C01FCF4C08A954540054247B /* Release */,
			);
			defaultConfigurationIsVisible = 0;
			defaultConfigurationName = Release;
		};
		C01FCF4E08A954540054247B /* Build configuration list for PBXProject "Nativa" */ = {
			isa = XCConfigurationList;
			buildConfigurations = (
				C01FCF4F08A954540054247B /* Debug */,
				C01FCF5008A954540054247B /* Release */,
			);
			defaultConfigurationIsVisible = 0;
			defaultConfigurationName = Release;
		};
/* End XCConfigurationList section */
	};
	rootObject = 29B97313FDCFA39411CA2CEA /* Project object */;
}
