// !$*UTF8*$!
{
	archiveVersion = 1;
	classes = {
	};
	objectVersion = 46;
	objects = {

/* Begin PBXBuildFile section */
		CD0062CD1B82E14E005BAE46 /* Preferences.swift in Sources */ = {isa = PBXBuildFile; fileRef = CD0062CC1B82E14E005BAE46 /* Preferences.swift */; };
		CD01C7311991627100D5B8A6 /* AppDelegate.swift in Sources */ = {isa = PBXBuildFile; fileRef = CD01C7301991627100D5B8A6 /* AppDelegate.swift */; };
		CD01C7331991627100D5B8A6 /* Images.xcassets in Resources */ = {isa = PBXBuildFile; fileRef = CD01C7321991627100D5B8A6 /* Images.xcassets */; };
		CD01C74E199162EB00D5B8A6 /* DownloadsViewController.swift in Sources */ = {isa = PBXBuildFile; fileRef = CD01C74D199162EB00D5B8A6 /* DownloadsViewController.swift */; };
		CD03055F19AE9B1100E8BF42 /* Timer.swift in Sources */ = {isa = PBXBuildFile; fileRef = CD03055E19AE9B1100E8BF42 /* Timer.swift */; };
		CD0D45551B8ABEA7004DB8E1 /* InspectorViewController.swift in Sources */ = {isa = PBXBuildFile; fileRef = CD0D45541B8ABEA7004DB8E1 /* InspectorViewController.swift */; };
		CD10C2EA1B891F9400EF9284 /* NativaHelperProtocol.swift in Sources */ = {isa = PBXBuildFile; fileRef = CD10C2E91B891F9400EF9284 /* NativaHelperProtocol.swift */; };
		CD10C2F51B8920EE00EF9284 /* main.swift in Sources */ = {isa = PBXBuildFile; fileRef = CD10C2ED1B8920EE00EF9284 /* main.swift */; };
		CD10C2F61B8920EE00EF9284 /* NativaHelper.swift in Sources */ = {isa = PBXBuildFile; fileRef = CD10C2EE1B8920EE00EF9284 /* NativaHelper.swift */; };
		CD10C2F71B8920EE00EF9284 /* RTorrent.swift in Sources */ = {isa = PBXBuildFile; fileRef = CD10C2EF1B8920EE00EF9284 /* RTorrent.swift */; };
		CD10C2F81B8920EE00EF9284 /* SCGIEncoder.swift in Sources */ = {isa = PBXBuildFile; fileRef = CD10C2F01B8920EE00EF9284 /* SCGIEncoder.swift */; };
		CD10C2F91B8920EE00EF9284 /* Utils.swift in Sources */ = {isa = PBXBuildFile; fileRef = CD10C2F11B8920EE00EF9284 /* Utils.swift */; };
		CD10C2FA1B8920EE00EF9284 /* XMLRPCDecoder.swift in Sources */ = {isa = PBXBuildFile; fileRef = CD10C2F21B8920EE00EF9284 /* XMLRPCDecoder.swift */; };
		CD10C2FB1B8920EE00EF9284 /* XMLRPCEncoder.swift in Sources */ = {isa = PBXBuildFile; fileRef = CD10C2F31B8920EE00EF9284 /* XMLRPCEncoder.swift */; };
		CD10C2FF1B89878500EF9284 /* bencode.swift in Sources */ = {isa = PBXBuildFile; fileRef = CD10C2FC1B89878500EF9284 /* bencode.swift */; };
		CD10C3041B8987AC00EF9284 /* SyncableArray.swift in Sources */ = {isa = PBXBuildFile; fileRef = CD10C3021B8987AC00EF9284 /* SyncableArray.swift */; };
		CD10C3051B8987AC00EF9284 /* Synchronized.swift in Sources */ = {isa = PBXBuildFile; fileRef = CD10C3031B8987AC00EF9284 /* Synchronized.swift */; };
		CD10C3131B8994A600EF9284 /* HelperTests.swift in Sources */ = {isa = PBXBuildFile; fileRef = CD10C3121B8994A600EF9284 /* HelperTests.swift */; };
		CD10C3141B8994DA00EF9284 /* bencode.swift in Sources */ = {isa = PBXBuildFile; fileRef = CD10C2FC1B89878500EF9284 /* bencode.swift */; };
		CD10C3151B8994DA00EF9284 /* NativaHelper.swift in Sources */ = {isa = PBXBuildFile; fileRef = CD10C2EE1B8920EE00EF9284 /* NativaHelper.swift */; };
		CD10C3161B8994DA00EF9284 /* RTorrent.swift in Sources */ = {isa = PBXBuildFile; fileRef = CD10C2EF1B8920EE00EF9284 /* RTorrent.swift */; };
		CD10C3171B8994DA00EF9284 /* SCGIEncoder.swift in Sources */ = {isa = PBXBuildFile; fileRef = CD10C2F01B8920EE00EF9284 /* SCGIEncoder.swift */; };
		CD10C3181B8994DA00EF9284 /* Utils.swift in Sources */ = {isa = PBXBuildFile; fileRef = CD10C2F11B8920EE00EF9284 /* Utils.swift */; };
		CD10C3191B8994DA00EF9284 /* XMLRPCDecoder.swift in Sources */ = {isa = PBXBuildFile; fileRef = CD10C2F21B8920EE00EF9284 /* XMLRPCDecoder.swift */; };
		CD10C31A1B8994DA00EF9284 /* XMLRPCEncoder.swift in Sources */ = {isa = PBXBuildFile; fileRef = CD10C2F31B8920EE00EF9284 /* XMLRPCEncoder.swift */; };
		CD10C31B1B8994E200EF9284 /* libCommon.dylib in Frameworks */ = {isa = PBXBuildFile; fileRef = CD25A55519A07003005CF5AF /* libCommon.dylib */; };
		CD156B941B88347600CDD8F3 /* InspectorFilesViewController.swift in Sources */ = {isa = PBXBuildFile; fileRef = CD156B931B88347600CDD8F3 /* InspectorFilesViewController.swift */; };
		CD1E616C19F5C1C5006C23CA /* Main.storyboard in Resources */ = {isa = PBXBuildFile; fileRef = CD1E616B19F5C1C5006C23CA /* Main.storyboard */; };
		CD23AEE719E1E6C80027A47D /* DownloadDropView.swift in Sources */ = {isa = PBXBuildFile; fileRef = CD23AEE619E1E6C80027A47D /* DownloadDropView.swift */; };
		CD25A56919A0702D005CF5AF /* libCommon.dylib in Frameworks */ = {isa = PBXBuildFile; fileRef = CD25A55519A07003005CF5AF /* libCommon.dylib */; };
		CD25A56E19A0704C005CF5AF /* libCommon.dylib in Frameworks */ = {isa = PBXBuildFile; fileRef = CD25A55519A07003005CF5AF /* libCommon.dylib */; };
		CD30A0BF1B8CF09200D84BE2 /* SwiftySSH.framework in Frameworks */ = {isa = PBXBuildFile; fileRef = CD30A0BC1B8CF08B00D84BE2 /* SwiftySSH.framework */; };
		CD526BA81992C2A9003D8671 /* Datasource.swift in Sources */ = {isa = PBXBuildFile; fileRef = CD526BA71992C2A9003D8671 /* Datasource.swift */; };
		CD69F50019A6ADD80056BA62 /* Download.swift in Sources */ = {isa = PBXBuildFile; fileRef = CD69F4FE19A6ADD80056BA62 /* Download.swift */; };
		CD69F50119A6ADD80056BA62 /* Group.swift in Sources */ = {isa = PBXBuildFile; fileRef = CD69F4FF19A6ADD80056BA62 /* Group.swift */; };
		CD7EC18D19E5AEB700C09042 /* FileOutlineViewController.swift in Sources */ = {isa = PBXBuildFile; fileRef = CD7EC18C19E5AEB700C09042 /* FileOutlineViewController.swift */; };
		CD7EFCB019F87378001AE5E9 /* FolderName.xib in Resources */ = {isa = PBXBuildFile; fileRef = CD7EFCAF19F87378001AE5E9 /* FolderName.xib */; };
		CD7EFCB219F87426001AE5E9 /* FolderNameCell.swift in Sources */ = {isa = PBXBuildFile; fileRef = CD7EFCB119F87426001AE5E9 /* FolderNameCell.swift */; };
		CDB2614D19F85F8B00DE168C /* FileNameCell.swift in Sources */ = {isa = PBXBuildFile; fileRef = CDB2614C19F85F8B00DE168C /* FileNameCell.swift */; };
		CDB2614F19F860B600DE168C /* FileName.xib in Resources */ = {isa = PBXBuildFile; fileRef = CDB2614E19F860B600DE168C /* FileName.xib */; };
		CDB54D7C19A13F7100D777D5 /* GroupCell.swift in Sources */ = {isa = PBXBuildFile; fileRef = CDB54D7B19A13F7100D777D5 /* GroupCell.swift */; };
		CDB54D8019A155EC00D777D5 /* Formatter.swift in Sources */ = {isa = PBXBuildFile; fileRef = CDB54D7F19A155EC00D777D5 /* Formatter.swift */; };
		CDC7617019D3D9FF0037EAD5 /* TorrentParserTest.swift in Sources */ = {isa = PBXBuildFile; fileRef = CDC7616F19D3D9FF0037EAD5 /* TorrentParserTest.swift */; };
		CDCCFA511B77EDE60028EDCB /* Utils.swift in Sources */ = {isa = PBXBuildFile; fileRef = CDCCFA501B77EDE60028EDCB /* Utils.swift */; };
		CDDFC50319996D9B00F5F6B7 /* ButtonToolbarItem.swift in Sources */ = {isa = PBXBuildFile; fileRef = CDDFC50219996D9B00F5F6B7 /* ButtonToolbarItem.swift */; };
		CDEE44DE1991E1EE00FB76AC /* DownloadCell.swift in Sources */ = {isa = PBXBuildFile; fileRef = CDEE44DD1991E1EE00FB76AC /* DownloadCell.swift */; };
		CDF3D97F199ECED5002B91C8 /* NativaHelper.xpc in Embed XPC Services */ = {isa = PBXBuildFile; fileRef = CDF3D973199ECED5002B91C8 /* NativaHelper.xpc */; settings = {ATTRIBUTES = (RemoveHeadersOnCopy, ); }; };
		CDFFC20819DB6D2E0072EEAD /* AddTorrentViewController.swift in Sources */ = {isa = PBXBuildFile; fileRef = CDFFC20719DB6D2E0072EEAD /* AddTorrentViewController.swift */; };
		CDFFC20B19DB747F0072EEAD /* FileListNode.swift in Sources */ = {isa = PBXBuildFile; fileRef = CDFFC20A19DB747F0072EEAD /* FileListNode.swift */; };
/* End PBXBuildFile section */

/* Begin PBXContainerItemProxy section */
		CD01C73C1991627100D5B8A6 /* PBXContainerItemProxy */ = {
			isa = PBXContainerItemProxy;
			containerPortal = CD01C7211991627100D5B8A6 /* Project object */;
			proxyType = 1;
			remoteGlobalIDString = CD01C7281991627100D5B8A6;
			remoteInfo = Nativa;
		};
		CD25A56A19A0703B005CF5AF /* PBXContainerItemProxy */ = {
			isa = PBXContainerItemProxy;
			containerPortal = CD01C7211991627100D5B8A6 /* Project object */;
			proxyType = 1;
			remoteGlobalIDString = CD25A55419A07003005CF5AF;
			remoteInfo = Common;
		};
		CD25A56C19A07045005CF5AF /* PBXContainerItemProxy */ = {
			isa = PBXContainerItemProxy;
			containerPortal = CD01C7211991627100D5B8A6 /* Project object */;
			proxyType = 1;
			remoteGlobalIDString = CD25A55419A07003005CF5AF;
			remoteInfo = Common;
		};
		CD30A0BB1B8CF08B00D84BE2 /* PBXContainerItemProxy */ = {
			isa = PBXContainerItemProxy;
			containerPortal = CD30A0B61B8CF08B00D84BE2 /* SwiftySSH.xcodeproj */;
			proxyType = 2;
			remoteGlobalIDString = CD849CC019F99A670074F98B;
			remoteInfo = SwiftySSH;
		};
		CD30A0BD1B8CF08B00D84BE2 /* PBXContainerItemProxy */ = {
			isa = PBXContainerItemProxy;
			containerPortal = CD30A0B61B8CF08B00D84BE2 /* SwiftySSH.xcodeproj */;
			proxyType = 2;
			remoteGlobalIDString = CD849CCB19F99A670074F98B;
			remoteInfo = SwiftySSHTests;
		};
		CD30A0C01B8CF09D00D84BE2 /* PBXContainerItemProxy */ = {
			isa = PBXContainerItemProxy;
			containerPortal = CD30A0B61B8CF08B00D84BE2 /* SwiftySSH.xcodeproj */;
			proxyType = 1;
			remoteGlobalIDString = CD849CBF19F99A670074F98B;
			remoteInfo = SwiftySSH;
		};
		CDF3D97D199ECED5002B91C8 /* PBXContainerItemProxy */ = {
			isa = PBXContainerItemProxy;
			containerPortal = CD01C7211991627100D5B8A6 /* Project object */;
			proxyType = 1;
			remoteGlobalIDString = CDF3D972199ECED5002B91C8;
			remoteInfo = DownloaderService;
		};
		CDF3D980199ECED5002B91C8 /* PBXContainerItemProxy */ = {
			isa = PBXContainerItemProxy;
			containerPortal = CD01C7211991627100D5B8A6 /* Project object */;
			proxyType = 1;
			remoteGlobalIDString = CDF3D972199ECED5002B91C8;
			remoteInfo = DownloaderService;
		};
/* End PBXContainerItemProxy section */

/* Begin PBXCopyFilesBuildPhase section */
		CDF3D985199ECED5002B91C8 /* Embed XPC Services */ = {
			isa = PBXCopyFilesBuildPhase;
			buildActionMask = 2147483647;
			dstPath = "$(CONTENTS_FOLDER_PATH)/XPCServices";
			dstSubfolderSpec = 16;
			files = (
				CDF3D97F199ECED5002B91C8 /* NativaHelper.xpc in Embed XPC Services */,
			);
			name = "Embed XPC Services";
			runOnlyForDeploymentPostprocessing = 0;
		};
/* End PBXCopyFilesBuildPhase section */

/* Begin PBXFileReference section */
		CD0062CC1B82E14E005BAE46 /* Preferences.swift */ = {isa = PBXFileReference; fileEncoding = 4; lastKnownFileType = sourcecode.swift; path = Preferences.swift; sourceTree = "<group>"; };
		CD01C7291991627100D5B8A6 /* Nativa.app */ = {isa = PBXFileReference; explicitFileType = wrapper.application; includeInIndex = 0; path = Nativa.app; sourceTree = BUILT_PRODUCTS_DIR; };
		CD01C72D1991627100D5B8A6 /* Info.plist */ = {isa = PBXFileReference; lastKnownFileType = text.plist.xml; path = Info.plist; sourceTree = "<group>"; };
		CD01C7301991627100D5B8A6 /* AppDelegate.swift */ = {isa = PBXFileReference; lastKnownFileType = sourcecode.swift; path = AppDelegate.swift; sourceTree = "<group>"; };
		CD01C7321991627100D5B8A6 /* Images.xcassets */ = {isa = PBXFileReference; lastKnownFileType = folder.assetcatalog; path = Images.xcassets; sourceTree = "<group>"; };
		CD01C73B1991627100D5B8A6 /* NativaTests.xctest */ = {isa = PBXFileReference; explicitFileType = wrapper.cfbundle; includeInIndex = 0; path = NativaTests.xctest; sourceTree = BUILT_PRODUCTS_DIR; };
		CD01C7401991627100D5B8A6 /* Info.plist */ = {isa = PBXFileReference; lastKnownFileType = text.plist.xml; path = Info.plist; sourceTree = "<group>"; };
		CD01C74D199162EB00D5B8A6 /* DownloadsViewController.swift */ = {isa = PBXFileReference; fileEncoding = 4; lastKnownFileType = sourcecode.swift; path = DownloadsViewController.swift; sourceTree = "<group>"; };
		CD03055E19AE9B1100E8BF42 /* Timer.swift */ = {isa = PBXFileReference; fileEncoding = 4; lastKnownFileType = sourcecode.swift; path = Timer.swift; sourceTree = "<group>"; };
		CD0D45541B8ABEA7004DB8E1 /* InspectorViewController.swift */ = {isa = PBXFileReference; fileEncoding = 4; lastKnownFileType = sourcecode.swift; path = InspectorViewController.swift; sourceTree = "<group>"; };
		CD10C2E91B891F9400EF9284 /* NativaHelperProtocol.swift */ = {isa = PBXFileReference; fileEncoding = 4; lastKnownFileType = sourcecode.swift; path = NativaHelperProtocol.swift; sourceTree = "<group>"; };
		CD10C2EC1B8920EE00EF9284 /* Info.plist */ = {isa = PBXFileReference; fileEncoding = 4; lastKnownFileType = text.plist.xml; name = Info.plist; path = NativaHelper/Info.plist; sourceTree = SOURCE_ROOT; };
		CD10C2ED1B8920EE00EF9284 /* main.swift */ = {isa = PBXFileReference; fileEncoding = 4; lastKnownFileType = sourcecode.swift; name = main.swift; path = NativaHelper/main.swift; sourceTree = SOURCE_ROOT; };
		CD10C2EE1B8920EE00EF9284 /* NativaHelper.swift */ = {isa = PBXFileReference; fileEncoding = 4; lastKnownFileType = sourcecode.swift; name = NativaHelper.swift; path = NativaHelper/NativaHelper.swift; sourceTree = SOURCE_ROOT; };
		CD10C2EF1B8920EE00EF9284 /* RTorrent.swift */ = {isa = PBXFileReference; fileEncoding = 4; lastKnownFileType = sourcecode.swift; name = RTorrent.swift; path = NativaHelper/RTorrent.swift; sourceTree = SOURCE_ROOT; };
		CD10C2F01B8920EE00EF9284 /* SCGIEncoder.swift */ = {isa = PBXFileReference; fileEncoding = 4; lastKnownFileType = sourcecode.swift; name = SCGIEncoder.swift; path = NativaHelper/SCGIEncoder.swift; sourceTree = SOURCE_ROOT; };
		CD10C2F11B8920EE00EF9284 /* Utils.swift */ = {isa = PBXFileReference; fileEncoding = 4; lastKnownFileType = sourcecode.swift; name = Utils.swift; path = NativaHelper/Utils.swift; sourceTree = SOURCE_ROOT; };
		CD10C2F21B8920EE00EF9284 /* XMLRPCDecoder.swift */ = {isa = PBXFileReference; fileEncoding = 4; lastKnownFileType = sourcecode.swift; name = XMLRPCDecoder.swift; path = NativaHelper/XMLRPCDecoder.swift; sourceTree = SOURCE_ROOT; };
		CD10C2F31B8920EE00EF9284 /* XMLRPCEncoder.swift */ = {isa = PBXFileReference; fileEncoding = 4; lastKnownFileType = sourcecode.swift; name = XMLRPCEncoder.swift; path = NativaHelper/XMLRPCEncoder.swift; sourceTree = SOURCE_ROOT; };
		CD10C2FC1B89878500EF9284 /* bencode.swift */ = {isa = PBXFileReference; fileEncoding = 4; lastKnownFileType = sourcecode.swift; name = bencode.swift; path = NativaHelper/bencode.swift; sourceTree = SOURCE_ROOT; };
		CD10C3021B8987AC00EF9284 /* SyncableArray.swift */ = {isa = PBXFileReference; fileEncoding = 4; lastKnownFileType = sourcecode.swift; path = SyncableArray.swift; sourceTree = "<group>"; };
		CD10C3031B8987AC00EF9284 /* Synchronized.swift */ = {isa = PBXFileReference; fileEncoding = 4; lastKnownFileType = sourcecode.swift; path = Synchronized.swift; sourceTree = "<group>"; };
		CD10C3121B8994A600EF9284 /* HelperTests.swift */ = {isa = PBXFileReference; fileEncoding = 4; lastKnownFileType = sourcecode.swift; path = HelperTests.swift; sourceTree = "<group>"; };
		CD156B931B88347600CDD8F3 /* InspectorFilesViewController.swift */ = {isa = PBXFileReference; fileEncoding = 4; lastKnownFileType = sourcecode.swift; path = InspectorFilesViewController.swift; sourceTree = "<group>"; };
		CD1E616B19F5C1C5006C23CA /* Main.storyboard */ = {isa = PBXFileReference; fileEncoding = 4; lastKnownFileType = file.storyboard; path = Main.storyboard; sourceTree = "<group>"; };
		CD23AEE619E1E6C80027A47D /* DownloadDropView.swift */ = {isa = PBXFileReference; fileEncoding = 4; lastKnownFileType = sourcecode.swift; path = DownloadDropView.swift; sourceTree = "<group>"; };
		CD25A55519A07003005CF5AF /* libCommon.dylib */ = {isa = PBXFileReference; explicitFileType = "compiled.mach-o.dylib"; includeInIndex = 0; path = libCommon.dylib; sourceTree = BUILT_PRODUCTS_DIR; };
		CD25A55F19A07003005CF5AF /* CommonTests.xctest */ = {isa = PBXFileReference; explicitFileType = wrapper.cfbundle; includeInIndex = 0; path = CommonTests.xctest; sourceTree = BUILT_PRODUCTS_DIR; };
		CD25A56219A07003005CF5AF /* Info.plist */ = {isa = PBXFileReference; lastKnownFileType = text.plist.xml; path = Info.plist; sourceTree = "<group>"; };
		CD30A0B61B8CF08B00D84BE2 /* SwiftySSH.xcodeproj */ = {isa = PBXFileReference; lastKnownFileType = "wrapper.pb-project"; name = SwiftySSH.xcodeproj; path = lib/swiftyssh/SwiftySSH.xcodeproj; sourceTree = "<group>"; };
		CD526BA71992C2A9003D8671 /* Datasource.swift */ = {isa = PBXFileReference; fileEncoding = 4; lastKnownFileType = sourcecode.swift; path = Datasource.swift; sourceTree = "<group>"; };
		CD69F4FE19A6ADD80056BA62 /* Download.swift */ = {isa = PBXFileReference; fileEncoding = 4; lastKnownFileType = sourcecode.swift; path = Download.swift; sourceTree = "<group>"; };
		CD69F4FF19A6ADD80056BA62 /* Group.swift */ = {isa = PBXFileReference; fileEncoding = 4; lastKnownFileType = sourcecode.swift; path = Group.swift; sourceTree = "<group>"; };
		CD7EC18C19E5AEB700C09042 /* FileOutlineViewController.swift */ = {isa = PBXFileReference; fileEncoding = 4; lastKnownFileType = sourcecode.swift; path = FileOutlineViewController.swift; sourceTree = "<group>"; };
		CD7EFCAF19F87378001AE5E9 /* FolderName.xib */ = {isa = PBXFileReference; fileEncoding = 4; lastKnownFileType = file.xib; path = FolderName.xib; sourceTree = "<group>"; };
		CD7EFCB119F87426001AE5E9 /* FolderNameCell.swift */ = {isa = PBXFileReference; fileEncoding = 4; lastKnownFileType = sourcecode.swift; path = FolderNameCell.swift; sourceTree = "<group>"; };
		CDB2614C19F85F8B00DE168C /* FileNameCell.swift */ = {isa = PBXFileReference; fileEncoding = 4; lastKnownFileType = sourcecode.swift; path = FileNameCell.swift; sourceTree = "<group>"; };
		CDB2614E19F860B600DE168C /* FileName.xib */ = {isa = PBXFileReference; fileEncoding = 4; lastKnownFileType = file.xib; path = FileName.xib; sourceTree = "<group>"; };
		CDB54D7B19A13F7100D777D5 /* GroupCell.swift */ = {isa = PBXFileReference; fileEncoding = 4; lastKnownFileType = sourcecode.swift; path = GroupCell.swift; sourceTree = "<group>"; };
		CDB54D7F19A155EC00D777D5 /* Formatter.swift */ = {isa = PBXFileReference; fileEncoding = 4; lastKnownFileType = sourcecode.swift; path = Formatter.swift; sourceTree = "<group>"; };
		CDC23DD41B72C32100215D19 /* SwiftySSH.framework */ = {isa = PBXFileReference; lastKnownFileType = wrapper.framework; name = SwiftySSH.framework; path = ../SwiftySSH/build/Debug/SwiftySSH.framework; sourceTree = "<group>"; };
		CDC7616F19D3D9FF0037EAD5 /* TorrentParserTest.swift */ = {isa = PBXFileReference; fileEncoding = 4; lastKnownFileType = sourcecode.swift; path = TorrentParserTest.swift; sourceTree = "<group>"; };
		CDCCFA501B77EDE60028EDCB /* Utils.swift */ = {isa = PBXFileReference; fileEncoding = 4; lastKnownFileType = sourcecode.swift; path = Utils.swift; sourceTree = "<group>"; };
		CDDFC50219996D9B00F5F6B7 /* ButtonToolbarItem.swift */ = {isa = PBXFileReference; fileEncoding = 4; lastKnownFileType = sourcecode.swift; path = ButtonToolbarItem.swift; sourceTree = "<group>"; };
		CDEE44DD1991E1EE00FB76AC /* DownloadCell.swift */ = {isa = PBXFileReference; fileEncoding = 4; lastKnownFileType = sourcecode.swift; path = DownloadCell.swift; sourceTree = "<group>"; };
		CDF3D973199ECED5002B91C8 /* NativaHelper.xpc */ = {isa = PBXFileReference; explicitFileType = "wrapper.xpc-service"; includeInIndex = 0; path = NativaHelper.xpc; sourceTree = BUILT_PRODUCTS_DIR; };
		CDF3D976199ECED5002B91C8 /* Info.plist */ = {isa = PBXFileReference; lastKnownFileType = text.plist.xml; path = Info.plist; sourceTree = "<group>"; };
		CDFFC20719DB6D2E0072EEAD /* AddTorrentViewController.swift */ = {isa = PBXFileReference; fileEncoding = 4; lastKnownFileType = sourcecode.swift; path = AddTorrentViewController.swift; sourceTree = "<group>"; };
		CDFFC20A19DB747F0072EEAD /* FileListNode.swift */ = {isa = PBXFileReference; fileEncoding = 4; lastKnownFileType = sourcecode.swift; path = FileListNode.swift; sourceTree = "<group>"; };
/* End PBXFileReference section */

/* Begin PBXFrameworksBuildPhase section */
		CD01C7261991627100D5B8A6 /* Frameworks */ = {
			isa = PBXFrameworksBuildPhase;
			buildActionMask = 2147483647;
			files = (
				CD25A56919A0702D005CF5AF /* libCommon.dylib in Frameworks */,
			);
			runOnlyForDeploymentPostprocessing = 0;
		};
		CD01C7381991627100D5B8A6 /* Frameworks */ = {
			isa = PBXFrameworksBuildPhase;
			buildActionMask = 2147483647;
			files = (
				CD10C31B1B8994E200EF9284 /* libCommon.dylib in Frameworks */,
			);
			runOnlyForDeploymentPostprocessing = 0;
		};
		CD25A55219A07003005CF5AF /* Frameworks */ = {
			isa = PBXFrameworksBuildPhase;
			buildActionMask = 2147483647;
			files = (
			);
			runOnlyForDeploymentPostprocessing = 0;
		};
		CD25A55C19A07003005CF5AF /* Frameworks */ = {
			isa = PBXFrameworksBuildPhase;
			buildActionMask = 2147483647;
			files = (
			);
			runOnlyForDeploymentPostprocessing = 0;
		};
		CDF3D970199ECED5002B91C8 /* Frameworks */ = {
			isa = PBXFrameworksBuildPhase;
			buildActionMask = 2147483647;
			files = (
				CD30A0BF1B8CF09200D84BE2 /* SwiftySSH.framework in Frameworks */,
				CD25A56E19A0704C005CF5AF /* libCommon.dylib in Frameworks */,
			);
			runOnlyForDeploymentPostprocessing = 0;
		};
/* End PBXFrameworksBuildPhase section */

/* Begin PBXGroup section */
		CD01C7201991627100D5B8A6 = {
			isa = PBXGroup;
			children = (
				CD30A0B61B8CF08B00D84BE2 /* SwiftySSH.xcodeproj */,
				CD01C72B1991627100D5B8A6 /* Nativa */,
				CDF3D974199ECED5002B91C8 /* NativaHelper */,
				CD01C73E1991627100D5B8A6 /* NativaTests */,
				CD25A55619A07003005CF5AF /* Common */,
				CD25A56019A07003005CF5AF /* CommonTests */,
				CD01C72A1991627100D5B8A6 /* Products */,
			);
			sourceTree = "<group>";
		};
		CD01C72A1991627100D5B8A6 /* Products */ = {
			isa = PBXGroup;
			children = (
				CD01C7291991627100D5B8A6 /* Nativa.app */,
				CD01C73B1991627100D5B8A6 /* NativaTests.xctest */,
				CDF3D973199ECED5002B91C8 /* NativaHelper.xpc */,
				CD25A55519A07003005CF5AF /* libCommon.dylib */,
				CD25A55F19A07003005CF5AF /* CommonTests.xctest */,
			);
			name = Products;
			sourceTree = "<group>";
		};
		CD01C72B1991627100D5B8A6 /* Nativa */ = {
			isa = PBXGroup;
			children = (
				CDFFC20919DB74260072EEAD /* Model */,
				CD01C7301991627100D5B8A6 /* AppDelegate.swift */,
				CD01C7321991627100D5B8A6 /* Images.xcassets */,
				CD01C74D199162EB00D5B8A6 /* DownloadsViewController.swift */,
				CD0D45561B8ABEAC004DB8E1 /* Inspector */,
				CDEE44DD1991E1EE00FB76AC /* DownloadCell.swift */,
				CDB54D7B19A13F7100D777D5 /* GroupCell.swift */,
				CDB2614C19F85F8B00DE168C /* FileNameCell.swift */,
				CD7EFCB119F87426001AE5E9 /* FolderNameCell.swift */,
				CD526BA71992C2A9003D8671 /* Datasource.swift */,
				CDB54D7F19A155EC00D777D5 /* Formatter.swift */,
				CDDFC50219996D9B00F5F6B7 /* ButtonToolbarItem.swift */,
				CD03055E19AE9B1100E8BF42 /* Timer.swift */,
				CD23AEE619E1E6C80027A47D /* DownloadDropView.swift */,
				CDFFC20719DB6D2E0072EEAD /* AddTorrentViewController.swift */,
				CD7EC18C19E5AEB700C09042 /* FileOutlineViewController.swift */,
				CD1E616B19F5C1C5006C23CA /* Main.storyboard */,
				CDB2614E19F860B600DE168C /* FileName.xib */,
				CD7EFCAF19F87378001AE5E9 /* FolderName.xib */,
				CD0062CC1B82E14E005BAE46 /* Preferences.swift */,
				CD01C72C1991627100D5B8A6 /* Supporting Files */,
				CDCCFA501B77EDE60028EDCB /* Utils.swift */,
			);
			path = Nativa;
			sourceTree = "<group>";
		};
		CD01C72C1991627100D5B8A6 /* Supporting Files */ = {
			isa = PBXGroup;
			children = (
				CD01C72D1991627100D5B8A6 /* Info.plist */,
			);
			name = "Supporting Files";
			sourceTree = "<group>";
		};
		CD01C73E1991627100D5B8A6 /* NativaTests */ = {
			isa = PBXGroup;
			children = (
				CD01C73F1991627100D5B8A6 /* Supporting Files */,
				CD10C3121B8994A600EF9284 /* HelperTests.swift */,
			);
			path = NativaTests;
			sourceTree = "<group>";
		};
		CD01C73F1991627100D5B8A6 /* Supporting Files */ = {
			isa = PBXGroup;
			children = (
				CD01C7401991627100D5B8A6 /* Info.plist */,
			);
			name = "Supporting Files";
			sourceTree = "<group>";
		};
		CD0D45561B8ABEAC004DB8E1 /* Inspector */ = {
			isa = PBXGroup;
			children = (
				CD156B931B88347600CDD8F3 /* InspectorFilesViewController.swift */,
				CD0D45541B8ABEA7004DB8E1 /* InspectorViewController.swift */,
			);
			name = Inspector;
			sourceTree = "<group>";
		};
		CD25A55619A07003005CF5AF /* Common */ = {
			isa = PBXGroup;
			children = (
				CD10C3021B8987AC00EF9284 /* SyncableArray.swift */,
				CD10C3031B8987AC00EF9284 /* Synchronized.swift */,
				CD10C2E91B891F9400EF9284 /* NativaHelperProtocol.swift */,
			);
			path = Common;
			sourceTree = "<group>";
		};
		CD25A56019A07003005CF5AF /* CommonTests */ = {
			isa = PBXGroup;
			children = (
				CD25A56119A07003005CF5AF /* Supporting Files */,
				CDC7616F19D3D9FF0037EAD5 /* TorrentParserTest.swift */,
			);
			path = CommonTests;
			sourceTree = "<group>";
		};
		CD25A56119A07003005CF5AF /* Supporting Files */ = {
			isa = PBXGroup;
			children = (
				CD25A56219A07003005CF5AF /* Info.plist */,
			);
			name = "Supporting Files";
			sourceTree = "<group>";
		};
		CD30A0B71B8CF08B00D84BE2 /* Products */ = {
			isa = PBXGroup;
			children = (
				CD30A0BC1B8CF08B00D84BE2 /* SwiftySSH.framework */,
				CD30A0BE1B8CF08B00D84BE2 /* SwiftySSHTests.xctest */,
			);
			name = Products;
			sourceTree = "<group>";
		};
		CDF3D974199ECED5002B91C8 /* NativaHelper */ = {
			isa = PBXGroup;
			children = (
				CD10C2FC1B89878500EF9284 /* bencode.swift */,
				CD10C2EC1B8920EE00EF9284 /* Info.plist */,
				CD10C2ED1B8920EE00EF9284 /* main.swift */,
				CD10C2EE1B8920EE00EF9284 /* NativaHelper.swift */,
				CD10C2EF1B8920EE00EF9284 /* RTorrent.swift */,
				CD10C2F01B8920EE00EF9284 /* SCGIEncoder.swift */,
				CD10C2F11B8920EE00EF9284 /* Utils.swift */,
				CD10C2F21B8920EE00EF9284 /* XMLRPCDecoder.swift */,
				CD10C2F31B8920EE00EF9284 /* XMLRPCEncoder.swift */,
				CDC23DD41B72C32100215D19 /* SwiftySSH.framework */,
				CDF3D975199ECED5002B91C8 /* Supporting Files */,
			);
			name = NativaHelper;
			path = DownloaderService;
			sourceTree = "<group>";
		};
		CDF3D975199ECED5002B91C8 /* Supporting Files */ = {
			isa = PBXGroup;
			children = (
				CDF3D976199ECED5002B91C8 /* Info.plist */,
			);
			name = "Supporting Files";
			sourceTree = "<group>";
		};
		CDFFC20919DB74260072EEAD /* Model */ = {
			isa = PBXGroup;
			children = (
				CD69F4FF19A6ADD80056BA62 /* Group.swift */,
				CD69F4FE19A6ADD80056BA62 /* Download.swift */,
				CDFFC20A19DB747F0072EEAD /* FileListNode.swift */,
			);
			name = Model;
			sourceTree = "<group>";
		};
/* End PBXGroup section */

/* Begin PBXHeadersBuildPhase section */
		CD25A55319A07003005CF5AF /* Headers */ = {
			isa = PBXHeadersBuildPhase;
			buildActionMask = 2147483647;
			files = (
			);
			runOnlyForDeploymentPostprocessing = 0;
		};
/* End PBXHeadersBuildPhase section */

/* Begin PBXNativeTarget section */
		CD01C7281991627100D5B8A6 /* Nativa */ = {
			isa = PBXNativeTarget;
			buildConfigurationList = CD01C7451991627100D5B8A6 /* Build configuration list for PBXNativeTarget "Nativa" */;
			buildPhases = (
				CD01C7251991627100D5B8A6 /* Sources */,
				CD01C7261991627100D5B8A6 /* Frameworks */,
				CD01C7271991627100D5B8A6 /* Resources */,
				CDF3D985199ECED5002B91C8 /* Embed XPC Services */,
			);
			buildRules = (
			);
			dependencies = (
				CD25A56B19A0703B005CF5AF /* PBXTargetDependency */,
				CDF3D97E199ECED5002B91C8 /* PBXTargetDependency */,
				CDF3D981199ECED5002B91C8 /* PBXTargetDependency */,
			);
			name = Nativa;
			productName = Nativa;
			productReference = CD01C7291991627100D5B8A6 /* Nativa.app */;
			productType = "com.apple.product-type.application";
		};
		CD01C73A1991627100D5B8A6 /* NativaTests */ = {
			isa = PBXNativeTarget;
			buildConfigurationList = CD01C7481991627100D5B8A6 /* Build configuration list for PBXNativeTarget "NativaTests" */;
			buildPhases = (
				CD01C7371991627100D5B8A6 /* Sources */,
				CD01C7381991627100D5B8A6 /* Frameworks */,
				CD01C7391991627100D5B8A6 /* Resources */,
			);
			buildRules = (
			);
			dependencies = (
				CD01C73D1991627100D5B8A6 /* PBXTargetDependency */,
			);
			name = NativaTests;
			productName = NativaTests;
			productReference = CD01C73B1991627100D5B8A6 /* NativaTests.xctest */;
			productType = "com.apple.product-type.bundle.unit-test";
		};
		CD25A55419A07003005CF5AF /* Common */ = {
			isa = PBXNativeTarget;
			buildConfigurationList = CD25A56719A07003005CF5AF /* Build configuration list for PBXNativeTarget "Common" */;
			buildPhases = (
				CD25A55119A07003005CF5AF /* Sources */,
				CD25A55219A07003005CF5AF /* Frameworks */,
				CD25A55319A07003005CF5AF /* Headers */,
			);
			buildRules = (
			);
			dependencies = (
			);
			name = Common;
			productName = Common;
			productReference = CD25A55519A07003005CF5AF /* libCommon.dylib */;
			productType = "com.apple.product-type.library.dynamic";
		};
		CD25A55E19A07003005CF5AF /* CommonTests */ = {
			isa = PBXNativeTarget;
			buildConfigurationList = CD25A56819A07003005CF5AF /* Build configuration list for PBXNativeTarget "CommonTests" */;
			buildPhases = (
				CD25A55B19A07003005CF5AF /* Sources */,
				CD25A55C19A07003005CF5AF /* Frameworks */,
				CD25A55D19A07003005CF5AF /* Resources */,
			);
			buildRules = (
			);
			dependencies = (
			);
			name = CommonTests;
			productName = CommonTests;
			productReference = CD25A55F19A07003005CF5AF /* CommonTests.xctest */;
			productType = "com.apple.product-type.bundle.unit-test";
		};
		CDF3D972199ECED5002B91C8 /* NativaHelper */ = {
			isa = PBXNativeTarget;
			buildConfigurationList = CDF3D984199ECED5002B91C8 /* Build configuration list for PBXNativeTarget "NativaHelper" */;
			buildPhases = (
				CDF3D96F199ECED5002B91C8 /* Sources */,
				CDF3D970199ECED5002B91C8 /* Frameworks */,
				CDF3D971199ECED5002B91C8 /* Resources */,
			);
			buildRules = (
			);
			dependencies = (
				CD30A0C11B8CF09D00D84BE2 /* PBXTargetDependency */,
				CD25A56D19A07045005CF5AF /* PBXTargetDependency */,
			);
			name = NativaHelper;
			productName = DownloaderService;
			productReference = CDF3D973199ECED5002B91C8 /* NativaHelper.xpc */;
			productType = "com.apple.product-type.xpc-service";
		};
/* End PBXNativeTarget section */

/* Begin PBXProject section */
		CD01C7211991627100D5B8A6 /* Project object */ = {
			isa = PBXProject;
			attributes = {
				LastSwiftMigration = 0700;
				LastSwiftUpdateCheck = 0700;
				LastUpgradeCheck = 0700;
				ORGANIZATIONNAME = "Aramzamzam LLC";
				TargetAttributes = {
					CD01C7281991627100D5B8A6 = {
						CreatedOnToolsVersion = 6.0;
					};
					CD01C73A1991627100D5B8A6 = {
						CreatedOnToolsVersion = 6.0;
						TestTargetID = CD01C7281991627100D5B8A6;
					};
					CD25A55419A07003005CF5AF = {
						CreatedOnToolsVersion = 6.0;
					};
					CD25A55E19A07003005CF5AF = {
						CreatedOnToolsVersion = 6.0;
					};
					CDF3D972199ECED5002B91C8 = {
						CreatedOnToolsVersion = 6.0;
					};
				};
			};
			buildConfigurationList = CD01C7241991627100D5B8A6 /* Build configuration list for PBXProject "Nativa" */;
			compatibilityVersion = "Xcode 3.2";
			developmentRegion = English;
			hasScannedForEncodings = 0;
			knownRegions = (
				en,
				Base,
			);
			mainGroup = CD01C7201991627100D5B8A6;
			productRefGroup = CD01C72A1991627100D5B8A6 /* Products */;
			projectDirPath = "";
			projectReferences = (
				{
					ProductGroup = CD30A0B71B8CF08B00D84BE2 /* Products */;
					ProjectRef = CD30A0B61B8CF08B00D84BE2 /* SwiftySSH.xcodeproj */;
				},
			);
			projectRoot = "";
			targets = (
				CD01C7281991627100D5B8A6 /* Nativa */,
				CD01C73A1991627100D5B8A6 /* NativaTests */,
				CDF3D972199ECED5002B91C8 /* NativaHelper */,
				CD25A55419A07003005CF5AF /* Common */,
				CD25A55E19A07003005CF5AF /* CommonTests */,
			);
		};
/* End PBXProject section */

/* Begin PBXReferenceProxy section */
		CD30A0BC1B8CF08B00D84BE2 /* SwiftySSH.framework */ = {
			isa = PBXReferenceProxy;
			fileType = wrapper.framework;
			path = SwiftySSH.framework;
			remoteRef = CD30A0BB1B8CF08B00D84BE2 /* PBXContainerItemProxy */;
			sourceTree = BUILT_PRODUCTS_DIR;
		};
		CD30A0BE1B8CF08B00D84BE2 /* SwiftySSHTests.xctest */ = {
			isa = PBXReferenceProxy;
			fileType = wrapper.cfbundle;
			path = SwiftySSHTests.xctest;
			remoteRef = CD30A0BD1B8CF08B00D84BE2 /* PBXContainerItemProxy */;
			sourceTree = BUILT_PRODUCTS_DIR;
		};
/* End PBXReferenceProxy section */

/* Begin PBXResourcesBuildPhase section */
		CD01C7271991627100D5B8A6 /* Resources */ = {
			isa = PBXResourcesBuildPhase;
			buildActionMask = 2147483647;
			files = (
				CD7EFCB019F87378001AE5E9 /* FolderName.xib in Resources */,
				CD1E616C19F5C1C5006C23CA /* Main.storyboard in Resources */,
				CDB2614F19F860B600DE168C /* FileName.xib in Resources */,
				CD01C7331991627100D5B8A6 /* Images.xcassets in Resources */,
			);
			runOnlyForDeploymentPostprocessing = 0;
		};
		CD01C7391991627100D5B8A6 /* Resources */ = {
			isa = PBXResourcesBuildPhase;
			buildActionMask = 2147483647;
			files = (
			);
			runOnlyForDeploymentPostprocessing = 0;
		};
		CD25A55D19A07003005CF5AF /* Resources */ = {
			isa = PBXResourcesBuildPhase;
			buildActionMask = 2147483647;
			files = (
			);
			runOnlyForDeploymentPostprocessing = 0;
		};
		CDF3D971199ECED5002B91C8 /* Resources */ = {
			isa = PBXResourcesBuildPhase;
			buildActionMask = 2147483647;
			files = (
			);
			runOnlyForDeploymentPostprocessing = 0;
		};
/* End PBXResourcesBuildPhase section */

/* Begin PBXSourcesBuildPhase section */
		CD01C7251991627100D5B8A6 /* Sources */ = {
			isa = PBXSourcesBuildPhase;
			buildActionMask = 2147483647;
			files = (
				CD01C74E199162EB00D5B8A6 /* DownloadsViewController.swift in Sources */,
				CDB2614D19F85F8B00DE168C /* FileNameCell.swift in Sources */,
				CD01C7311991627100D5B8A6 /* AppDelegate.swift in Sources */,
				CD69F50019A6ADD80056BA62 /* Download.swift in Sources */,
				CD69F50119A6ADD80056BA62 /* Group.swift in Sources */,
				CD03055F19AE9B1100E8BF42 /* Timer.swift in Sources */,
				CDDFC50319996D9B00F5F6B7 /* ButtonToolbarItem.swift in Sources */,
				CDEE44DE1991E1EE00FB76AC /* DownloadCell.swift in Sources */,
				CDB54D8019A155EC00D777D5 /* Formatter.swift in Sources */,
				CD7EC18D19E5AEB700C09042 /* FileOutlineViewController.swift in Sources */,
				CD0062CD1B82E14E005BAE46 /* Preferences.swift in Sources */,
				CD156B941B88347600CDD8F3 /* InspectorFilesViewController.swift in Sources */,
				CD7EFCB219F87426001AE5E9 /* FolderNameCell.swift in Sources */,
				CDCCFA511B77EDE60028EDCB /* Utils.swift in Sources */,
				CDFFC20B19DB747F0072EEAD /* FileListNode.swift in Sources */,
				CD0D45551B8ABEA7004DB8E1 /* InspectorViewController.swift in Sources */,
				CD526BA81992C2A9003D8671 /* Datasource.swift in Sources */,
				CDFFC20819DB6D2E0072EEAD /* AddTorrentViewController.swift in Sources */,
				CD23AEE719E1E6C80027A47D /* DownloadDropView.swift in Sources */,
				CDB54D7C19A13F7100D777D5 /* GroupCell.swift in Sources */,
			);
			runOnlyForDeploymentPostprocessing = 0;
		};
		CD01C7371991627100D5B8A6 /* Sources */ = {
			isa = PBXSourcesBuildPhase;
			buildActionMask = 2147483647;
			files = (
				CD10C3141B8994DA00EF9284 /* bencode.swift in Sources */,
				CD10C3151B8994DA00EF9284 /* NativaHelper.swift in Sources */,
				CD10C3161B8994DA00EF9284 /* RTorrent.swift in Sources */,
				CD10C3171B8994DA00EF9284 /* SCGIEncoder.swift in Sources */,
				CD10C3181B8994DA00EF9284 /* Utils.swift in Sources */,
				CD10C3191B8994DA00EF9284 /* XMLRPCDecoder.swift in Sources */,
				CD10C31A1B8994DA00EF9284 /* XMLRPCEncoder.swift in Sources */,
				CD10C3131B8994A600EF9284 /* HelperTests.swift in Sources */,
			);
			runOnlyForDeploymentPostprocessing = 0;
		};
		CD25A55119A07003005CF5AF /* Sources */ = {
			isa = PBXSourcesBuildPhase;
			buildActionMask = 2147483647;
			files = (
				CD10C3041B8987AC00EF9284 /* SyncableArray.swift in Sources */,
				CD10C2EA1B891F9400EF9284 /* NativaHelperProtocol.swift in Sources */,
				CD10C3051B8987AC00EF9284 /* Synchronized.swift in Sources */,
			);
			runOnlyForDeploymentPostprocessing = 0;
		};
		CD25A55B19A07003005CF5AF /* Sources */ = {
			isa = PBXSourcesBuildPhase;
			buildActionMask = 2147483647;
			files = (
				CDC7617019D3D9FF0037EAD5 /* TorrentParserTest.swift in Sources */,
			);
			runOnlyForDeploymentPostprocessing = 0;
		};
		CDF3D96F199ECED5002B91C8 /* Sources */ = {
			isa = PBXSourcesBuildPhase;
			buildActionMask = 2147483647;
			files = (
				CD10C2FF1B89878500EF9284 /* bencode.swift in Sources */,
				CD10C2FA1B8920EE00EF9284 /* XMLRPCDecoder.swift in Sources */,
				CD10C2FB1B8920EE00EF9284 /* XMLRPCEncoder.swift in Sources */,
				CD10C2F91B8920EE00EF9284 /* Utils.swift in Sources */,
				CD10C2F71B8920EE00EF9284 /* RTorrent.swift in Sources */,
				CD10C2F61B8920EE00EF9284 /* NativaHelper.swift in Sources */,
				CD10C2F81B8920EE00EF9284 /* SCGIEncoder.swift in Sources */,
				CD10C2F51B8920EE00EF9284 /* main.swift in Sources */,
			);
			runOnlyForDeploymentPostprocessing = 0;
		};
/* End PBXSourcesBuildPhase section */

/* Begin PBXTargetDependency section */
		CD01C73D1991627100D5B8A6 /* PBXTargetDependency */ = {
			isa = PBXTargetDependency;
			target = CD01C7281991627100D5B8A6 /* Nativa */;
			targetProxy = CD01C73C1991627100D5B8A6 /* PBXContainerItemProxy */;
		};
		CD25A56B19A0703B005CF5AF /* PBXTargetDependency */ = {
			isa = PBXTargetDependency;
			target = CD25A55419A07003005CF5AF /* Common */;
			targetProxy = CD25A56A19A0703B005CF5AF /* PBXContainerItemProxy */;
		};
		CD25A56D19A07045005CF5AF /* PBXTargetDependency */ = {
			isa = PBXTargetDependency;
			target = CD25A55419A07003005CF5AF /* Common */;
			targetProxy = CD25A56C19A07045005CF5AF /* PBXContainerItemProxy */;
		};
		CD30A0C11B8CF09D00D84BE2 /* PBXTargetDependency */ = {
			isa = PBXTargetDependency;
			name = SwiftySSH;
			targetProxy = CD30A0C01B8CF09D00D84BE2 /* PBXContainerItemProxy */;
		};
		CDF3D97E199ECED5002B91C8 /* PBXTargetDependency */ = {
			isa = PBXTargetDependency;
			target = CDF3D972199ECED5002B91C8 /* NativaHelper */;
			targetProxy = CDF3D97D199ECED5002B91C8 /* PBXContainerItemProxy */;
		};
		CDF3D981199ECED5002B91C8 /* PBXTargetDependency */ = {
			isa = PBXTargetDependency;
			target = CDF3D972199ECED5002B91C8 /* NativaHelper */;
			targetProxy = CDF3D980199ECED5002B91C8 /* PBXContainerItemProxy */;
		};
/* End PBXTargetDependency section */

/* Begin XCBuildConfiguration section */
		CD01C7431991627100D5B8A6 /* Debug */ = {
			isa = XCBuildConfiguration;
			buildSettings = {
				ALWAYS_SEARCH_USER_PATHS = NO;
				CLANG_CXX_LANGUAGE_STANDARD = "gnu++0x";
				CLANG_CXX_LIBRARY = "libc++";
				CLANG_ENABLE_MODULES = YES;
				CLANG_ENABLE_OBJC_ARC = YES;
				CLANG_WARN_BOOL_CONVERSION = YES;
				CLANG_WARN_CONSTANT_CONVERSION = YES;
				CLANG_WARN_DIRECT_OBJC_ISA_USAGE = YES_ERROR;
				CLANG_WARN_EMPTY_BODY = YES;
				CLANG_WARN_ENUM_CONVERSION = YES;
				CLANG_WARN_INT_CONVERSION = YES;
				CLANG_WARN_OBJC_ROOT_CLASS = YES_ERROR;
				CLANG_WARN_UNREACHABLE_CODE = YES;
				CLANG_WARN__DUPLICATE_METHOD_MATCH = YES;
				CODE_SIGN_IDENTITY = "-";
				COPY_PHASE_STRIP = NO;
				ENABLE_STRICT_OBJC_MSGSEND = YES;
				ENABLE_TESTABILITY = YES;
				GCC_C_LANGUAGE_STANDARD = gnu99;
				GCC_DYNAMIC_NO_PIC = NO;
				GCC_OPTIMIZATION_LEVEL = 0;
				GCC_PREPROCESSOR_DEFINITIONS = (
					"DEBUG=1",
					"$(inherited)",
				);
				GCC_SYMBOLS_PRIVATE_EXTERN = NO;
				GCC_WARN_64_TO_32_BIT_CONVERSION = YES;
				GCC_WARN_ABOUT_RETURN_TYPE = YES_ERROR;
				GCC_WARN_UNDECLARED_SELECTOR = YES;
				GCC_WARN_UNINITIALIZED_AUTOS = YES_AGGRESSIVE;
				GCC_WARN_UNUSED_FUNCTION = YES;
				GCC_WARN_UNUSED_VARIABLE = YES;
				MACOSX_DEPLOYMENT_TARGET = 10.10;
				MTL_ENABLE_DEBUG_INFO = YES;
				ONLY_ACTIVE_ARCH = YES;
				SDKROOT = macosx;
				SWIFT_OPTIMIZATION_LEVEL = "-Onone";
			};
			name = Debug;
		};
		CD01C7441991627100D5B8A6 /* Release */ = {
			isa = XCBuildConfiguration;
			buildSettings = {
				ALWAYS_SEARCH_USER_PATHS = NO;
				CLANG_CXX_LANGUAGE_STANDARD = "gnu++0x";
				CLANG_CXX_LIBRARY = "libc++";
				CLANG_ENABLE_MODULES = YES;
				CLANG_ENABLE_OBJC_ARC = YES;
				CLANG_WARN_BOOL_CONVERSION = YES;
				CLANG_WARN_CONSTANT_CONVERSION = YES;
				CLANG_WARN_DIRECT_OBJC_ISA_USAGE = YES_ERROR;
				CLANG_WARN_EMPTY_BODY = YES;
				CLANG_WARN_ENUM_CONVERSION = YES;
				CLANG_WARN_INT_CONVERSION = YES;
				CLANG_WARN_OBJC_ROOT_CLASS = YES_ERROR;
				CLANG_WARN_UNREACHABLE_CODE = YES;
				CLANG_WARN__DUPLICATE_METHOD_MATCH = YES;
				CODE_SIGN_IDENTITY = "-";
				COPY_PHASE_STRIP = YES;
				DEBUG_INFORMATION_FORMAT = "dwarf-with-dsym";
				ENABLE_NS_ASSERTIONS = NO;
				ENABLE_STRICT_OBJC_MSGSEND = YES;
				GCC_C_LANGUAGE_STANDARD = gnu99;
				GCC_WARN_64_TO_32_BIT_CONVERSION = YES;
				GCC_WARN_ABOUT_RETURN_TYPE = YES_ERROR;
				GCC_WARN_UNDECLARED_SELECTOR = YES;
				GCC_WARN_UNINITIALIZED_AUTOS = YES_AGGRESSIVE;
				GCC_WARN_UNUSED_FUNCTION = YES;
				GCC_WARN_UNUSED_VARIABLE = YES;
				MACOSX_DEPLOYMENT_TARGET = 10.10;
				MTL_ENABLE_DEBUG_INFO = NO;
				SDKROOT = macosx;
			};
			name = Release;
		};
		CD01C7461991627100D5B8A6 /* Debug */ = {
			isa = XCBuildConfiguration;
			buildSettings = {
				ASSETCATALOG_COMPILER_APPICON_NAME = AppIcon;
				COMBINE_HIDPI_IMAGES = YES;
				EMBEDDED_CONTENT_CONTAINS_SWIFT = YES;
				INFOPLIST_FILE = Nativa/Info.plist;
				LD_RUNPATH_SEARCH_PATHS = "$(inherited) @executable_path/../Frameworks";
				PRODUCT_BUNDLE_IDENTIFIER = "net.aramzamzam.$(PRODUCT_NAME:rfc1034identifier)";
				PRODUCT_NAME = "$(TARGET_NAME)";
				SWIFT_INCLUDE_PATHS = "$(SOURCE_ROOT)/Common";
			};
			name = Debug;
		};
		CD01C7471991627100D5B8A6 /* Release */ = {
			isa = XCBuildConfiguration;
			buildSettings = {
				ASSETCATALOG_COMPILER_APPICON_NAME = AppIcon;
				COMBINE_HIDPI_IMAGES = YES;
				EMBEDDED_CONTENT_CONTAINS_SWIFT = YES;
				INFOPLIST_FILE = Nativa/Info.plist;
				LD_RUNPATH_SEARCH_PATHS = "$(inherited) @executable_path/../Frameworks";
				PRODUCT_BUNDLE_IDENTIFIER = "net.aramzamzam.$(PRODUCT_NAME:rfc1034identifier)";
				PRODUCT_NAME = "$(TARGET_NAME)";
				SWIFT_INCLUDE_PATHS = "$(SOURCE_ROOT)/Common";
			};
			name = Release;
		};
		CD01C7491991627100D5B8A6 /* Debug */ = {
			isa = XCBuildConfiguration;
			buildSettings = {
				BUNDLE_LOADER = "$(TEST_HOST)";
				CLANG_ENABLE_MODULES = YES;
				COMBINE_HIDPI_IMAGES = YES;
				FRAMEWORK_SEARCH_PATHS = (
					"$(DEVELOPER_FRAMEWORKS_DIR)",
					"$(inherited)",
				);
				GCC_PREPROCESSOR_DEFINITIONS = (
					"DEBUG=1",
					"$(inherited)",
				);
				INFOPLIST_FILE = NativaTests/Info.plist;
				LD_RUNPATH_SEARCH_PATHS = "$(inherited) @executable_path/../Frameworks @loader_path/../Frameworks";
				PRODUCT_BUNDLE_IDENTIFIER = "net.aramzamzam.$(PRODUCT_NAME:rfc1034identifier)";
				PRODUCT_NAME = "$(TARGET_NAME)";
				SWIFT_OPTIMIZATION_LEVEL = "-Onone";
				TEST_HOST = "$(BUILT_PRODUCTS_DIR)/Nativa.app/Contents/MacOS/Nativa";
			};
			name = Debug;
		};
		CD01C74A1991627100D5B8A6 /* Release */ = {
			isa = XCBuildConfiguration;
			buildSettings = {
				BUNDLE_LOADER = "$(TEST_HOST)";
				CLANG_ENABLE_MODULES = YES;
				COMBINE_HIDPI_IMAGES = YES;
				FRAMEWORK_SEARCH_PATHS = (
					"$(DEVELOPER_FRAMEWORKS_DIR)",
					"$(inherited)",
				);
				INFOPLIST_FILE = NativaTests/Info.plist;
				LD_RUNPATH_SEARCH_PATHS = "$(inherited) @executable_path/../Frameworks @loader_path/../Frameworks";
				PRODUCT_BUNDLE_IDENTIFIER = "net.aramzamzam.$(PRODUCT_NAME:rfc1034identifier)";
				PRODUCT_NAME = "$(TARGET_NAME)";
				TEST_HOST = "$(BUILT_PRODUCTS_DIR)/Nativa.app/Contents/MacOS/Nativa";
			};
			name = Release;
		};
		CD25A56319A07003005CF5AF /* Debug */ = {
			isa = XCBuildConfiguration;
			buildSettings = {
				CLANG_ENABLE_MODULES = YES;
				COMBINE_HIDPI_IMAGES = YES;
				DYLIB_COMPATIBILITY_VERSION = 1;
				DYLIB_CURRENT_VERSION = 1;
				EXECUTABLE_PREFIX = lib;
				GCC_PREPROCESSOR_DEFINITIONS = (
					"DEBUG=1",
					"$(inherited)",
				);
				LD_RUNPATH_SEARCH_PATHS = "$(inherited) @executable_path/../Frameworks @loader_path/../Frameworks";
				PRODUCT_NAME = "$(TARGET_NAME)";
				SWIFT_OPTIMIZATION_LEVEL = "-Onone";
			};
			name = Debug;
		};
		CD25A56419A07003005CF5AF /* Release */ = {
			isa = XCBuildConfiguration;
			buildSettings = {
				CLANG_ENABLE_MODULES = YES;
				COMBINE_HIDPI_IMAGES = YES;
				DYLIB_COMPATIBILITY_VERSION = 1;
				DYLIB_CURRENT_VERSION = 1;
				EXECUTABLE_PREFIX = lib;
				LD_RUNPATH_SEARCH_PATHS = "$(inherited) @executable_path/../Frameworks @loader_path/../Frameworks";
				PRODUCT_NAME = "$(TARGET_NAME)";
			};
			name = Release;
		};
		CD25A56519A07003005CF5AF /* Debug */ = {
			isa = XCBuildConfiguration;
			buildSettings = {
				COMBINE_HIDPI_IMAGES = YES;
				FRAMEWORK_SEARCH_PATHS = (
					"$(DEVELOPER_FRAMEWORKS_DIR)",
					"$(inherited)",
				);
				GCC_PREPROCESSOR_DEFINITIONS = (
					"DEBUG=1",
					"$(inherited)",
				);
				INFOPLIST_FILE = CommonTests/Info.plist;
				LD_RUNPATH_SEARCH_PATHS = "$(inherited) @executable_path/../Frameworks @loader_path/../Frameworks";
				PRODUCT_BUNDLE_IDENTIFIER = "net.aramzamzam.Nativa.$(PRODUCT_NAME:rfc1034identifier)";
				PRODUCT_NAME = "$(TARGET_NAME)";
			};
			name = Debug;
		};
		CD25A56619A07003005CF5AF /* Release */ = {
			isa = XCBuildConfiguration;
			buildSettings = {
				COMBINE_HIDPI_IMAGES = YES;
				FRAMEWORK_SEARCH_PATHS = (
					"$(DEVELOPER_FRAMEWORKS_DIR)",
					"$(inherited)",
				);
				INFOPLIST_FILE = CommonTests/Info.plist;
				LD_RUNPATH_SEARCH_PATHS = "$(inherited) @executable_path/../Frameworks @loader_path/../Frameworks";
				PRODUCT_BUNDLE_IDENTIFIER = "net.aramzamzam.Nativa.$(PRODUCT_NAME:rfc1034identifier)";
				PRODUCT_NAME = "$(TARGET_NAME)";
			};
			name = Release;
		};
		CDF3D982199ECED5002B91C8 /* Debug */ = {
			isa = XCBuildConfiguration;
			buildSettings = {
				CLANG_ENABLE_MODULES = YES;
				COMBINE_HIDPI_IMAGES = YES;
				GCC_PREPROCESSOR_DEFINITIONS = (
					"DEBUG=1",
					"$(inherited)",
				);
				INFOPLIST_FILE = NativaHelper/Info.plist;
				LD_RUNPATH_SEARCH_PATHS = "$(inherited) @executable_path/../../../../Frameworks @loader_path/../../../../Frameworks";
				PRODUCT_BUNDLE_IDENTIFIER = net.aramzamzam.Nativa.NativaHelper;
				PRODUCT_NAME = "$(TARGET_NAME)";
				SKIP_INSTALL = YES;
				SWIFT_INCLUDE_PATHS = "$(SOURCE_ROOT)/Common";
				SWIFT_OPTIMIZATION_LEVEL = "-Onone";
			};
			name = Debug;
		};
		CDF3D983199ECED5002B91C8 /* Release */ = {
			isa = XCBuildConfiguration;
			buildSettings = {
				CLANG_ENABLE_MODULES = YES;
				COMBINE_HIDPI_IMAGES = YES;
				INFOPLIST_FILE = NativaHelper/Info.plist;
				LD_RUNPATH_SEARCH_PATHS = "$(inherited) @executable_path/../../../../Frameworks @loader_path/../../../../Frameworks";
				PRODUCT_BUNDLE_IDENTIFIER = net.aramzamzam.Nativa.NativaHelper;
				PRODUCT_NAME = "$(TARGET_NAME)";
				SKIP_INSTALL = YES;
				SWIFT_INCLUDE_PATHS = "$(SOURCE_ROOT)/Common";
			};
			name = Release;
		};
/* End XCBuildConfiguration section */

/* Begin XCConfigurationList section */
		CD01C7241991627100D5B8A6 /* Build configuration list for PBXProject "Nativa" */ = {
			isa = XCConfigurationList;
			buildConfigurations = (
				CD01C7431991627100D5B8A6 /* Debug */,
				CD01C7441991627100D5B8A6 /* Release */,
			);
			defaultConfigurationIsVisible = 0;
			defaultConfigurationName = Release;
		};
		CD01C7451991627100D5B8A6 /* Build configuration list for PBXNativeTarget "Nativa" */ = {
			isa = XCConfigurationList;
			buildConfigurations = (
				CD01C7461991627100D5B8A6 /* Debug */,
				CD01C7471991627100D5B8A6 /* Release */,
			);
			defaultConfigurationIsVisible = 0;
			defaultConfigurationName = Release;
		};
		CD01C7481991627100D5B8A6 /* Build configuration list for PBXNativeTarget "NativaTests" */ = {
			isa = XCConfigurationList;
			buildConfigurations = (
				CD01C7491991627100D5B8A6 /* Debug */,
				CD01C74A1991627100D5B8A6 /* Release */,
			);
			defaultConfigurationIsVisible = 0;
			defaultConfigurationName = Release;
		};
		CD25A56719A07003005CF5AF /* Build configuration list for PBXNativeTarget "Common" */ = {
			isa = XCConfigurationList;
			buildConfigurations = (
				CD25A56319A07003005CF5AF /* Debug */,
				CD25A56419A07003005CF5AF /* Release */,
			);
			defaultConfigurationIsVisible = 0;
			defaultConfigurationName = Release;
		};
		CD25A56819A07003005CF5AF /* Build configuration list for PBXNativeTarget "CommonTests" */ = {
			isa = XCConfigurationList;
			buildConfigurations = (
				CD25A56519A07003005CF5AF /* Debug */,
				CD25A56619A07003005CF5AF /* Release */,
			);
			defaultConfigurationIsVisible = 0;
			defaultConfigurationName = Release;
		};
		CDF3D984199ECED5002B91C8 /* Build configuration list for PBXNativeTarget "NativaHelper" */ = {
			isa = XCConfigurationList;
			buildConfigurations = (
				CDF3D982199ECED5002B91C8 /* Debug */,
				CDF3D983199ECED5002B91C8 /* Release */,
			);
			defaultConfigurationIsVisible = 0;
			defaultConfigurationName = Release;
		};
/* End XCConfigurationList section */
	};
	rootObject = CD01C7211991627100D5B8A6 /* Project object */;
}
