// !$*UTF8*$!
{
	archiveVersion = 1;
	classes = {
	};
	objectVersion = 46;
	objects = {

/* Begin PBXBuildFile section */
		CD0062CD1B82E14E005BAE46 /* Preferences.swift in Sources */ = {isa = PBXBuildFile; fileRef = CD0062CC1B82E14E005BAE46 /* Preferences.swift */; };
		CD01C7311991627100D5B8A6 /* AppDelegate.swift in Sources */ = {isa = PBXBuildFile; fileRef = CD01C7301991627100D5B8A6 /* AppDelegate.swift */; };
		CD01C7331991627100D5B8A6 /* Images.xcassets in Resources */ = {isa = PBXBuildFile; fileRef = CD01C7321991627100D5B8A6 /* Images.xcassets */; };
		CD01C74E199162EB00D5B8A6 /* DownloadsViewController.swift in Sources */ = {isa = PBXBuildFile; fileRef = CD01C74D199162EB00D5B8A6 /* DownloadsViewController.swift */; };
		CD03055F19AE9B1100E8BF42 /* Timer.swift in Sources */ = {isa = PBXBuildFile; fileRef = CD03055E19AE9B1100E8BF42 /* Timer.swift */; };
		CD0D45551B8ABEA7004DB8E1 /* InspectorViewController.swift in Sources */ = {isa = PBXBuildFile; fileRef = CD0D45541B8ABEA7004DB8E1 /* InspectorViewController.swift */; };
		CD10C2F51B8920EE00EF9284 /* main.swift in Sources */ = {isa = PBXBuildFile; fileRef = CD10C2ED1B8920EE00EF9284 /* main.swift */; };
		CD10C2F61B8920EE00EF9284 /* NativaHelper.swift in Sources */ = {isa = PBXBuildFile; fileRef = CD10C2EE1B8920EE00EF9284 /* NativaHelper.swift */; };
		CD10C2F71B8920EE00EF9284 /* RTorrent.swift in Sources */ = {isa = PBXBuildFile; fileRef = CD10C2EF1B8920EE00EF9284 /* RTorrent.swift */; };
		CD10C2F81B8920EE00EF9284 /* SCGIEncoder.swift in Sources */ = {isa = PBXBuildFile; fileRef = CD10C2F01B8920EE00EF9284 /* SCGIEncoder.swift */; };
		CD10C2F91B8920EE00EF9284 /* Utils.swift in Sources */ = {isa = PBXBuildFile; fileRef = CD10C2F11B8920EE00EF9284 /* Utils.swift */; };
		CD10C2FA1B8920EE00EF9284 /* XMLRPCDecoder.swift in Sources */ = {isa = PBXBuildFile; fileRef = CD10C2F21B8920EE00EF9284 /* XMLRPCDecoder.swift */; };
		CD10C2FB1B8920EE00EF9284 /* XMLRPCEncoder.swift in Sources */ = {isa = PBXBuildFile; fileRef = CD10C2F31B8920EE00EF9284 /* XMLRPCEncoder.swift */; };
		CD10C3131B8994A600EF9284 /* HelperTests.swift in Sources */ = {isa = PBXBuildFile; fileRef = CD10C3121B8994A600EF9284 /* HelperTests.swift */; };
		CD10C3151B8994DA00EF9284 /* NativaHelper.swift in Sources */ = {isa = PBXBuildFile; fileRef = CD10C2EE1B8920EE00EF9284 /* NativaHelper.swift */; };
		CD10C3161B8994DA00EF9284 /* RTorrent.swift in Sources */ = {isa = PBXBuildFile; fileRef = CD10C2EF1B8920EE00EF9284 /* RTorrent.swift */; };
		CD10C3171B8994DA00EF9284 /* SCGIEncoder.swift in Sources */ = {isa = PBXBuildFile; fileRef = CD10C2F01B8920EE00EF9284 /* SCGIEncoder.swift */; };
		CD10C3181B8994DA00EF9284 /* Utils.swift in Sources */ = {isa = PBXBuildFile; fileRef = CD10C2F11B8920EE00EF9284 /* Utils.swift */; };
		CD10C3191B8994DA00EF9284 /* XMLRPCDecoder.swift in Sources */ = {isa = PBXBuildFile; fileRef = CD10C2F21B8920EE00EF9284 /* XMLRPCDecoder.swift */; };
		CD10C31A1B8994DA00EF9284 /* XMLRPCEncoder.swift in Sources */ = {isa = PBXBuildFile; fileRef = CD10C2F31B8920EE00EF9284 /* XMLRPCEncoder.swift */; };
		CD156B941B88347600CDD8F3 /* InspectorFilesViewController.swift in Sources */ = {isa = PBXBuildFile; fileRef = CD156B931B88347600CDD8F3 /* InspectorFilesViewController.swift */; };
		CD171F941B8F970B00014966 /* Connection.swift in Sources */ = {isa = PBXBuildFile; fileRef = CD171F911B8F970B00014966 /* Connection.swift */; };
		CD171F951B8F970B00014966 /* Connection.swift in Sources */ = {isa = PBXBuildFile; fileRef = CD171F911B8F970B00014966 /* Connection.swift */; };
		CD171F961B8F970B00014966 /* SSHConnection.swift in Sources */ = {isa = PBXBuildFile; fileRef = CD171F921B8F970B00014966 /* SSHConnection.swift */; };
		CD171F971B8F970B00014966 /* SSHConnection.swift in Sources */ = {isa = PBXBuildFile; fileRef = CD171F921B8F970B00014966 /* SSHConnection.swift */; };
		CD171F981B8F970B00014966 /* TCPConnection.swift in Sources */ = {isa = PBXBuildFile; fileRef = CD171F931B8F970B00014966 /* TCPConnection.swift */; };
		CD171F991B8F970B00014966 /* TCPConnection.swift in Sources */ = {isa = PBXBuildFile; fileRef = CD171F931B8F970B00014966 /* TCPConnection.swift */; };
		CD1E616C19F5C1C5006C23CA /* Main.storyboard in Resources */ = {isa = PBXBuildFile; fileRef = CD1E616B19F5C1C5006C23CA /* Main.storyboard */; };
		CD23AEE719E1E6C80027A47D /* DownloadDropView.swift in Sources */ = {isa = PBXBuildFile; fileRef = CD23AEE619E1E6C80027A47D /* DownloadDropView.swift */; };
		CD4C13D91BABC31B00D02AED /* InspectorDownloadInfoViewController.swift in Sources */ = {isa = PBXBuildFile; fileRef = CD4C13D81BABC31B00D02AED /* InspectorDownloadInfoViewController.swift */; };
		CD526BA81992C2A9003D8671 /* Datasource.swift in Sources */ = {isa = PBXBuildFile; fileRef = CD526BA71992C2A9003D8671 /* Datasource.swift */; };
		CD5AA8881B97976F00517F47 /* Sparkle.framework in CopyFiles */ = {isa = PBXBuildFile; fileRef = CD5AA86C1B9796E000517F47 /* Sparkle.framework */; settings = {ATTRIBUTES = (CodeSignOnCopy, RemoveHeadersOnCopy, ); }; };
		CD5AA88A1B97978000517F47 /* Sparkle.framework in Frameworks */ = {isa = PBXBuildFile; fileRef = CD5AA86C1B9796E000517F47 /* Sparkle.framework */; };
		CD5AA88B1B97978D00517F47 /* SwiftySSH.framework in Frameworks */ = {isa = PBXBuildFile; fileRef = CD5AA8591B9795F200517F47 /* SwiftySSH.framework */; };
		CD5AA8B61B97B89E00517F47 /* dsa_pub.pem in Resources */ = {isa = PBXBuildFile; fileRef = CD5AA8B51B97B89E00517F47 /* dsa_pub.pem */; };
		CD6851A41B90CB7600A810F1 /* Error.swift in Sources */ = {isa = PBXBuildFile; fileRef = CD68519F1B90CB7600A810F1 /* Error.swift */; };
		CD6851A51B90CB7600A810F1 /* Error.swift in Sources */ = {isa = PBXBuildFile; fileRef = CD68519F1B90CB7600A810F1 /* Error.swift */; };
		CD6851A61B90CB7600A810F1 /* Error.swift in Sources */ = {isa = PBXBuildFile; fileRef = CD68519F1B90CB7600A810F1 /* Error.swift */; };
		CD6851A71B90CB7600A810F1 /* Logger.swift in Sources */ = {isa = PBXBuildFile; fileRef = CD6851A01B90CB7600A810F1 /* Logger.swift */; };
		CD6851A81B90CB7600A810F1 /* Logger.swift in Sources */ = {isa = PBXBuildFile; fileRef = CD6851A01B90CB7600A810F1 /* Logger.swift */; };
		CD6851A91B90CB7600A810F1 /* Logger.swift in Sources */ = {isa = PBXBuildFile; fileRef = CD6851A01B90CB7600A810F1 /* Logger.swift */; };
		CD6851AA1B90CB7600A810F1 /* NativaHelperProtocol.swift in Sources */ = {isa = PBXBuildFile; fileRef = CD6851A11B90CB7600A810F1 /* NativaHelperProtocol.swift */; };
		CD6851AB1B90CB7600A810F1 /* NativaHelperProtocol.swift in Sources */ = {isa = PBXBuildFile; fileRef = CD6851A11B90CB7600A810F1 /* NativaHelperProtocol.swift */; };
		CD6851AC1B90CB7600A810F1 /* NativaHelperProtocol.swift in Sources */ = {isa = PBXBuildFile; fileRef = CD6851A11B90CB7600A810F1 /* NativaHelperProtocol.swift */; };
		CD6851AD1B90CB7600A810F1 /* SyncableArray.swift in Sources */ = {isa = PBXBuildFile; fileRef = CD6851A21B90CB7600A810F1 /* SyncableArray.swift */; };
		CD6851AE1B90CB7600A810F1 /* SyncableArray.swift in Sources */ = {isa = PBXBuildFile; fileRef = CD6851A21B90CB7600A810F1 /* SyncableArray.swift */; };
		CD6851AF1B90CB7600A810F1 /* SyncableArray.swift in Sources */ = {isa = PBXBuildFile; fileRef = CD6851A21B90CB7600A810F1 /* SyncableArray.swift */; };
		CD6851B01B90CB7600A810F1 /* Synchronized.swift in Sources */ = {isa = PBXBuildFile; fileRef = CD6851A31B90CB7600A810F1 /* Synchronized.swift */; };
		CD6851B11B90CB7600A810F1 /* Synchronized.swift in Sources */ = {isa = PBXBuildFile; fileRef = CD6851A31B90CB7600A810F1 /* Synchronized.swift */; };
		CD6851B21B90CB7600A810F1 /* Synchronized.swift in Sources */ = {isa = PBXBuildFile; fileRef = CD6851A31B90CB7600A810F1 /* Synchronized.swift */; };
		CD69F50019A6ADD80056BA62 /* Download.swift in Sources */ = {isa = PBXBuildFile; fileRef = CD69F4FE19A6ADD80056BA62 /* Download.swift */; };
		CD69F50119A6ADD80056BA62 /* Group.swift in Sources */ = {isa = PBXBuildFile; fileRef = CD69F4FF19A6ADD80056BA62 /* Group.swift */; };
		CD703F9E1D16348600618A7F /* BorderedView.swift in Sources */ = {isa = PBXBuildFile; fileRef = CD703F9D1D16348600618A7F /* BorderedView.swift */; };
		CD703FAA1D1659A500618A7F /* WindowController.swift in Sources */ = {isa = PBXBuildFile; fileRef = CD703FA81D1659A500618A7F /* WindowController.swift */; };
		CD78F5551C38C82A0045F056 /* Config.swift in Sources */ = {isa = PBXBuildFile; fileRef = CD78F5541C38C82A0045F056 /* Config.swift */; };
		CD7EC18D19E5AEB700C09042 /* FileOutlineViewController.swift in Sources */ = {isa = PBXBuildFile; fileRef = CD7EC18C19E5AEB700C09042 /* FileOutlineViewController.swift */; };
		CD7EFCB019F87378001AE5E9 /* FolderName.xib in Resources */ = {isa = PBXBuildFile; fileRef = CD7EFCAF19F87378001AE5E9 /* FolderName.xib */; };
		CD7EFCB219F87426001AE5E9 /* FolderNameCell.swift in Sources */ = {isa = PBXBuildFile; fileRef = CD7EFCB119F87426001AE5E9 /* FolderNameCell.swift */; };
		CD8EC6C51BB084C200A9F7AE /* bad.torrent in Resources */ = {isa = PBXBuildFile; fileRef = CD8EC6C41BB084C200A9F7AE /* bad.torrent */; };
		CD90A79E1B8E5CF000889705 /* MainViewController.swift in Sources */ = {isa = PBXBuildFile; fileRef = CD90A79D1B8E5CF000889705 /* MainViewController.swift */; };
		CD9666251D78A5150030472A /* ProgressView.swift in Sources */ = {isa = PBXBuildFile; fileRef = CD9666241D78A5150030472A /* ProgressView.swift */; };
		CD9E103F1C18E99D00C390B3 /* NSFileManager.swift in Sources */ = {isa = PBXBuildFile; fileRef = CD9E103E1C18E99D00C390B3 /* NSFileManager.swift */; };
		CD9E104C1C1A096800C390B3 /* ScopeBar.swift in Sources */ = {isa = PBXBuildFile; fileRef = CD9E104B1C1A096800C390B3 /* ScopeBar.swift */; };
		CD9E104E1C1A417300C390B3 /* SyncableArrayTests.swift in Sources */ = {isa = PBXBuildFile; fileRef = CD9E104D1C1A417300C390B3 /* SyncableArrayTests.swift */; };
		CDA132541D078BE200CF22D8 /* Statistics.swift in Sources */ = {isa = PBXBuildFile; fileRef = CDA132531D078BE200CF22D8 /* Statistics.swift */; };
		CDA132611D07E3E700CF22D8 /* SpeedLimitViewController.swift in Sources */ = {isa = PBXBuildFile; fileRef = CDA132601D07E3E700CF22D8 /* SpeedLimitViewController.swift */; };
		CDB2614D19F85F8B00DE168C /* FileNameCell.swift in Sources */ = {isa = PBXBuildFile; fileRef = CDB2614C19F85F8B00DE168C /* FileNameCell.swift */; };
		CDB2614F19F860B600DE168C /* FileName.xib in Resources */ = {isa = PBXBuildFile; fileRef = CDB2614E19F860B600DE168C /* FileName.xib */; };
		CDB54D7C19A13F7100D777D5 /* GroupCell.swift in Sources */ = {isa = PBXBuildFile; fileRef = CDB54D7B19A13F7100D777D5 /* GroupCell.swift */; };
		CDB54D8019A155EC00D777D5 /* Formatter.swift in Sources */ = {isa = PBXBuildFile; fileRef = CDB54D7F19A155EC00D777D5 /* Formatter.swift */; };
		CDC65CC51D70BC1000B31E13 /* Result.swift in Sources */ = {isa = PBXBuildFile; fileRef = CDC65CC41D70BC1000B31E13 /* Result.swift */; };
		CDC65CC61D70BC1000B31E13 /* Result.swift in Sources */ = {isa = PBXBuildFile; fileRef = CDC65CC41D70BC1000B31E13 /* Result.swift */; };
		CDC7E37C1B990CEB00AB022E /* BackgroundView.swift in Sources */ = {isa = PBXBuildFile; fileRef = CDC7E37B1B990CEB00AB022E /* BackgroundView.swift */; };
		CDC7E3891B9A314C00AB022E /* bencode.swift in Sources */ = {isa = PBXBuildFile; fileRef = CDC7E3881B9A314C00AB022E /* bencode.swift */; };
		CDC7E38A1B9A352700AB022E /* bencode.swift in Sources */ = {isa = PBXBuildFile; fileRef = CDC7E3881B9A314C00AB022E /* bencode.swift */; };
		CDC7E38C1B9A355500AB022E /* BCodeTests.swift in Sources */ = {isa = PBXBuildFile; fileRef = CDC7E38B1B9A355500AB022E /* BCodeTests.swift */; };
		CDC7E3951B9A447600AB022E /* single.torrent in Resources */ = {isa = PBXBuildFile; fileRef = CDC7E3941B9A447600AB022E /* single.torrent */; };
		CDC7E3971B9A449700AB022E /* multi.torrent in Resources */ = {isa = PBXBuildFile; fileRef = CDC7E3961B9A449700AB022E /* multi.torrent */; };
		CDCCFA511B77EDE60028EDCB /* Utils.swift in Sources */ = {isa = PBXBuildFile; fileRef = CDCCFA501B77EDE60028EDCB /* Utils.swift */; };
		CDDFC50319996D9B00F5F6B7 /* ButtonToolbarItem.swift in Sources */ = {isa = PBXBuildFile; fileRef = CDDFC50219996D9B00F5F6B7 /* ButtonToolbarItem.swift */; };
		CDE485741D08B13B0090FA39 /* SpeedLimitCell.xib in Resources */ = {isa = PBXBuildFile; fileRef = CDE485731D08B13B0090FA39 /* SpeedLimitCell.xib */; };
		CDE485761D08EADE0090FA39 /* ColorTextField.swift in Sources */ = {isa = PBXBuildFile; fileRef = CDE485751D08EADE0090FA39 /* ColorTextField.swift */; };
		CDE929C61B94E054007AE485 /* StateView.swift in Sources */ = {isa = PBXBuildFile; fileRef = CDE929C51B94E054007AE485 /* StateView.swift */; };
		CDEB367B1D148E150042F02E /* ConstraintUtils.swift in Sources */ = {isa = PBXBuildFile; fileRef = CDEB367A1D148E150042F02E /* ConstraintUtils.swift */; };
		CDEE44DE1991E1EE00FB76AC /* DownloadCell.swift in Sources */ = {isa = PBXBuildFile; fileRef = CDEE44DD1991E1EE00FB76AC /* DownloadCell.swift */; };
		CDF3D97F199ECED5002B91C8 /* NativaHelper.xpc in Embed XPC Services */ = {isa = PBXBuildFile; fileRef = CDF3D973199ECED5002B91C8 /* NativaHelper.xpc */; settings = {ATTRIBUTES = (RemoveHeadersOnCopy, ); }; };
		CDFADBB520C0A892006F7BBE /* SwiftySSH.framework in Frameworks */ = {isa = PBXBuildFile; fileRef = CDFADBAD20C0A87E006F7BBE /* SwiftySSH.framework */; };
		CDFADBB620C0A892006F7BBE /* SwiftySSH.framework in CopyFiles */ = {isa = PBXBuildFile; fileRef = CDFADBAD20C0A87E006F7BBE /* SwiftySSH.framework */; settings = {ATTRIBUTES = (CodeSignOnCopy, RemoveHeadersOnCopy, ); }; };
		CDFE78A21B9F7E730001E8F9 /* NotificationCenter.swift in Sources */ = {isa = PBXBuildFile; fileRef = CDFE78A11B9F7E730001E8F9 /* NotificationCenter.swift */; };
		CDFFC20819DB6D2E0072EEAD /* AddTorrentViewController.swift in Sources */ = {isa = PBXBuildFile; fileRef = CDFFC20719DB6D2E0072EEAD /* AddTorrentViewController.swift */; };
		CDFFC20B19DB747F0072EEAD /* FileListNode.swift in Sources */ = {isa = PBXBuildFile; fileRef = CDFFC20A19DB747F0072EEAD /* FileListNode.swift */; };
/* End PBXBuildFile section */

/* Begin PBXContainerItemProxy section */
		CD01C73C1991627100D5B8A6 /* PBXContainerItemProxy */ = {
			isa = PBXContainerItemProxy;
			containerPortal = CD01C7211991627100D5B8A6 /* Project object */;
			proxyType = 1;
			remoteGlobalIDString = CD01C7281991627100D5B8A6;
			remoteInfo = Nativa;
		};
		CD5AA8581B9795F200517F47 /* PBXContainerItemProxy */ = {
			isa = PBXContainerItemProxy;
			containerPortal = CD5AA8531B9795F200517F47 /* SwiftySSH.xcodeproj */;
			proxyType = 2;
			remoteGlobalIDString = CD849CC019F99A670074F98B;
			remoteInfo = SwiftySSH;
		};
		CD5AA85A1B9795F200517F47 /* PBXContainerItemProxy */ = {
			isa = PBXContainerItemProxy;
			containerPortal = CD5AA8531B9795F200517F47 /* SwiftySSH.xcodeproj */;
			proxyType = 2;
			remoteGlobalIDString = CD849CCB19F99A670074F98B;
			remoteInfo = SwiftySSHTests;
		};
		CD5AA85C1B97960A00517F47 /* PBXContainerItemProxy */ = {
			isa = PBXContainerItemProxy;
			containerPortal = CD5AA8531B9795F200517F47 /* SwiftySSH.xcodeproj */;
			proxyType = 1;
			remoteGlobalIDString = CD849CBF19F99A670074F98B;
			remoteInfo = SwiftySSH;
		};
		CD5AA86B1B9796E000517F47 /* PBXContainerItemProxy */ = {
			isa = PBXContainerItemProxy;
			containerPortal = CD5AA8341B963D2C00517F47 /* Sparkle.xcodeproj */;
			proxyType = 2;
			remoteGlobalIDString = 8DC2EF5B0486A6940098B216;
			remoteInfo = Sparkle;
		};
		CD5AA86D1B9796E000517F47 /* PBXContainerItemProxy */ = {
			isa = PBXContainerItemProxy;
			containerPortal = CD5AA8341B963D2C00517F47 /* Sparkle.xcodeproj */;
			proxyType = 2;
			remoteGlobalIDString = 61B5F90209C4CEE200B25A18;
			remoteInfo = "Sparkle Test App";
		};
		CD5AA86F1B9796E000517F47 /* PBXContainerItemProxy */ = {
			isa = PBXContainerItemProxy;
			containerPortal = CD5AA8341B963D2C00517F47 /* Sparkle.xcodeproj */;
			proxyType = 2;
			remoteGlobalIDString = 612279D90DB5470200AB99EA;
			remoteInfo = "Sparkle Unit Tests";
		};
		CD5AA8711B9796E000517F47 /* PBXContainerItemProxy */ = {
			isa = PBXContainerItemProxy;
			containerPortal = CD5AA8341B963D2C00517F47 /* Sparkle.xcodeproj */;
			proxyType = 2;
			remoteGlobalIDString = 5D06E8D00FD68C7C005AE3F6;
			remoteInfo = BinaryDelta;
		};
		CD5AA8731B9796E000517F47 /* PBXContainerItemProxy */ = {
			isa = PBXContainerItemProxy;
			containerPortal = CD5AA8341B963D2C00517F47 /* Sparkle.xcodeproj */;
			proxyType = 2;
			remoteGlobalIDString = 55C14BB7136EEF1500649790;
			remoteInfo = Autoupdate;
		};
		CD5AA8831B97974200517F47 /* PBXContainerItemProxy */ = {
			isa = PBXContainerItemProxy;
			containerPortal = CD5AA8341B963D2C00517F47 /* Sparkle.xcodeproj */;
			proxyType = 1;
			remoteGlobalIDString = 8DC2EF4F0486A6940098B216;
			remoteInfo = Sparkle;
		};
		CD6E7CB01D14A1F60015D6D3 /* PBXContainerItemProxy */ = {
			isa = PBXContainerItemProxy;
			containerPortal = CD5AA8341B963D2C00517F47 /* Sparkle.xcodeproj */;
			proxyType = 2;
			remoteGlobalIDString = 726B2B5D1C645FC900388755;
			remoteInfo = "UI Tests";
		};
		CDF3D97D199ECED5002B91C8 /* PBXContainerItemProxy */ = {
			isa = PBXContainerItemProxy;
			containerPortal = CD01C7211991627100D5B8A6 /* Project object */;
			proxyType = 1;
			remoteGlobalIDString = CDF3D972199ECED5002B91C8;
			remoteInfo = DownloaderService;
		};
		CDF3D980199ECED5002B91C8 /* PBXContainerItemProxy */ = {
			isa = PBXContainerItemProxy;
			containerPortal = CD01C7211991627100D5B8A6 /* Project object */;
			proxyType = 1;
			remoteGlobalIDString = CDF3D972199ECED5002B91C8;
			remoteInfo = DownloaderService;
		};
		CDFADBA220C0A864006F7BBE /* PBXContainerItemProxy */ = {
			isa = PBXContainerItemProxy;
			containerPortal = CD5AA8341B963D2C00517F47 /* Sparkle.xcodeproj */;
			proxyType = 2;
			remoteGlobalIDString = 722954B41D04ADAF00ECF9CA;
			remoteInfo = fileop;
		};
		CDFADBA420C0A864006F7BBE /* PBXContainerItemProxy */ = {
			isa = PBXContainerItemProxy;
			containerPortal = CD5AA8341B963D2C00517F47 /* Sparkle.xcodeproj */;
			proxyType = 2;
			remoteGlobalIDString = 5AE13FB31E0D9E07000D2C2C;
			remoteInfo = generate_appcast;
		};
		CDFADBAC20C0A87E006F7BBE /* PBXContainerItemProxy */ = {
			isa = PBXContainerItemProxy;
			containerPortal = CDFADBA720C0A87E006F7BBE /* SwiftySSH.xcodeproj */;
			proxyType = 2;
			remoteGlobalIDString = CD849CC019F99A670074F98B;
			remoteInfo = SwiftySSH;
		};
		CDFADBAE20C0A87E006F7BBE /* PBXContainerItemProxy */ = {
			isa = PBXContainerItemProxy;
			containerPortal = CDFADBA720C0A87E006F7BBE /* SwiftySSH.xcodeproj */;
			proxyType = 2;
			remoteGlobalIDString = CD849CCB19F99A670074F98B;
			remoteInfo = SwiftySSHTests;
		};
		CDFADBB720C0A892006F7BBE /* PBXContainerItemProxy */ = {
			isa = PBXContainerItemProxy;
			containerPortal = CDFADBA720C0A87E006F7BBE /* SwiftySSH.xcodeproj */;
			proxyType = 1;
			remoteGlobalIDString = CD849CBF19F99A670074F98B;
			remoteInfo = SwiftySSH;
		};
/* End PBXContainerItemProxy section */

/* Begin PBXCopyFilesBuildPhase section */
		CD6851B81B90D48100A810F1 /* CopyFiles */ = {
			isa = PBXCopyFilesBuildPhase;
			buildActionMask = 2147483647;
			dstPath = "";
			dstSubfolderSpec = 10;
			files = (
				CD5AA8881B97976F00517F47 /* Sparkle.framework in CopyFiles */,
				CDFADBB620C0A892006F7BBE /* SwiftySSH.framework in CopyFiles */,
			);
			runOnlyForDeploymentPostprocessing = 0;
		};
		CDF3D985199ECED5002B91C8 /* Embed XPC Services */ = {
			isa = PBXCopyFilesBuildPhase;
			buildActionMask = 2147483647;
			dstPath = "$(CONTENTS_FOLDER_PATH)/XPCServices";
			dstSubfolderSpec = 16;
			files = (
				CDF3D97F199ECED5002B91C8 /* NativaHelper.xpc in Embed XPC Services */,
			);
			name = "Embed XPC Services";
			runOnlyForDeploymentPostprocessing = 0;
		};
/* End PBXCopyFilesBuildPhase section */

/* Begin PBXFileReference section */
		CD0062CC1B82E14E005BAE46 /* Preferences.swift */ = {isa = PBXFileReference; fileEncoding = 4; lastKnownFileType = sourcecode.swift; path = Preferences.swift; sourceTree = "<group>"; };
		CD01C7291991627100D5B8A6 /* Nativa.app */ = {isa = PBXFileReference; explicitFileType = wrapper.application; includeInIndex = 0; path = Nativa.app; sourceTree = BUILT_PRODUCTS_DIR; };
		CD01C72D1991627100D5B8A6 /* Info.plist */ = {isa = PBXFileReference; lastKnownFileType = text.plist.xml; path = Info.plist; sourceTree = "<group>"; };
		CD01C7301991627100D5B8A6 /* AppDelegate.swift */ = {isa = PBXFileReference; lastKnownFileType = sourcecode.swift; path = AppDelegate.swift; sourceTree = "<group>"; };
		CD01C7321991627100D5B8A6 /* Images.xcassets */ = {isa = PBXFileReference; lastKnownFileType = folder.assetcatalog; path = Images.xcassets; sourceTree = "<group>"; };
		CD01C73B1991627100D5B8A6 /* NativaTests.xctest */ = {isa = PBXFileReference; explicitFileType = wrapper.cfbundle; includeInIndex = 0; path = NativaTests.xctest; sourceTree = BUILT_PRODUCTS_DIR; };
		CD01C7401991627100D5B8A6 /* Info.plist */ = {isa = PBXFileReference; lastKnownFileType = text.plist.xml; path = Info.plist; sourceTree = "<group>"; };
		CD01C74D199162EB00D5B8A6 /* DownloadsViewController.swift */ = {isa = PBXFileReference; fileEncoding = 4; lastKnownFileType = sourcecode.swift; path = DownloadsViewController.swift; sourceTree = "<group>"; };
		CD03055E19AE9B1100E8BF42 /* Timer.swift */ = {isa = PBXFileReference; fileEncoding = 4; lastKnownFileType = sourcecode.swift; path = Timer.swift; sourceTree = "<group>"; };
		CD0D45541B8ABEA7004DB8E1 /* InspectorViewController.swift */ = {isa = PBXFileReference; fileEncoding = 4; lastKnownFileType = sourcecode.swift; path = InspectorViewController.swift; sourceTree = "<group>"; };
		CD10C2ED1B8920EE00EF9284 /* main.swift */ = {isa = PBXFileReference; fileEncoding = 4; lastKnownFileType = sourcecode.swift; name = main.swift; path = NativaHelper/main.swift; sourceTree = SOURCE_ROOT; };
		CD10C2EE1B8920EE00EF9284 /* NativaHelper.swift */ = {isa = PBXFileReference; fileEncoding = 4; lastKnownFileType = sourcecode.swift; name = NativaHelper.swift; path = NativaHelper/NativaHelper.swift; sourceTree = SOURCE_ROOT; };
		CD10C2EF1B8920EE00EF9284 /* RTorrent.swift */ = {isa = PBXFileReference; fileEncoding = 4; lastKnownFileType = sourcecode.swift; name = RTorrent.swift; path = NativaHelper/RTorrent.swift; sourceTree = SOURCE_ROOT; };
		CD10C2F01B8920EE00EF9284 /* SCGIEncoder.swift */ = {isa = PBXFileReference; fileEncoding = 4; lastKnownFileType = sourcecode.swift; name = SCGIEncoder.swift; path = NativaHelper/SCGIEncoder.swift; sourceTree = SOURCE_ROOT; };
		CD10C2F11B8920EE00EF9284 /* Utils.swift */ = {isa = PBXFileReference; fileEncoding = 4; lastKnownFileType = sourcecode.swift; name = Utils.swift; path = NativaHelper/Utils.swift; sourceTree = SOURCE_ROOT; };
		CD10C2F21B8920EE00EF9284 /* XMLRPCDecoder.swift */ = {isa = PBXFileReference; fileEncoding = 4; lastKnownFileType = sourcecode.swift; name = XMLRPCDecoder.swift; path = NativaHelper/XMLRPCDecoder.swift; sourceTree = SOURCE_ROOT; };
		CD10C2F31B8920EE00EF9284 /* XMLRPCEncoder.swift */ = {isa = PBXFileReference; fileEncoding = 4; lastKnownFileType = sourcecode.swift; name = XMLRPCEncoder.swift; path = NativaHelper/XMLRPCEncoder.swift; sourceTree = SOURCE_ROOT; };
		CD10C3121B8994A600EF9284 /* HelperTests.swift */ = {isa = PBXFileReference; fileEncoding = 4; lastKnownFileType = sourcecode.swift; path = HelperTests.swift; sourceTree = "<group>"; };
		CD156B931B88347600CDD8F3 /* InspectorFilesViewController.swift */ = {isa = PBXFileReference; fileEncoding = 4; lastKnownFileType = sourcecode.swift; path = InspectorFilesViewController.swift; sourceTree = "<group>"; };
		CD171F911B8F970B00014966 /* Connection.swift */ = {isa = PBXFileReference; fileEncoding = 4; lastKnownFileType = sourcecode.swift; name = Connection.swift; path = NativaHelper/Connection.swift; sourceTree = SOURCE_ROOT; };
		CD171F921B8F970B00014966 /* SSHConnection.swift */ = {isa = PBXFileReference; fileEncoding = 4; lastKnownFileType = sourcecode.swift; name = SSHConnection.swift; path = NativaHelper/SSHConnection.swift; sourceTree = SOURCE_ROOT; };
		CD171F931B8F970B00014966 /* TCPConnection.swift */ = {isa = PBXFileReference; fileEncoding = 4; lastKnownFileType = sourcecode.swift; name = TCPConnection.swift; path = NativaHelper/TCPConnection.swift; sourceTree = SOURCE_ROOT; };
		CD1E616B19F5C1C5006C23CA /* Main.storyboard */ = {isa = PBXFileReference; fileEncoding = 4; lastKnownFileType = file.storyboard; path = Main.storyboard; sourceTree = "<group>"; };
		CD23AEE619E1E6C80027A47D /* DownloadDropView.swift */ = {isa = PBXFileReference; fileEncoding = 4; lastKnownFileType = sourcecode.swift; path = DownloadDropView.swift; sourceTree = "<group>"; };
		CD4C13D81BABC31B00D02AED /* InspectorDownloadInfoViewController.swift */ = {isa = PBXFileReference; fileEncoding = 4; lastKnownFileType = sourcecode.swift; path = InspectorDownloadInfoViewController.swift; sourceTree = "<group>"; };
		CD526BA71992C2A9003D8671 /* Datasource.swift */ = {isa = PBXFileReference; fileEncoding = 4; lastKnownFileType = sourcecode.swift; path = Datasource.swift; sourceTree = "<group>"; };
		CD5AA8341B963D2C00517F47 /* Sparkle.xcodeproj */ = {isa = PBXFileReference; lastKnownFileType = "wrapper.pb-project"; name = Sparkle.xcodeproj; path = ../lib/Sparkle/Sparkle.xcodeproj; sourceTree = "<group>"; };
		CD5AA8531B9795F200517F47 /* SwiftySSH.xcodeproj */ = {isa = PBXFileReference; lastKnownFileType = "wrapper.pb-project"; name = SwiftySSH.xcodeproj; path = lib/swiftyssh/SwiftySSH.xcodeproj; sourceTree = SOURCE_ROOT; };
		CD5AA8B51B97B89E00517F47 /* dsa_pub.pem */ = {isa = PBXFileReference; fileEncoding = 4; lastKnownFileType = text; path = dsa_pub.pem; sourceTree = "<group>"; };
		CD68519F1B90CB7600A810F1 /* Error.swift */ = {isa = PBXFileReference; fileEncoding = 4; lastKnownFileType = sourcecode.swift; path = Error.swift; sourceTree = "<group>"; };
		CD6851A01B90CB7600A810F1 /* Logger.swift */ = {isa = PBXFileReference; fileEncoding = 4; lastKnownFileType = sourcecode.swift; path = Logger.swift; sourceTree = "<group>"; };
		CD6851A11B90CB7600A810F1 /* NativaHelperProtocol.swift */ = {isa = PBXFileReference; fileEncoding = 4; lastKnownFileType = sourcecode.swift; path = NativaHelperProtocol.swift; sourceTree = "<group>"; };
		CD6851A21B90CB7600A810F1 /* SyncableArray.swift */ = {isa = PBXFileReference; fileEncoding = 4; lastKnownFileType = sourcecode.swift; path = SyncableArray.swift; sourceTree = "<group>"; };
		CD6851A31B90CB7600A810F1 /* Synchronized.swift */ = {isa = PBXFileReference; fileEncoding = 4; lastKnownFileType = sourcecode.swift; path = Synchronized.swift; sourceTree = "<group>"; };
		CD69F4FE19A6ADD80056BA62 /* Download.swift */ = {isa = PBXFileReference; fileEncoding = 4; lastKnownFileType = sourcecode.swift; path = Download.swift; sourceTree = "<group>"; };
		CD69F4FF19A6ADD80056BA62 /* Group.swift */ = {isa = PBXFileReference; fileEncoding = 4; lastKnownFileType = sourcecode.swift; path = Group.swift; sourceTree = "<group>"; };
		CD703F9D1D16348600618A7F /* BorderedView.swift */ = {isa = PBXFileReference; fileEncoding = 4; lastKnownFileType = sourcecode.swift; path = BorderedView.swift; sourceTree = "<group>"; };
		CD703FA81D1659A500618A7F /* WindowController.swift */ = {isa = PBXFileReference; fileEncoding = 4; lastKnownFileType = sourcecode.swift; path = WindowController.swift; sourceTree = "<group>"; };
		CD78F5541C38C82A0045F056 /* Config.swift */ = {isa = PBXFileReference; fileEncoding = 4; lastKnownFileType = sourcecode.swift; path = Config.swift; sourceTree = "<group>"; };
		CD7EC18C19E5AEB700C09042 /* FileOutlineViewController.swift */ = {isa = PBXFileReference; fileEncoding = 4; lastKnownFileType = sourcecode.swift; path = FileOutlineViewController.swift; sourceTree = "<group>"; };
		CD7EFCAF19F87378001AE5E9 /* FolderName.xib */ = {isa = PBXFileReference; fileEncoding = 4; lastKnownFileType = file.xib; path = FolderName.xib; sourceTree = "<group>"; };
		CD7EFCB119F87426001AE5E9 /* FolderNameCell.swift */ = {isa = PBXFileReference; fileEncoding = 4; lastKnownFileType = sourcecode.swift; path = FolderNameCell.swift; sourceTree = "<group>"; };
		CD8EC6C41BB084C200A9F7AE /* bad.torrent */ = {isa = PBXFileReference; lastKnownFileType = file; path = bad.torrent; sourceTree = "<group>"; };
		CD90A79D1B8E5CF000889705 /* MainViewController.swift */ = {isa = PBXFileReference; fileEncoding = 4; lastKnownFileType = sourcecode.swift; path = MainViewController.swift; sourceTree = "<group>"; };
		CD9666241D78A5150030472A /* ProgressView.swift */ = {isa = PBXFileReference; fileEncoding = 4; lastKnownFileType = sourcecode.swift; path = ProgressView.swift; sourceTree = "<group>"; };
		CD9E103E1C18E99D00C390B3 /* NSFileManager.swift */ = {isa = PBXFileReference; fileEncoding = 4; lastKnownFileType = sourcecode.swift; path = NSFileManager.swift; sourceTree = "<group>"; };
		CD9E104B1C1A096800C390B3 /* ScopeBar.swift */ = {isa = PBXFileReference; fileEncoding = 4; lastKnownFileType = sourcecode.swift; path = ScopeBar.swift; sourceTree = "<group>"; };
		CD9E104D1C1A417300C390B3 /* SyncableArrayTests.swift */ = {isa = PBXFileReference; fileEncoding = 4; lastKnownFileType = sourcecode.swift; path = SyncableArrayTests.swift; sourceTree = "<group>"; };
		CDA132531D078BE200CF22D8 /* Statistics.swift */ = {isa = PBXFileReference; fileEncoding = 4; lastKnownFileType = sourcecode.swift; path = Statistics.swift; sourceTree = "<group>"; };
		CDA132601D07E3E700CF22D8 /* SpeedLimitViewController.swift */ = {isa = PBXFileReference; fileEncoding = 4; lastKnownFileType = sourcecode.swift; path = SpeedLimitViewController.swift; sourceTree = "<group>"; };
		CDB2614C19F85F8B00DE168C /* FileNameCell.swift */ = {isa = PBXFileReference; fileEncoding = 4; lastKnownFileType = sourcecode.swift; path = FileNameCell.swift; sourceTree = "<group>"; };
		CDB2614E19F860B600DE168C /* FileName.xib */ = {isa = PBXFileReference; fileEncoding = 4; lastKnownFileType = file.xib; path = FileName.xib; sourceTree = "<group>"; };
		CDB54D7B19A13F7100D777D5 /* GroupCell.swift */ = {isa = PBXFileReference; fileEncoding = 4; lastKnownFileType = sourcecode.swift; path = GroupCell.swift; sourceTree = "<group>"; };
		CDB54D7F19A155EC00D777D5 /* Formatter.swift */ = {isa = PBXFileReference; fileEncoding = 4; lastKnownFileType = sourcecode.swift; path = Formatter.swift; sourceTree = "<group>"; };
		CDC65CC41D70BC1000B31E13 /* Result.swift */ = {isa = PBXFileReference; fileEncoding = 4; lastKnownFileType = sourcecode.swift; path = Result.swift; sourceTree = "<group>"; };
		CDC7E37B1B990CEB00AB022E /* BackgroundView.swift */ = {isa = PBXFileReference; fileEncoding = 4; lastKnownFileType = sourcecode.swift; path = BackgroundView.swift; sourceTree = "<group>"; };
		CDC7E3881B9A314C00AB022E /* bencode.swift */ = {isa = PBXFileReference; fileEncoding = 4; lastKnownFileType = sourcecode.swift; name = bencode.swift; path = NativaHelper/bencode.swift; sourceTree = SOURCE_ROOT; };
		CDC7E38B1B9A355500AB022E /* BCodeTests.swift */ = {isa = PBXFileReference; fileEncoding = 4; lastKnownFileType = sourcecode.swift; path = BCodeTests.swift; sourceTree = "<group>"; };
		CDC7E38F1B9A3D2200AB022E /* NativaTests-Bridging-Header.h */ = {isa = PBXFileReference; lastKnownFileType = sourcecode.c.h; path = "NativaTests-Bridging-Header.h"; sourceTree = "<group>"; };
		CDC7E3901B9A3D2200AB022E /* NativaHelper-Bridging-Header.h */ = {isa = PBXFileReference; lastKnownFileType = sourcecode.c.h; path = "NativaHelper-Bridging-Header.h"; sourceTree = "<group>"; };
		CDC7E3941B9A447600AB022E /* single.torrent */ = {isa = PBXFileReference; lastKnownFileType = file; path = single.torrent; sourceTree = "<group>"; };
		CDC7E3961B9A449700AB022E /* multi.torrent */ = {isa = PBXFileReference; fileEncoding = 4; lastKnownFileType = text; path = multi.torrent; sourceTree = "<group>"; };
		CDCCFA501B77EDE60028EDCB /* Utils.swift */ = {isa = PBXFileReference; fileEncoding = 4; lastKnownFileType = sourcecode.swift; path = Utils.swift; sourceTree = "<group>"; };
		CDDFC50219996D9B00F5F6B7 /* ButtonToolbarItem.swift */ = {isa = PBXFileReference; fileEncoding = 4; lastKnownFileType = sourcecode.swift; path = ButtonToolbarItem.swift; sourceTree = "<group>"; };
		CDE485731D08B13B0090FA39 /* SpeedLimitCell.xib */ = {isa = PBXFileReference; fileEncoding = 4; lastKnownFileType = file.xib; path = SpeedLimitCell.xib; sourceTree = "<group>"; };
		CDE485751D08EADE0090FA39 /* ColorTextField.swift */ = {isa = PBXFileReference; fileEncoding = 4; lastKnownFileType = sourcecode.swift; path = ColorTextField.swift; sourceTree = "<group>"; };
		CDE929C51B94E054007AE485 /* StateView.swift */ = {isa = PBXFileReference; fileEncoding = 4; lastKnownFileType = sourcecode.swift; path = StateView.swift; sourceTree = "<group>"; };
		CDEB367A1D148E150042F02E /* ConstraintUtils.swift */ = {isa = PBXFileReference; fileEncoding = 4; lastKnownFileType = sourcecode.swift; path = ConstraintUtils.swift; sourceTree = "<group>"; };
		CDEE44DD1991E1EE00FB76AC /* DownloadCell.swift */ = {isa = PBXFileReference; fileEncoding = 4; lastKnownFileType = sourcecode.swift; path = DownloadCell.swift; sourceTree = "<group>"; };
		CDF3D973199ECED5002B91C8 /* NativaHelper.xpc */ = {isa = PBXFileReference; explicitFileType = "wrapper.xpc-service"; includeInIndex = 0; path = NativaHelper.xpc; sourceTree = BUILT_PRODUCTS_DIR; };
		CDF3D976199ECED5002B91C8 /* Info.plist */ = {isa = PBXFileReference; lastKnownFileType = text.plist.xml; path = Info.plist; sourceTree = "<group>"; };
		CDFADBA720C0A87E006F7BBE /* SwiftySSH.xcodeproj */ = {isa = PBXFileReference; lastKnownFileType = "wrapper.pb-project"; name = SwiftySSH.xcodeproj; path = lib/SwiftySSH/SwiftySSH.xcodeproj; sourceTree = SOURCE_ROOT; };
		CDFE78A11B9F7E730001E8F9 /* NotificationCenter.swift */ = {isa = PBXFileReference; fileEncoding = 4; lastKnownFileType = sourcecode.swift; path = NotificationCenter.swift; sourceTree = "<group>"; };
		CDFFC20719DB6D2E0072EEAD /* AddTorrentViewController.swift */ = {isa = PBXFileReference; fileEncoding = 4; lastKnownFileType = sourcecode.swift; path = AddTorrentViewController.swift; sourceTree = "<group>"; };
		CDFFC20A19DB747F0072EEAD /* FileListNode.swift */ = {isa = PBXFileReference; fileEncoding = 4; lastKnownFileType = sourcecode.swift; path = FileListNode.swift; sourceTree = "<group>"; };
/* End PBXFileReference section */

/* Begin PBXFrameworksBuildPhase section */
		CD01C7261991627100D5B8A6 /* Frameworks */ = {
			isa = PBXFrameworksBuildPhase;
			buildActionMask = 2147483647;
			files = (
				CD5AA88A1B97978000517F47 /* Sparkle.framework in Frameworks */,
				CDFADBB520C0A892006F7BBE /* SwiftySSH.framework in Frameworks */,
			);
			runOnlyForDeploymentPostprocessing = 0;
		};
		CD01C7381991627100D5B8A6 /* Frameworks */ = {
			isa = PBXFrameworksBuildPhase;
			buildActionMask = 2147483647;
			files = (
			);
			runOnlyForDeploymentPostprocessing = 0;
		};
		CDF3D970199ECED5002B91C8 /* Frameworks */ = {
			isa = PBXFrameworksBuildPhase;
			buildActionMask = 2147483647;
			files = (
				CD5AA88B1B97978D00517F47 /* SwiftySSH.framework in Frameworks */,
			);
			runOnlyForDeploymentPostprocessing = 0;
		};
/* End PBXFrameworksBuildPhase section */

/* Begin PBXGroup section */
		CD01C7201991627100D5B8A6 = {
			isa = PBXGroup;
			children = (
				CD5AA8601B9796DA00517F47 /* lib */,
				CD01C72B1991627100D5B8A6 /* Nativa */,
				CDF3D974199ECED5002B91C8 /* NativaHelper */,
				CD68519E1B90CB7600A810F1 /* Common */,
				CD01C73E1991627100D5B8A6 /* NativaTests */,
				CD01C72A1991627100D5B8A6 /* Products */,
			);
			sourceTree = "<group>";
		};
		CD01C72A1991627100D5B8A6 /* Products */ = {
			isa = PBXGroup;
			children = (
				CD01C7291991627100D5B8A6 /* Nativa.app */,
				CD01C73B1991627100D5B8A6 /* NativaTests.xctest */,
				CDF3D973199ECED5002B91C8 /* NativaHelper.xpc */,
			);
			name = Products;
			sourceTree = "<group>";
		};
		CD01C72B1991627100D5B8A6 /* Nativa */ = {
			isa = PBXGroup;
			children = (
				CDFFC20919DB74260072EEAD /* Model */,
				CD01C7301991627100D5B8A6 /* AppDelegate.swift */,
				CD703FA81D1659A500618A7F /* WindowController.swift */,
				CD01C7321991627100D5B8A6 /* Images.xcassets */,
				CD90A7A01B8E694D00889705 /* DownloadsViewController */,
				CD0D45561B8ABEAC004DB8E1 /* Inspector */,
				CD90A7A11B8E6A9E00889705 /* FileOutlineViewController */,
				CDB54D7F19A155EC00D777D5 /* Formatter.swift */,
				CDDFC50219996D9B00F5F6B7 /* ButtonToolbarItem.swift */,
				CD03055E19AE9B1100E8BF42 /* Timer.swift */,
				CDFFC20719DB6D2E0072EEAD /* AddTorrentViewController.swift */,
				CD90A79D1B8E5CF000889705 /* MainViewController.swift */,
				CDE485751D08EADE0090FA39 /* ColorTextField.swift */,
				CDE929C51B94E054007AE485 /* StateView.swift */,
				CDEB367A1D148E150042F02E /* ConstraintUtils.swift */,
				CD1E616B19F5C1C5006C23CA /* Main.storyboard */,
				CD0062CC1B82E14E005BAE46 /* Preferences.swift */,
				CDCCFA501B77EDE60028EDCB /* Utils.swift */,
				CD703F9D1D16348600618A7F /* BorderedView.swift */,
				CDC7E37B1B990CEB00AB022E /* BackgroundView.swift */,
				CDFE78A11B9F7E730001E8F9 /* NotificationCenter.swift */,
				CD9E103E1C18E99D00C390B3 /* NSFileManager.swift */,
				CD78F5541C38C82A0045F056 /* Config.swift */,
				CD01C72C1991627100D5B8A6 /* Supporting Files */,
			);
			path = Nativa;
			sourceTree = "<group>";
		};
		CD01C72C1991627100D5B8A6 /* Supporting Files */ = {
			isa = PBXGroup;
			children = (
				CD5AA8B51B97B89E00517F47 /* dsa_pub.pem */,
				CD01C72D1991627100D5B8A6 /* Info.plist */,
			);
			name = "Supporting Files";
			sourceTree = "<group>";
		};
		CD01C73E1991627100D5B8A6 /* NativaTests */ = {
			isa = PBXGroup;
			children = (
				CD01C73F1991627100D5B8A6 /* Supporting Files */,
				CD10C3121B8994A600EF9284 /* HelperTests.swift */,
				CDC7E38B1B9A355500AB022E /* BCodeTests.swift */,
				CD9E104D1C1A417300C390B3 /* SyncableArrayTests.swift */,
				CDC7E38F1B9A3D2200AB022E /* NativaTests-Bridging-Header.h */,
				CDC7E3941B9A447600AB022E /* single.torrent */,
				CDC7E3961B9A449700AB022E /* multi.torrent */,
				CD8EC6C41BB084C200A9F7AE /* bad.torrent */,
			);
			path = NativaTests;
			sourceTree = "<group>";
		};
		CD01C73F1991627100D5B8A6 /* Supporting Files */ = {
			isa = PBXGroup;
			children = (
				CD01C7401991627100D5B8A6 /* Info.plist */,
			);
			name = "Supporting Files";
			sourceTree = "<group>";
		};
		CD0D45561B8ABEAC004DB8E1 /* Inspector */ = {
			isa = PBXGroup;
			children = (
				CD156B931B88347600CDD8F3 /* InspectorFilesViewController.swift */,
				CD0D45541B8ABEA7004DB8E1 /* InspectorViewController.swift */,
				CD4C13D81BABC31B00D02AED /* InspectorDownloadInfoViewController.swift */,
			);
			name = Inspector;
			sourceTree = "<group>";
		};
		CD5AA8521B9795C300517F47 /* lib */ = {
			isa = PBXGroup;
			children = (
				CD5AA8531B9795F200517F47 /* SwiftySSH.xcodeproj */,
			);
			name = lib;
			sourceTree = "<group>";
		};
		CD5AA8541B9795F200517F47 /* Products */ = {
			isa = PBXGroup;
			children = (
				CD5AA8591B9795F200517F47 /* SwiftySSH.framework */,
				CD5AA85B1B9795F200517F47 /* SwiftySSHTests.xctest */,
			);
			name = Products;
			sourceTree = "<group>";
		};
		CD5AA8601B9796DA00517F47 /* lib */ = {
			isa = PBXGroup;
			children = (
				CDFADBA720C0A87E006F7BBE /* SwiftySSH.xcodeproj */,
				CD5AA8341B963D2C00517F47 /* Sparkle.xcodeproj */,
			);
			name = lib;
			path = Nativa;
			sourceTree = "<group>";
		};
		CD5AA8611B9796E000517F47 /* Products */ = {
			isa = PBXGroup;
			children = (
				CD5AA86C1B9796E000517F47 /* Sparkle.framework */,
				CD5AA86E1B9796E000517F47 /* Sparkle Test App.app */,
				CD5AA8701B9796E000517F47 /* Sparkle Unit Tests.xctest */,
				CD5AA8721B9796E000517F47 /* BinaryDelta */,
				CD5AA8741B9796E000517F47 /* Autoupdate.app */,
				CD6E7CB11D14A1F60015D6D3 /* UI Tests.xctest */,
				CDFADBA320C0A864006F7BBE /* fileop */,
				CDFADBA520C0A864006F7BBE /* generate_appcast */,
			);
			name = Products;
			sourceTree = "<group>";
		};
		CD68519E1B90CB7600A810F1 /* Common */ = {
			isa = PBXGroup;
			children = (
				CD68519F1B90CB7600A810F1 /* Error.swift */,
				CDC65CC41D70BC1000B31E13 /* Result.swift */,
				CD6851A01B90CB7600A810F1 /* Logger.swift */,
				CD6851A11B90CB7600A810F1 /* NativaHelperProtocol.swift */,
				CD6851A21B90CB7600A810F1 /* SyncableArray.swift */,
				CD6851A31B90CB7600A810F1 /* Synchronized.swift */,
			);
			name = Common;
			path = Nativa/Common;
			sourceTree = "<group>";
		};
		CD90A7A01B8E694D00889705 /* DownloadsViewController */ = {
			isa = PBXGroup;
			children = (
				CDB54D7B19A13F7100D777D5 /* GroupCell.swift */,
				CDEE44DD1991E1EE00FB76AC /* DownloadCell.swift */,
				CD01C74D199162EB00D5B8A6 /* DownloadsViewController.swift */,
				CDE485731D08B13B0090FA39 /* SpeedLimitCell.xib */,
				CD23AEE619E1E6C80027A47D /* DownloadDropView.swift */,
				CD9E104B1C1A096800C390B3 /* ScopeBar.swift */,
				CDA132601D07E3E700CF22D8 /* SpeedLimitViewController.swift */,
				CD9666241D78A5150030472A /* ProgressView.swift */,
			);
			name = DownloadsViewController;
			sourceTree = "<group>";
		};
		CD90A7A11B8E6A9E00889705 /* FileOutlineViewController */ = {
			isa = PBXGroup;
			children = (
				CDB2614E19F860B600DE168C /* FileName.xib */,
				CD7EFCAF19F87378001AE5E9 /* FolderName.xib */,
				CDB2614C19F85F8B00DE168C /* FileNameCell.swift */,
				CD7EFCB119F87426001AE5E9 /* FolderNameCell.swift */,
				CD7EC18C19E5AEB700C09042 /* FileOutlineViewController.swift */,
			);
			name = FileOutlineViewController;
			sourceTree = "<group>";
		};
		CDF3D974199ECED5002B91C8 /* NativaHelper */ = {
			isa = PBXGroup;
			children = (
				CD171F911B8F970B00014966 /* Connection.swift */,
				CD171F921B8F970B00014966 /* SSHConnection.swift */,
				CD171F931B8F970B00014966 /* TCPConnection.swift */,
				CDC7E3881B9A314C00AB022E /* bencode.swift */,
				CD10C2ED1B8920EE00EF9284 /* main.swift */,
				CD10C2EE1B8920EE00EF9284 /* NativaHelper.swift */,
				CD10C2EF1B8920EE00EF9284 /* RTorrent.swift */,
				CD10C2F01B8920EE00EF9284 /* SCGIEncoder.swift */,
				CD10C2F11B8920EE00EF9284 /* Utils.swift */,
				CD10C2F21B8920EE00EF9284 /* XMLRPCDecoder.swift */,
				CD10C2F31B8920EE00EF9284 /* XMLRPCEncoder.swift */,
				CD5AA8521B9795C300517F47 /* lib */,
				CDF3D975199ECED5002B91C8 /* Supporting Files */,
				CDC7E3901B9A3D2200AB022E /* NativaHelper-Bridging-Header.h */,
			);
			path = NativaHelper;
			sourceTree = "<group>";
		};
		CDF3D975199ECED5002B91C8 /* Supporting Files */ = {
			isa = PBXGroup;
			children = (
				CDF3D976199ECED5002B91C8 /* Info.plist */,
			);
			name = "Supporting Files";
			sourceTree = "<group>";
		};
		CDFADBA820C0A87E006F7BBE /* Products */ = {
			isa = PBXGroup;
			children = (
				CDFADBAD20C0A87E006F7BBE /* SwiftySSH.framework */,
				CDFADBAF20C0A87E006F7BBE /* SwiftySSHTests.xctest */,
			);
			name = Products;
			sourceTree = "<group>";
		};
		CDFFC20919DB74260072EEAD /* Model */ = {
			isa = PBXGroup;
			children = (
				CD526BA71992C2A9003D8671 /* Datasource.swift */,
				CD69F4FF19A6ADD80056BA62 /* Group.swift */,
				CD69F4FE19A6ADD80056BA62 /* Download.swift */,
				CDA132531D078BE200CF22D8 /* Statistics.swift */,
				CDFFC20A19DB747F0072EEAD /* FileListNode.swift */,
			);
			name = Model;
			sourceTree = "<group>";
		};
/* End PBXGroup section */

/* Begin PBXNativeTarget section */
		CD01C7281991627100D5B8A6 /* Nativa */ = {
			isa = PBXNativeTarget;
			buildConfigurationList = CD01C7451991627100D5B8A6 /* Build configuration list for PBXNativeTarget "Nativa" */;
			buildPhases = (
				CD01C7251991627100D5B8A6 /* Sources */,
				CD01C7261991627100D5B8A6 /* Frameworks */,
				CD01C7271991627100D5B8A6 /* Resources */,
				CDF3D985199ECED5002B91C8 /* Embed XPC Services */,
				CD6851B81B90D48100A810F1 /* CopyFiles */,
			);
			buildRules = (
			);
			dependencies = (
				CD5AA8841B97974200517F47 /* PBXTargetDependency */,
				CDF3D97E199ECED5002B91C8 /* PBXTargetDependency */,
				CDF3D981199ECED5002B91C8 /* PBXTargetDependency */,
				CDFADBB820C0A892006F7BBE /* PBXTargetDependency */,
			);
			name = Nativa;
			productName = Nativa;
			productReference = CD01C7291991627100D5B8A6 /* Nativa.app */;
			productType = "com.apple.product-type.application";
		};
		CD01C73A1991627100D5B8A6 /* NativaTests */ = {
			isa = PBXNativeTarget;
			buildConfigurationList = CD01C7481991627100D5B8A6 /* Build configuration list for PBXNativeTarget "NativaTests" */;
			buildPhases = (
				CD01C7371991627100D5B8A6 /* Sources */,
				CD01C7381991627100D5B8A6 /* Frameworks */,
				CD01C7391991627100D5B8A6 /* Resources */,
			);
			buildRules = (
			);
			dependencies = (
				CD01C73D1991627100D5B8A6 /* PBXTargetDependency */,
			);
			name = NativaTests;
			productName = NativaTests;
			productReference = CD01C73B1991627100D5B8A6 /* NativaTests.xctest */;
			productType = "com.apple.product-type.bundle.unit-test";
		};
		CDF3D972199ECED5002B91C8 /* NativaHelper */ = {
			isa = PBXNativeTarget;
			buildConfigurationList = CDF3D984199ECED5002B91C8 /* Build configuration list for PBXNativeTarget "NativaHelper" */;
			buildPhases = (
				CDF3D96F199ECED5002B91C8 /* Sources */,
				CDF3D970199ECED5002B91C8 /* Frameworks */,
				CDF3D971199ECED5002B91C8 /* Resources */,
			);
			buildRules = (
			);
			dependencies = (
				CD5AA85D1B97960A00517F47 /* PBXTargetDependency */,
			);
			name = NativaHelper;
			productName = DownloaderService;
			productReference = CDF3D973199ECED5002B91C8 /* NativaHelper.xpc */;
			productType = "com.apple.product-type.xpc-service";
		};
/* End PBXNativeTarget section */

/* Begin PBXProject section */
		CD01C7211991627100D5B8A6 /* Project object */ = {
			isa = PBXProject;
			attributes = {
				LastSwiftMigration = 0700;
				LastSwiftUpdateCheck = 0700;
				LastUpgradeCheck = 0800;
				ORGANIZATIONNAME = "Aramzamzam LLC";
				TargetAttributes = {
					CD01C7281991627100D5B8A6 = {
						CreatedOnToolsVersion = 6.0;
						DevelopmentTeam = QAKQ989T4B;
						DevelopmentTeamName = "Vladimir Solomenchuk";
						LastSwiftMigration = 0800;
						SystemCapabilities = {
							com.apple.Sandbox = {
								enabled = 0;
							};
						};
					};
					CD01C73A1991627100D5B8A6 = {
						CreatedOnToolsVersion = 6.0;
						LastSwiftMigration = 0800;
						TestTargetID = CD01C7281991627100D5B8A6;
					};
					CDF3D972199ECED5002B91C8 = {
						CreatedOnToolsVersion = 6.0;
						DevelopmentTeam = QAKQ989T4B;
						DevelopmentTeamName = "Vladimir Solomenchuk";
						LastSwiftMigration = 0800;
						SystemCapabilities = {
							com.apple.Sandbox = {
								enabled = 0;
							};
						};
					};
				};
			};
			buildConfigurationList = CD01C7241991627100D5B8A6 /* Build configuration list for PBXProject "Nativa" */;
			compatibilityVersion = "Xcode 3.2";
			developmentRegion = English;
			hasScannedForEncodings = 0;
			knownRegions = (
				en,
				Base,
			);
			mainGroup = CD01C7201991627100D5B8A6;
			productRefGroup = CD01C72A1991627100D5B8A6 /* Products */;
			projectDirPath = "";
			projectReferences = (
				{
					ProductGroup = CD5AA8611B9796E000517F47 /* Products */;
					ProjectRef = CD5AA8341B963D2C00517F47 /* Sparkle.xcodeproj */;
				},
				{
					ProductGroup = CDFADBA820C0A87E006F7BBE /* Products */;
					ProjectRef = CDFADBA720C0A87E006F7BBE /* SwiftySSH.xcodeproj */;
				},
				{
					ProductGroup = CD5AA8541B9795F200517F47 /* Products */;
					ProjectRef = CD5AA8531B9795F200517F47 /* SwiftySSH.xcodeproj */;
				},
			);
			projectRoot = "";
			targets = (
				CD01C7281991627100D5B8A6 /* Nativa */,
				CD01C73A1991627100D5B8A6 /* NativaTests */,
				CDF3D972199ECED5002B91C8 /* NativaHelper */,
			);
		};
/* End PBXProject section */

/* Begin PBXReferenceProxy section */
		CD5AA8591B9795F200517F47 /* SwiftySSH.framework */ = {
			isa = PBXReferenceProxy;
			fileType = wrapper.framework;
			path = SwiftySSH.framework;
			remoteRef = CD5AA8581B9795F200517F47 /* PBXContainerItemProxy */;
			sourceTree = BUILT_PRODUCTS_DIR;
		};
		CD5AA85B1B9795F200517F47 /* SwiftySSHTests.xctest */ = {
			isa = PBXReferenceProxy;
			fileType = wrapper.cfbundle;
			path = SwiftySSHTests.xctest;
			remoteRef = CD5AA85A1B9795F200517F47 /* PBXContainerItemProxy */;
			sourceTree = BUILT_PRODUCTS_DIR;
		};
		CD5AA86C1B9796E000517F47 /* Sparkle.framework */ = {
			isa = PBXReferenceProxy;
			fileType = wrapper.framework;
			path = Sparkle.framework;
			remoteRef = CD5AA86B1B9796E000517F47 /* PBXContainerItemProxy */;
			sourceTree = BUILT_PRODUCTS_DIR;
		};
		CD5AA86E1B9796E000517F47 /* Sparkle Test App.app */ = {
			isa = PBXReferenceProxy;
			fileType = wrapper.application;
			path = "Sparkle Test App.app";
			remoteRef = CD5AA86D1B9796E000517F47 /* PBXContainerItemProxy */;
			sourceTree = BUILT_PRODUCTS_DIR;
		};
		CD5AA8701B9796E000517F47 /* Sparkle Unit Tests.xctest */ = {
			isa = PBXReferenceProxy;
			fileType = wrapper.cfbundle;
			path = "Sparkle Unit Tests.xctest";
			remoteRef = CD5AA86F1B9796E000517F47 /* PBXContainerItemProxy */;
			sourceTree = BUILT_PRODUCTS_DIR;
		};
		CD5AA8721B9796E000517F47 /* BinaryDelta */ = {
			isa = PBXReferenceProxy;
			fileType = "compiled.mach-o.executable";
			path = BinaryDelta;
			remoteRef = CD5AA8711B9796E000517F47 /* PBXContainerItemProxy */;
			sourceTree = BUILT_PRODUCTS_DIR;
		};
		CD5AA8741B9796E000517F47 /* Autoupdate.app */ = {
			isa = PBXReferenceProxy;
			fileType = wrapper.application;
			path = Autoupdate.app;
			remoteRef = CD5AA8731B9796E000517F47 /* PBXContainerItemProxy */;
			sourceTree = BUILT_PRODUCTS_DIR;
		};
		CD6E7CB11D14A1F60015D6D3 /* UI Tests.xctest */ = {
			isa = PBXReferenceProxy;
			fileType = wrapper.cfbundle;
			path = "UI Tests.xctest";
			remoteRef = CD6E7CB01D14A1F60015D6D3 /* PBXContainerItemProxy */;
			sourceTree = BUILT_PRODUCTS_DIR;
		};
		CDFADBA320C0A864006F7BBE /* fileop */ = {
			isa = PBXReferenceProxy;
			fileType = "compiled.mach-o.executable";
			path = fileop;
			remoteRef = CDFADBA220C0A864006F7BBE /* PBXContainerItemProxy */;
			sourceTree = BUILT_PRODUCTS_DIR;
		};
		CDFADBA520C0A864006F7BBE /* generate_appcast */ = {
			isa = PBXReferenceProxy;
			fileType = "compiled.mach-o.executable";
			path = generate_appcast;
			remoteRef = CDFADBA420C0A864006F7BBE /* PBXContainerItemProxy */;
			sourceTree = BUILT_PRODUCTS_DIR;
		};
		CDFADBAD20C0A87E006F7BBE /* SwiftySSH.framework */ = {
			isa = PBXReferenceProxy;
			fileType = wrapper.framework;
			path = SwiftySSH.framework;
			remoteRef = CDFADBAC20C0A87E006F7BBE /* PBXContainerItemProxy */;
			sourceTree = BUILT_PRODUCTS_DIR;
		};
		CDFADBAF20C0A87E006F7BBE /* SwiftySSHTests.xctest */ = {
			isa = PBXReferenceProxy;
			fileType = wrapper.cfbundle;
			path = SwiftySSHTests.xctest;
			remoteRef = CDFADBAE20C0A87E006F7BBE /* PBXContainerItemProxy */;
			sourceTree = BUILT_PRODUCTS_DIR;
		};
/* End PBXReferenceProxy section */

/* Begin PBXResourcesBuildPhase section */
		CD01C7271991627100D5B8A6 /* Resources */ = {
			isa = PBXResourcesBuildPhase;
			buildActionMask = 2147483647;
			files = (
				CD5AA8B61B97B89E00517F47 /* dsa_pub.pem in Resources */,
				CD7EFCB019F87378001AE5E9 /* FolderName.xib in Resources */,
				CD1E616C19F5C1C5006C23CA /* Main.storyboard in Resources */,
				CDE485741D08B13B0090FA39 /* SpeedLimitCell.xib in Resources */,
				CDB2614F19F860B600DE168C /* FileName.xib in Resources */,
				CD01C7331991627100D5B8A6 /* Images.xcassets in Resources */,
			);
			runOnlyForDeploymentPostprocessing = 0;
		};
		CD01C7391991627100D5B8A6 /* Resources */ = {
			isa = PBXResourcesBuildPhase;
			buildActionMask = 2147483647;
			files = (
				CDC7E3971B9A449700AB022E /* multi.torrent in Resources */,
				CDC7E3951B9A447600AB022E /* single.torrent in Resources */,
				CD8EC6C51BB084C200A9F7AE /* bad.torrent in Resources */,
			);
			runOnlyForDeploymentPostprocessing = 0;
		};
		CDF3D971199ECED5002B91C8 /* Resources */ = {
			isa = PBXResourcesBuildPhase;
			buildActionMask = 2147483647;
			files = (
			);
			runOnlyForDeploymentPostprocessing = 0;
		};
/* End PBXResourcesBuildPhase section */

/* Begin PBXSourcesBuildPhase section */
		CD01C7251991627100D5B8A6 /* Sources */ = {
			isa = PBXSourcesBuildPhase;
			buildActionMask = 2147483647;
			files = (
				CD90A79E1B8E5CF000889705 /* MainViewController.swift in Sources */,
				CD01C74E199162EB00D5B8A6 /* DownloadsViewController.swift in Sources */,
				CD6851AA1B90CB7600A810F1 /* NativaHelperProtocol.swift in Sources */,
				CDB2614D19F85F8B00DE168C /* FileNameCell.swift in Sources */,
				CD01C7311991627100D5B8A6 /* AppDelegate.swift in Sources */,
				CD6851B01B90CB7600A810F1 /* Synchronized.swift in Sources */,
				CDC65CC51D70BC1000B31E13 /* Result.swift in Sources */,
				CD69F50019A6ADD80056BA62 /* Download.swift in Sources */,
				CD69F50119A6ADD80056BA62 /* Group.swift in Sources */,
				CD03055F19AE9B1100E8BF42 /* Timer.swift in Sources */,
				CDDFC50319996D9B00F5F6B7 /* ButtonToolbarItem.swift in Sources */,
				CDC7E37C1B990CEB00AB022E /* BackgroundView.swift in Sources */,
				CDEE44DE1991E1EE00FB76AC /* DownloadCell.swift in Sources */,
				CD6851A71B90CB7600A810F1 /* Logger.swift in Sources */,
				CD6851AD1B90CB7600A810F1 /* SyncableArray.swift in Sources */,
				CD9666251D78A5150030472A /* ProgressView.swift in Sources */,
				CD4C13D91BABC31B00D02AED /* InspectorDownloadInfoViewController.swift in Sources */,
				CDB54D8019A155EC00D777D5 /* Formatter.swift in Sources */,
				CD7EC18D19E5AEB700C09042 /* FileOutlineViewController.swift in Sources */,
				CDFE78A21B9F7E730001E8F9 /* NotificationCenter.swift in Sources */,
				CD0062CD1B82E14E005BAE46 /* Preferences.swift in Sources */,
				CD156B941B88347600CDD8F3 /* InspectorFilesViewController.swift in Sources */,
				CDE929C61B94E054007AE485 /* StateView.swift in Sources */,
				CD7EFCB219F87426001AE5E9 /* FolderNameCell.swift in Sources */,
				CD6851A41B90CB7600A810F1 /* Error.swift in Sources */,
				CDCCFA511B77EDE60028EDCB /* Utils.swift in Sources */,
				CD9E104C1C1A096800C390B3 /* ScopeBar.swift in Sources */,
				CDA132611D07E3E700CF22D8 /* SpeedLimitViewController.swift in Sources */,
				CDFFC20B19DB747F0072EEAD /* FileListNode.swift in Sources */,
				CDE485761D08EADE0090FA39 /* ColorTextField.swift in Sources */,
				CD78F5551C38C82A0045F056 /* Config.swift in Sources */,
				CD0D45551B8ABEA7004DB8E1 /* InspectorViewController.swift in Sources */,
				CD526BA81992C2A9003D8671 /* Datasource.swift in Sources */,
				CD9E103F1C18E99D00C390B3 /* NSFileManager.swift in Sources */,
				CDA132541D078BE200CF22D8 /* Statistics.swift in Sources */,
				CDFFC20819DB6D2E0072EEAD /* AddTorrentViewController.swift in Sources */,
				CD703FAA1D1659A500618A7F /* WindowController.swift in Sources */,
				CD23AEE719E1E6C80027A47D /* DownloadDropView.swift in Sources */,
				CDB54D7C19A13F7100D777D5 /* GroupCell.swift in Sources */,
				CDEB367B1D148E150042F02E /* ConstraintUtils.swift in Sources */,
				CD703F9E1D16348600618A7F /* BorderedView.swift in Sources */,
			);
			runOnlyForDeploymentPostprocessing = 0;
		};
		CD01C7371991627100D5B8A6 /* Sources */ = {
			isa = PBXSourcesBuildPhase;
			buildActionMask = 2147483647;
			files = (
				CDC7E38A1B9A352700AB022E /* bencode.swift in Sources */,
				CD171F941B8F970B00014966 /* Connection.swift in Sources */,
				CD10C3151B8994DA00EF9284 /* NativaHelper.swift in Sources */,
				CD10C3161B8994DA00EF9284 /* RTorrent.swift in Sources */,
				CD6851A51B90CB7600A810F1 /* Error.swift in Sources */,
				CD171F961B8F970B00014966 /* SSHConnection.swift in Sources */,
				CD10C3171B8994DA00EF9284 /* SCGIEncoder.swift in Sources */,
				CD10C3181B8994DA00EF9284 /* Utils.swift in Sources */,
				CD6851AB1B90CB7600A810F1 /* NativaHelperProtocol.swift in Sources */,
				CD10C3191B8994DA00EF9284 /* XMLRPCDecoder.swift in Sources */,
				CD9E104E1C1A417300C390B3 /* SyncableArrayTests.swift in Sources */,
				CD6851A81B90CB7600A810F1 /* Logger.swift in Sources */,
				CD6851AE1B90CB7600A810F1 /* SyncableArray.swift in Sources */,
				CD10C31A1B8994DA00EF9284 /* XMLRPCEncoder.swift in Sources */,
				CD6851B11B90CB7600A810F1 /* Synchronized.swift in Sources */,
				CDC7E38C1B9A355500AB022E /* BCodeTests.swift in Sources */,
				CD10C3131B8994A600EF9284 /* HelperTests.swift in Sources */,
				CD171F981B8F970B00014966 /* TCPConnection.swift in Sources */,
			);
			runOnlyForDeploymentPostprocessing = 0;
		};
		CDF3D96F199ECED5002B91C8 /* Sources */ = {
			isa = PBXSourcesBuildPhase;
			buildActionMask = 2147483647;
			files = (
				CD171F951B8F970B00014966 /* Connection.swift in Sources */,
				CD10C2FA1B8920EE00EF9284 /* XMLRPCDecoder.swift in Sources */,
				CD10C2FB1B8920EE00EF9284 /* XMLRPCEncoder.swift in Sources */,
				CD6851A61B90CB7600A810F1 /* Error.swift in Sources */,
				CD171F971B8F970B00014966 /* SSHConnection.swift in Sources */,
				CD10C2F91B8920EE00EF9284 /* Utils.swift in Sources */,
				CD10C2F71B8920EE00EF9284 /* RTorrent.swift in Sources */,
				CD6851AC1B90CB7600A810F1 /* NativaHelperProtocol.swift in Sources */,
				CD10C2F61B8920EE00EF9284 /* NativaHelper.swift in Sources */,
				CD6851A91B90CB7600A810F1 /* Logger.swift in Sources */,
				CD6851AF1B90CB7600A810F1 /* SyncableArray.swift in Sources */,
				CD10C2F81B8920EE00EF9284 /* SCGIEncoder.swift in Sources */,
				CD6851B21B90CB7600A810F1 /* Synchronized.swift in Sources */,
				CD10C2F51B8920EE00EF9284 /* main.swift in Sources */,
				CDC65CC61D70BC1000B31E13 /* Result.swift in Sources */,
				CDC7E3891B9A314C00AB022E /* bencode.swift in Sources */,
				CD171F991B8F970B00014966 /* TCPConnection.swift in Sources */,
			);
			runOnlyForDeploymentPostprocessing = 0;
		};
/* End PBXSourcesBuildPhase section */

/* Begin PBXTargetDependency section */
		CD01C73D1991627100D5B8A6 /* PBXTargetDependency */ = {
			isa = PBXTargetDependency;
			target = CD01C7281991627100D5B8A6 /* Nativa */;
			targetProxy = CD01C73C1991627100D5B8A6 /* PBXContainerItemProxy */;
		};
		CD5AA85D1B97960A00517F47 /* PBXTargetDependency */ = {
			isa = PBXTargetDependency;
			name = SwiftySSH;
			targetProxy = CD5AA85C1B97960A00517F47 /* PBXContainerItemProxy */;
		};
		CD5AA8841B97974200517F47 /* PBXTargetDependency */ = {
			isa = PBXTargetDependency;
			name = Sparkle;
			targetProxy = CD5AA8831B97974200517F47 /* PBXContainerItemProxy */;
		};
		CDF3D97E199ECED5002B91C8 /* PBXTargetDependency */ = {
			isa = PBXTargetDependency;
			target = CDF3D972199ECED5002B91C8 /* NativaHelper */;
			targetProxy = CDF3D97D199ECED5002B91C8 /* PBXContainerItemProxy */;
		};
		CDF3D981199ECED5002B91C8 /* PBXTargetDependency */ = {
			isa = PBXTargetDependency;
			target = CDF3D972199ECED5002B91C8 /* NativaHelper */;
			targetProxy = CDF3D980199ECED5002B91C8 /* PBXContainerItemProxy */;
		};
		CDFADBB820C0A892006F7BBE /* PBXTargetDependency */ = {
			isa = PBXTargetDependency;
			name = SwiftySSH;
			targetProxy = CDFADBB720C0A892006F7BBE /* PBXContainerItemProxy */;
		};
/* End PBXTargetDependency section */

/* Begin XCBuildConfiguration section */
		CD01C7431991627100D5B8A6 /* Debug */ = {
			isa = XCBuildConfiguration;
			buildSettings = {
				ALWAYS_SEARCH_USER_PATHS = NO;
				CLANG_CXX_LANGUAGE_STANDARD = "gnu++0x";
				CLANG_CXX_LIBRARY = "libc++";
				CLANG_ENABLE_MODULES = YES;
				CLANG_ENABLE_OBJC_ARC = YES;
				CLANG_WARN_BOOL_CONVERSION = YES;
				CLANG_WARN_CONSTANT_CONVERSION = YES;
				CLANG_WARN_DIRECT_OBJC_ISA_USAGE = YES_ERROR;
				CLANG_WARN_EMPTY_BODY = YES;
				CLANG_WARN_ENUM_CONVERSION = YES;
				CLANG_WARN_INFINITE_RECURSION = YES;
				CLANG_WARN_INT_CONVERSION = YES;
				CLANG_WARN_OBJC_ROOT_CLASS = YES_ERROR;
				CLANG_WARN_SUSPICIOUS_MOVE = YES;
				CLANG_WARN_UNREACHABLE_CODE = YES;
				CLANG_WARN__DUPLICATE_METHOD_MATCH = YES;
				CODE_SIGN_IDENTITY = "-";
				COPY_PHASE_STRIP = NO;
				ENABLE_STRICT_OBJC_MSGSEND = YES;
				ENABLE_TESTABILITY = YES;
				GCC_C_LANGUAGE_STANDARD = gnu99;
				GCC_DYNAMIC_NO_PIC = NO;
				GCC_NO_COMMON_BLOCKS = YES;
				GCC_OPTIMIZATION_LEVEL = 0;
				GCC_PREPROCESSOR_DEFINITIONS = (
					"DEBUG=1",
					"$(inherited)",
				);
				GCC_SYMBOLS_PRIVATE_EXTERN = NO;
				GCC_WARN_64_TO_32_BIT_CONVERSION = YES;
				GCC_WARN_ABOUT_RETURN_TYPE = YES_ERROR;
				GCC_WARN_UNDECLARED_SELECTOR = YES;
				GCC_WARN_UNINITIALIZED_AUTOS = YES_AGGRESSIVE;
				GCC_WARN_UNUSED_FUNCTION = YES;
				GCC_WARN_UNUSED_VARIABLE = YES;
				MACOSX_DEPLOYMENT_TARGET = 10.11;
				MTL_ENABLE_DEBUG_INFO = YES;
				ONLY_ACTIVE_ARCH = YES;
				SDKROOT = macosx;
				SWIFT_OPTIMIZATION_LEVEL = "-Onone";
			};
			name = Debug;
		};
		CD01C7441991627100D5B8A6 /* Release */ = {
			isa = XCBuildConfiguration;
			buildSettings = {
				ALWAYS_SEARCH_USER_PATHS = NO;
				CLANG_CXX_LANGUAGE_STANDARD = "gnu++0x";
				CLANG_CXX_LIBRARY = "libc++";
				CLANG_ENABLE_MODULES = YES;
				CLANG_ENABLE_OBJC_ARC = YES;
				CLANG_WARN_BOOL_CONVERSION = YES;
				CLANG_WARN_CONSTANT_CONVERSION = YES;
				CLANG_WARN_DIRECT_OBJC_ISA_USAGE = YES_ERROR;
				CLANG_WARN_EMPTY_BODY = YES;
				CLANG_WARN_ENUM_CONVERSION = YES;
				CLANG_WARN_INFINITE_RECURSION = YES;
				CLANG_WARN_INT_CONVERSION = YES;
				CLANG_WARN_OBJC_ROOT_CLASS = YES_ERROR;
				CLANG_WARN_SUSPICIOUS_MOVE = YES;
				CLANG_WARN_UNREACHABLE_CODE = YES;
				CLANG_WARN__DUPLICATE_METHOD_MATCH = YES;
				CODE_SIGN_IDENTITY = "-";
				COPY_PHASE_STRIP = YES;
				DEBUG_INFORMATION_FORMAT = "dwarf-with-dsym";
				ENABLE_NS_ASSERTIONS = NO;
				ENABLE_STRICT_OBJC_MSGSEND = YES;
				GCC_C_LANGUAGE_STANDARD = gnu99;
				GCC_NO_COMMON_BLOCKS = YES;
				GCC_WARN_64_TO_32_BIT_CONVERSION = YES;
				GCC_WARN_ABOUT_RETURN_TYPE = YES_ERROR;
				GCC_WARN_UNDECLARED_SELECTOR = YES;
				GCC_WARN_UNINITIALIZED_AUTOS = YES_AGGRESSIVE;
				GCC_WARN_UNUSED_FUNCTION = YES;
				GCC_WARN_UNUSED_VARIABLE = YES;
				MACOSX_DEPLOYMENT_TARGET = 10.11;
				MTL_ENABLE_DEBUG_INFO = NO;
				SDKROOT = macosx;
			};
			name = Release;
		};
		CD01C7461991627100D5B8A6 /* Debug */ = {
			isa = XCBuildConfiguration;
			buildSettings = {
				ALWAYS_EMBED_SWIFT_STANDARD_LIBRARIES = YES;
				ASSETCATALOG_COMPILER_APPICON_NAME = AppIcon;
				CODE_SIGN_IDENTITY = "Developer ID Application";
				"CODE_SIGN_IDENTITY[sdk=macosx*]" = "Mac Developer";
				COMBINE_HIDPI_IMAGES = YES;
				INFOPLIST_FILE = Nativa/Info.plist;
				LD_RUNPATH_SEARCH_PATHS = "$(inherited) @executable_path/../Frameworks";
				PRODUCT_BUNDLE_IDENTIFIER = "net.aramzamzam.$(PRODUCT_NAME:rfc1034identifier)";
				PRODUCT_NAME = "$(TARGET_NAME)";
				PROVISIONING_PROFILE = "";
				SWIFT_INCLUDE_PATHS = "$(SOURCE_ROOT)/Common";
				SWIFT_VERSION = 3.0;
			};
			name = Debug;
		};
		CD01C7471991627100D5B8A6 /* Release */ = {
			isa = XCBuildConfiguration;
			buildSettings = {
				ALWAYS_EMBED_SWIFT_STANDARD_LIBRARIES = YES;
				ASSETCATALOG_COMPILER_APPICON_NAME = AppIcon;
				CODE_SIGN_IDENTITY = "Developer ID Application";
				"CODE_SIGN_IDENTITY[sdk=macosx*]" = "Mac Developer";
				COMBINE_HIDPI_IMAGES = YES;
				INFOPLIST_FILE = Nativa/Info.plist;
				LD_RUNPATH_SEARCH_PATHS = "$(inherited) @executable_path/../Frameworks";
				PRODUCT_BUNDLE_IDENTIFIER = "net.aramzamzam.$(PRODUCT_NAME:rfc1034identifier)";
				PRODUCT_NAME = "$(TARGET_NAME)";
				PROVISIONING_PROFILE = "";
				SWIFT_INCLUDE_PATHS = "$(SOURCE_ROOT)/Common";
				SWIFT_OPTIMIZATION_LEVEL = "-Owholemodule";
				SWIFT_VERSION = 3.0;
			};
			name = Release;
		};
		CD01C7491991627100D5B8A6 /* Debug */ = {
			isa = XCBuildConfiguration;
			buildSettings = {
				BUNDLE_LOADER = "$(TEST_HOST)";
				CLANG_ENABLE_MODULES = YES;
				COMBINE_HIDPI_IMAGES = YES;
				FRAMEWORK_SEARCH_PATHS = (
					"$(DEVELOPER_FRAMEWORKS_DIR)",
					"$(inherited)",
				);
				GCC_PREPROCESSOR_DEFINITIONS = (
					"DEBUG=1",
					"$(inherited)",
				);
				INFOPLIST_FILE = NativaTests/Info.plist;
				LD_RUNPATH_SEARCH_PATHS = "$(inherited) @executable_path/../Frameworks @loader_path/../Frameworks";
				PRODUCT_BUNDLE_IDENTIFIER = "net.aramzamzam.$(PRODUCT_NAME:rfc1034identifier)";
				PRODUCT_NAME = "$(TARGET_NAME)";
				SWIFT_OBJC_BRIDGING_HEADER = "NativaTests/NativaTests-Bridging-Header.h";
				SWIFT_OPTIMIZATION_LEVEL = "-Onone";
				SWIFT_VERSION = 3.0;
				TEST_HOST = "$(BUILT_PRODUCTS_DIR)/Nativa.app/Contents/MacOS/Nativa";
			};
			name = Debug;
		};
		CD01C74A1991627100D5B8A6 /* Release */ = {
			isa = XCBuildConfiguration;
			buildSettings = {
				BUNDLE_LOADER = "$(TEST_HOST)";
				CLANG_ENABLE_MODULES = YES;
				COMBINE_HIDPI_IMAGES = YES;
				FRAMEWORK_SEARCH_PATHS = (
					"$(DEVELOPER_FRAMEWORKS_DIR)",
					"$(inherited)",
				);
				INFOPLIST_FILE = NativaTests/Info.plist;
				LD_RUNPATH_SEARCH_PATHS = "$(inherited) @executable_path/../Frameworks @loader_path/../Frameworks";
				PRODUCT_BUNDLE_IDENTIFIER = "net.aramzamzam.$(PRODUCT_NAME:rfc1034identifier)";
				PRODUCT_NAME = "$(TARGET_NAME)";
				SWIFT_OBJC_BRIDGING_HEADER = "NativaTests/NativaTests-Bridging-Header.h";
				SWIFT_OPTIMIZATION_LEVEL = "-Owholemodule";
				SWIFT_VERSION = 3.0;
				TEST_HOST = "$(BUILT_PRODUCTS_DIR)/Nativa.app/Contents/MacOS/Nativa";
			};
			name = Release;
		};
		CDF3D982199ECED5002B91C8 /* Debug */ = {
			isa = XCBuildConfiguration;
			buildSettings = {
				CLANG_ENABLE_MODULES = YES;
				CODE_SIGN_IDENTITY = "Developer ID Application";
				"CODE_SIGN_IDENTITY[sdk=macosx*]" = "Mac Developer";
				COMBINE_HIDPI_IMAGES = YES;
				GCC_PREPROCESSOR_DEFINITIONS = (
					"DEBUG=1",
					"$(inherited)",
				);
				INFOPLIST_FILE = NativaHelper/Info.plist;
				LD_RUNPATH_SEARCH_PATHS = "$(inherited) @executable_path/../../../../Frameworks @loader_path/../../../../Frameworks";
				PRODUCT_BUNDLE_IDENTIFIER = net.aramzamzam.Nativa.NativaHelper;
				PRODUCT_NAME = "$(TARGET_NAME)";
				PROVISIONING_PROFILE = "";
				SKIP_INSTALL = YES;
				SWIFT_INCLUDE_PATHS = "$(SOURCE_ROOT)/Common";
				SWIFT_OBJC_BRIDGING_HEADER = "NativaHelper/NativaHelper-Bridging-Header.h";
				SWIFT_OPTIMIZATION_LEVEL = "-Onone";
				SWIFT_VERSION = 3.0;
			};
			name = Debug;
		};
		CDF3D983199ECED5002B91C8 /* Release */ = {
			isa = XCBuildConfiguration;
			buildSettings = {
				CLANG_ENABLE_MODULES = YES;
				CODE_SIGN_IDENTITY = "Developer ID Application";
				"CODE_SIGN_IDENTITY[sdk=macosx*]" = "Mac Developer";
				COMBINE_HIDPI_IMAGES = YES;
				INFOPLIST_FILE = NativaHelper/Info.plist;
				LD_RUNPATH_SEARCH_PATHS = "$(inherited) @executable_path/../../../../Frameworks @loader_path/../../../../Frameworks";
				PRODUCT_BUNDLE_IDENTIFIER = net.aramzamzam.Nativa.NativaHelper;
				PRODUCT_NAME = "$(TARGET_NAME)";
				PROVISIONING_PROFILE = "";
				SKIP_INSTALL = YES;
				SWIFT_INCLUDE_PATHS = "$(SOURCE_ROOT)/Common";
				SWIFT_OBJC_BRIDGING_HEADER = "NativaHelper/NativaHelper-Bridging-Header.h";
				SWIFT_OPTIMIZATION_LEVEL = "-Owholemodule";
				SWIFT_VERSION = 3.0;
			};
			name = Release;
		};
/* End XCBuildConfiguration section */

/* Begin XCConfigurationList section */
		CD01C7241991627100D5B8A6 /* Build configuration list for PBXProject "Nativa" */ = {
			isa = XCConfigurationList;
			buildConfigurations = (
				CD01C7431991627100D5B8A6 /* Debug */,
				CD01C7441991627100D5B8A6 /* Release */,
			);
			defaultConfigurationIsVisible = 0;
			defaultConfigurationName = Release;
		};
		CD01C7451991627100D5B8A6 /* Build configuration list for PBXNativeTarget "Nativa" */ = {
			isa = XCConfigurationList;
			buildConfigurations = (
				CD01C7461991627100D5B8A6 /* Debug */,
				CD01C7471991627100D5B8A6 /* Release */,
			);
			defaultConfigurationIsVisible = 0;
			defaultConfigurationName = Release;
		};
		CD01C7481991627100D5B8A6 /* Build configuration list for PBXNativeTarget "NativaTests" */ = {
			isa = XCConfigurationList;
			buildConfigurations = (
				CD01C7491991627100D5B8A6 /* Debug */,
				CD01C74A1991627100D5B8A6 /* Release */,
			);
			defaultConfigurationIsVisible = 0;
			defaultConfigurationName = Release;
		};
		CDF3D984199ECED5002B91C8 /* Build configuration list for PBXNativeTarget "NativaHelper" */ = {
			isa = XCConfigurationList;
			buildConfigurations = (
				CDF3D982199ECED5002B91C8 /* Debug */,
				CDF3D983199ECED5002B91C8 /* Release */,
			);
			defaultConfigurationIsVisible = 0;
			defaultConfigurationName = Release;
		};
/* End XCConfigurationList section */
	};
	rootObject = CD01C7211991627100D5B8A6 /* Project object */;
}
